{
  "version": 4,
  "terraform_version": "1.10.5",
  "serial": 568,
  "lineage": "ece58a5f-06af-43ff-8fb5-beb910f9b7fc",
  "outputs": {
    "alb_arn": {
      "value": "arn:aws:elasticloadbalancing:ap-southeast-1:160885258086:loadbalancer/app/webservers-lb/ff94218f2aa3d545",
      "type": "string"
    }
  },
  "resources": [
    {
      "module": "module.asg_group",
      "mode": "managed",
      "type": "aws_autoscaling_group",
      "name": "todoapp_asg",
      "provider": "provider[\"registry.terraform.io/hashicorp/aws\"].region-master",
      "instances": [
        {
          "schema_version": 1,
          "attributes": {
            "arn": "arn:aws:autoscaling:ap-southeast-1:160885258086:autoScalingGroup:c8138235-36d3-47f6-b833-1686743ab499:autoScalingGroupName/todoapp-asg",
            "availability_zone_distribution": [
              {
                "capacity_distribution_strategy": "balanced-best-effort"
              }
            ],
            "availability_zones": [
              "ap-southeast-1a",
              "ap-southeast-1b"
            ],
            "capacity_rebalance": false,
            "context": "",
            "default_cooldown": 300,
            "default_instance_warmup": 0,
            "desired_capacity": 2,
            "desired_capacity_type": "",
            "enabled_metrics": null,
            "force_delete": false,
            "force_delete_warm_pool": false,
            "health_check_grace_period": 300,
            "health_check_type": "EC2",
            "id": "todoapp-asg",
            "ignore_failed_scaling_activities": false,
            "initial_lifecycle_hook": [],
            "instance_maintenance_policy": [],
            "instance_refresh": [],
            "launch_configuration": "",
            "launch_template": [
              {
                "id": "lt-014019d218b596248",
                "name": "todoapp-lt",
                "version": "$Latest"
              }
            ],
            "load_balancers": [],
            "max_instance_lifetime": 0,
            "max_size": 6,
            "metrics_granularity": "1Minute",
            "min_elb_capacity": null,
            "min_size": 2,
            "mixed_instances_policy": [],
            "name": "todoapp-asg",
            "name_prefix": "",
            "placement_group": "",
            "predicted_capacity": 0,
            "protect_from_scale_in": false,
            "service_linked_role_arn": "arn:aws:iam::160885258086:role/aws-service-role/autoscaling.amazonaws.com/AWSServiceRoleForAutoScaling",
            "suspended_processes": null,
            "tag": [],
            "target_group_arns": [
              "arn:aws:elasticloadbalancing:ap-southeast-1:160885258086:targetgroup/app-lb-tg/df4747649e96c035"
            ],
            "termination_policies": null,
            "timeouts": null,
            "traffic_source": [
              {
                "identifier": "arn:aws:elasticloadbalancing:ap-southeast-1:160885258086:targetgroup/app-lb-tg/df4747649e96c035",
                "type": "elbv2"
              }
            ],
            "vpc_zone_identifier": [
              "subnet-0751f7d697502ca15",
              "subnet-0b7055b39f7e6debe"
            ],
            "wait_for_capacity_timeout": "10m",
            "wait_for_elb_capacity": null,
            "warm_pool": [],
            "warm_pool_size": 0
          },
          "sensitive_attributes": [],
          "private": "eyJlMmJmYjczMC1lY2FhLTExZTYtOGY4OC0zNDM2M2JjN2M0YzAiOnsiZGVsZXRlIjo2MDAwMDAwMDAwMDAsInVwZGF0ZSI6NjAwMDAwMDAwMDAwfSwic2NoZW1hX3ZlcnNpb24iOiIxIn0=",
          "dependencies": [
            "module.lb-target-groups.aws_lb_target_group.app-lb-tg",
            "module.lc.aws_launch_template.todoapp_lt",
            "module.region-az.data.aws_availability_zones.available",
            "module.sg_app.aws_security_group.nodejs_app_sg",
            "module.subnet_private_1.aws_subnet.subnet_public",
            "module.subnet_private_2.aws_subnet.subnet_public",
            "module.vpc-app.aws_vpc.vpc_master"
          ]
        }
      ]
    },
    {
      "module": "module.db_rds",
      "mode": "managed",
      "type": "aws_db_instance",
      "name": "mysql",
      "provider": "provider[\"registry.terraform.io/hashicorp/aws\"].region-master",
      "instances": [
        {
          "schema_version": 2,
          "attributes": {
            "address": "terraform-20250407072132303200000006.cvq6em6w07f8.ap-southeast-1.rds.amazonaws.com",
            "allocated_storage": 20,
            "allow_major_version_upgrade": null,
            "apply_immediately": false,
            "arn": "arn:aws:rds:ap-southeast-1:160885258086:db:terraform-20250407072132303200000006",
            "auto_minor_version_upgrade": true,
            "availability_zone": "ap-southeast-1b",
            "backup_retention_period": 0,
            "backup_target": "region",
            "backup_window": "14:01-14:31",
            "blue_green_update": [],
            "ca_cert_identifier": "rds-ca-rsa2048-g1",
            "character_set_name": "",
            "copy_tags_to_snapshot": false,
            "custom_iam_instance_profile": "",
            "customer_owned_ip_enabled": false,
            "database_insights_mode": "standard",
            "db_name": "task_manager",
            "db_subnet_group_name": "mysql-subnet-group",
            "dedicated_log_volume": false,
            "delete_automated_backups": true,
            "deletion_protection": false,
            "domain": "",
            "domain_auth_secret_arn": "",
            "domain_dns_ips": null,
            "domain_fqdn": "",
            "domain_iam_role_name": "",
            "domain_ou": "",
            "enabled_cloudwatch_logs_exports": null,
            "endpoint": "terraform-20250407072132303200000006.cvq6em6w07f8.ap-southeast-1.rds.amazonaws.com:3306",
            "engine": "mysql",
            "engine_lifecycle_support": "open-source-rds-extended-support",
            "engine_version": "8.0",
            "engine_version_actual": "8.0.40",
            "final_snapshot_identifier": null,
            "hosted_zone_id": "Z2G0U3KFCY8NZ5",
            "iam_database_authentication_enabled": false,
            "id": "db-3NF2CIVZ5Y2LERSZMKGWJFL7YU",
            "identifier": "terraform-20250407072132303200000006",
            "identifier_prefix": "terraform-",
            "instance_class": "db.t3.micro",
            "iops": 0,
            "kms_key_id": "",
            "latest_restorable_time": "",
            "license_model": "general-public-license",
            "listener_endpoint": [],
            "maintenance_window": "wed:20:44-wed:21:14",
            "manage_master_user_password": null,
            "master_user_secret": [],
            "master_user_secret_kms_key_id": null,
            "max_allocated_storage": 100,
            "monitoring_interval": 0,
            "monitoring_role_arn": "",
            "multi_az": false,
            "nchar_character_set_name": "",
            "network_type": "IPV4",
            "option_group_name": "default:mysql-8-0",
            "parameter_group_name": "default.mysql8.0",
            "password": "MySecurePassw0rd123!",
            "password_wo": null,
            "password_wo_version": null,
            "performance_insights_enabled": false,
            "performance_insights_kms_key_id": "",
            "performance_insights_retention_period": 0,
            "port": 3306,
            "publicly_accessible": true,
            "replica_mode": "",
            "replicas": [],
            "replicate_source_db": "",
            "resource_id": "db-3NF2CIVZ5Y2LERSZMKGWJFL7YU",
            "restore_to_point_in_time": [],
            "s3_import": [],
            "skip_final_snapshot": true,
            "snapshot_identifier": null,
            "status": "available",
            "storage_encrypted": false,
            "storage_throughput": 0,
            "storage_type": "gp2",
            "tags": {
              "Name": "mysql-instance"
            },
            "tags_all": {
              "Name": "mysql-instance"
            },
            "timeouts": null,
            "timezone": "",
            "upgrade_storage_config": null,
            "username": "admin",
            "vpc_security_group_ids": [
              "sg-0f60bdd4506997709"
            ]
          },
          "sensitive_attributes": [
            [
              {
                "type": "get_attr",
                "value": "password"
              }
            ],
            [
              {
                "type": "get_attr",
                "value": "password_wo"
              }
            ],
            [
              {
                "type": "get_attr",
                "value": "username"
              }
            ],
            [
              {
                "type": "get_attr",
                "value": "db_name"
              }
            ]
          ],
          "private": "eyJlMmJmYjczMC1lY2FhLTExZTYtOGY4OC0zNDM2M2JjN2M0YzAiOnsiY3JlYXRlIjozMDAwMDAwMDAwMDAwLCJkZWxldGUiOjM2MDAwMDAwMDAwMDAsInVwZGF0ZSI6NDgwMDAwMDAwMDAwMH0sInNjaGVtYV92ZXJzaW9uIjoiMiJ9",
          "dependencies": [
            "module.db_subnet_group.aws_db_subnet_group.main",
            "module.region-az.data.aws_availability_zones.available",
            "module.sg-db-rds.aws_security_group.rds_sg",
            "module.subnet_private_3.aws_subnet.subnet_public",
            "module.subnet_private_4.aws_subnet.subnet_public",
            "module.vpc-app.aws_vpc.vpc_master"
          ]
        }
      ]
    },
    {
      "module": "module.db_rds",
      "mode": "managed",
      "type": "null_resource",
      "name": "init_db",
      "provider": "provider[\"registry.terraform.io/hashicorp/null\"]",
      "instances": [
        {
          "schema_version": 0,
          "attributes": {
            "id": "1100666274",
            "triggers": null
          },
          "sensitive_attributes": [],
          "dependencies": [
            "module.db_rds.aws_db_instance.mysql",
            "module.db_subnet_group.aws_db_subnet_group.main",
            "module.region-az.data.aws_availability_zones.available",
            "module.sg-db-rds.aws_security_group.rds_sg",
            "module.subnet_private_3.aws_subnet.subnet_public",
            "module.subnet_private_4.aws_subnet.subnet_public",
            "module.vpc-app.aws_vpc.vpc_master"
          ]
        }
      ]
    },
    {
      "module": "module.db_secret",
      "mode": "managed",
      "type": "aws_secretsmanager_secret",
      "name": "db_secret",
      "provider": "provider[\"registry.terraform.io/hashicorp/aws\"].region-master",
      "instances": [
        {
          "schema_version": 0,
          "attributes": {
            "arn": "arn:aws:secretsmanager:ap-southeast-1:160885258086:secret:db_mysql_lab01_hcmus-G7gr5m",
            "description": "MySQL database credentials",
            "force_overwrite_replica_secret": false,
            "id": "arn:aws:secretsmanager:ap-southeast-1:160885258086:secret:db_mysql_lab01_hcmus-G7gr5m",
            "kms_key_id": "",
            "name": "db_mysql_lab01_hcmus",
            "name_prefix": "",
            "policy": "",
            "recovery_window_in_days": 30,
            "replica": [],
            "tags": {
              "Name": "mysql-db-secret"
            },
            "tags_all": {
              "Name": "mysql-db-secret"
            }
          },
          "sensitive_attributes": [
            [
              {
                "type": "get_attr",
                "value": "name"
              }
            ]
          ],
          "private": "bnVsbA==",
          "dependencies": [
            "module.db_rds.aws_db_instance.mysql",
            "module.db_rds.null_resource.init_db",
            "module.db_subnet_group.aws_db_subnet_group.main",
            "module.region-az.data.aws_availability_zones.available",
            "module.sg-db-rds.aws_security_group.rds_sg",
            "module.subnet_private_3.aws_subnet.subnet_public",
            "module.subnet_private_4.aws_subnet.subnet_public",
            "module.vpc-app.aws_vpc.vpc_master"
          ]
        }
      ]
    },
    {
      "module": "module.db_secret",
      "mode": "managed",
      "type": "aws_secretsmanager_secret_version",
      "name": "db_secret_version",
      "provider": "provider[\"registry.terraform.io/hashicorp/aws\"].region-master",
      "instances": [
        {
          "schema_version": 0,
          "attributes": {
            "arn": "arn:aws:secretsmanager:ap-southeast-1:160885258086:secret:db_mysql_lab01_hcmus-G7gr5m",
            "has_secret_string_wo": null,
            "id": "arn:aws:secretsmanager:ap-southeast-1:160885258086:secret:db_mysql_lab01_hcmus-G7gr5m|terraform-2025040707251665720000000a",
            "secret_binary": "",
            "secret_id": "arn:aws:secretsmanager:ap-southeast-1:160885258086:secret:db_mysql_lab01_hcmus-G7gr5m",
            "secret_string": "{\"db_name\":\"task_manager\",\"host\":\"terraform-20250407072132303200000006.cvq6em6w07f8.ap-southeast-1.rds.amazonaws.com\",\"password\":\"MySecurePassw0rd123!\",\"port\":\"3306\",\"username\":\"admin\"}",
            "secret_string_wo": null,
            "secret_string_wo_version": null,
            "version_id": "terraform-2025040707251665720000000a",
            "version_stages": [
              "AWSCURRENT"
            ]
          },
          "sensitive_attributes": [
            [
              {
                "type": "get_attr",
                "value": "secret_string_wo"
              }
            ],
            [
              {
                "type": "get_attr",
                "value": "secret_binary"
              }
            ],
            [
              {
                "type": "get_attr",
                "value": "secret_string"
              }
            ]
          ],
          "private": "bnVsbA==",
          "dependencies": [
            "module.db_rds.aws_db_instance.mysql",
            "module.db_rds.null_resource.init_db",
            "module.db_secret.aws_secretsmanager_secret.db_secret",
            "module.db_subnet_group.aws_db_subnet_group.main",
            "module.region-az.data.aws_availability_zones.available",
            "module.sg-db-rds.aws_security_group.rds_sg",
            "module.subnet_private_3.aws_subnet.subnet_public",
            "module.subnet_private_4.aws_subnet.subnet_public",
            "module.vpc-app.aws_vpc.vpc_master"
          ]
        }
      ]
    },
    {
      "module": "module.db_subnet_group",
      "mode": "managed",
      "type": "aws_db_subnet_group",
      "name": "main",
      "provider": "provider[\"registry.terraform.io/hashicorp/aws\"].region-master",
      "instances": [
        {
          "schema_version": 0,
          "attributes": {
            "arn": "arn:aws:rds:ap-southeast-1:160885258086:subgrp:mysql-subnet-group",
            "description": "Managed by Terraform",
            "id": "mysql-subnet-group",
            "name": "mysql-subnet-group",
            "name_prefix": "",
            "subnet_ids": [
              "subnet-078febca9f994aa4a",
              "subnet-0be329637bb7e2b16"
            ],
            "supported_network_types": [
              "IPV4"
            ],
            "tags": {
              "Name": "mysql-subnet-group"
            },
            "tags_all": {
              "Name": "mysql-subnet-group"
            },
            "vpc_id": "vpc-0035df1b741aa2332"
          },
          "sensitive_attributes": [],
          "private": "bnVsbA==",
          "dependencies": [
            "module.region-az.data.aws_availability_zones.available",
            "module.subnet_private_3.aws_subnet.subnet_public",
            "module.subnet_private_4.aws_subnet.subnet_public",
            "module.vpc-app.aws_vpc.vpc_master"
          ]
        }
      ]
    },
    {
      "module": "module.eip_ngw_1",
      "mode": "managed",
      "type": "aws_eip",
      "name": "nat_eip_a",
      "provider": "provider[\"registry.terraform.io/hashicorp/aws\"].region-master",
      "instances": [
        {
          "schema_version": 0,
          "attributes": {
            "address": null,
            "allocation_id": "eipalloc-0b81076e38a9bf982",
            "arn": "arn:aws:ec2:ap-southeast-1:160885258086:elastic-ip/eipalloc-0b81076e38a9bf982",
            "associate_with_private_ip": null,
            "association_id": "",
            "carrier_ip": "",
            "customer_owned_ip": "",
            "customer_owned_ipv4_pool": "",
            "domain": "vpc",
            "id": "eipalloc-0b81076e38a9bf982",
            "instance": "",
            "ipam_pool_id": null,
            "network_border_group": "ap-southeast-1",
            "network_interface": "",
            "private_dns": null,
            "private_ip": "",
            "ptr_record": "",
            "public_dns": "ec2-54-169-239-12.ap-southeast-1.compute.amazonaws.com",
            "public_ip": "54.169.239.12",
            "public_ipv4_pool": "amazon",
            "tags": {
              "Name": "eip_ngw_1"
            },
            "tags_all": {
              "Name": "eip_ngw_1"
            },
            "timeouts": null,
            "vpc": true
          },
          "sensitive_attributes": [],
          "private": "eyJlMmJmYjczMC1lY2FhLTExZTYtOGY4OC0zNDM2M2JjN2M0YzAiOnsiZGVsZXRlIjoxODAwMDAwMDAwMDAsInJlYWQiOjkwMDAwMDAwMDAwMCwidXBkYXRlIjozMDAwMDAwMDAwMDB9fQ=="
        }
      ]
    },
    {
      "module": "module.eip_ngw_2",
      "mode": "managed",
      "type": "aws_eip",
      "name": "nat_eip_a",
      "provider": "provider[\"registry.terraform.io/hashicorp/aws\"].region-master",
      "instances": [
        {
          "schema_version": 0,
          "attributes": {
            "address": null,
            "allocation_id": "eipalloc-0ba480c94d1d6fd93",
            "arn": "arn:aws:ec2:ap-southeast-1:160885258086:elastic-ip/eipalloc-0ba480c94d1d6fd93",
            "associate_with_private_ip": null,
            "association_id": "",
            "carrier_ip": "",
            "customer_owned_ip": "",
            "customer_owned_ipv4_pool": "",
            "domain": "vpc",
            "id": "eipalloc-0ba480c94d1d6fd93",
            "instance": "",
            "ipam_pool_id": null,
            "network_border_group": "ap-southeast-1",
            "network_interface": "",
            "private_dns": null,
            "private_ip": "",
            "ptr_record": "",
            "public_dns": "ec2-18-139-59-91.ap-southeast-1.compute.amazonaws.com",
            "public_ip": "18.139.59.91",
            "public_ipv4_pool": "amazon",
            "tags": {
              "Name": "eip_ngw_2"
            },
            "tags_all": {
              "Name": "eip_ngw_2"
            },
            "timeouts": null,
            "vpc": true
          },
          "sensitive_attributes": [],
          "private": "eyJlMmJmYjczMC1lY2FhLTExZTYtOGY4OC0zNDM2M2JjN2M0YzAiOnsiZGVsZXRlIjoxODAwMDAwMDAwMDAsInJlYWQiOjkwMDAwMDAwMDAwMCwidXBkYXRlIjozMDAwMDAwMDAwMDB9fQ=="
        }
      ]
    },
    {
      "module": "module.igw",
      "mode": "managed",
      "type": "aws_internet_gateway",
      "name": "igw",
      "provider": "provider[\"registry.terraform.io/hashicorp/aws\"].region-master",
      "instances": [
        {
          "schema_version": 0,
          "attributes": {
            "arn": "arn:aws:ec2:ap-southeast-1:160885258086:internet-gateway/igw-013e8065b6938180a",
            "id": "igw-013e8065b6938180a",
            "owner_id": "160885258086",
            "tags": {
              "Name": "igw-vpc-lab01"
            },
            "tags_all": {
              "Name": "igw-vpc-lab01"
            },
            "timeouts": null,
            "vpc_id": "vpc-0035df1b741aa2332"
          },
          "sensitive_attributes": [],
          "private": "eyJlMmJmYjczMC1lY2FhLTExZTYtOGY4OC0zNDM2M2JjN2M0YzAiOnsiY3JlYXRlIjoxMjAwMDAwMDAwMDAwLCJkZWxldGUiOjEyMDAwMDAwMDAwMDAsInVwZGF0ZSI6MTIwMDAwMDAwMDAwMH19",
          "dependencies": [
            "module.vpc-app.aws_vpc.vpc_master"
          ]
        }
      ]
    },
    {
      "module": "module.lb",
      "mode": "managed",
      "type": "aws_lb",
      "name": "application-lb",
      "provider": "provider[\"registry.terraform.io/hashicorp/aws\"].region-master",
      "instances": [
        {
          "schema_version": 0,
          "attributes": {
            "access_logs": [
              {
                "bucket": "",
                "enabled": false,
                "prefix": ""
              }
            ],
            "arn": "arn:aws:elasticloadbalancing:ap-southeast-1:160885258086:loadbalancer/app/webservers-lb/ff94218f2aa3d545",
            "arn_suffix": "app/webservers-lb/ff94218f2aa3d545",
            "client_keep_alive": 3600,
            "connection_logs": [
              {
                "bucket": "",
                "enabled": false,
                "prefix": ""
              }
            ],
            "customer_owned_ipv4_pool": "",
            "desync_mitigation_mode": "defensive",
            "dns_name": "webservers-lb-189243338.ap-southeast-1.elb.amazonaws.com",
            "dns_record_client_routing_policy": null,
            "drop_invalid_header_fields": false,
            "enable_cross_zone_load_balancing": true,
            "enable_deletion_protection": false,
            "enable_http2": true,
            "enable_tls_version_and_cipher_suite_headers": false,
            "enable_waf_fail_open": false,
            "enable_xff_client_port": false,
            "enable_zonal_shift": false,
            "enforce_security_group_inbound_rules_on_private_link_traffic": "",
            "id": "arn:aws:elasticloadbalancing:ap-southeast-1:160885258086:loadbalancer/app/webservers-lb/ff94218f2aa3d545",
            "idle_timeout": 60,
            "internal": false,
            "ip_address_type": "ipv4",
            "ipam_pools": [],
            "load_balancer_type": "application",
            "name": "webservers-lb",
            "name_prefix": "",
            "preserve_host_header": false,
            "security_groups": [
              "sg-008f429e1115aa3e0"
            ],
            "subnet_mapping": [
              {
                "allocation_id": "",
                "ipv6_address": "",
                "outpost_id": "",
                "private_ipv4_address": "",
                "subnet_id": "subnet-0338ba6dad64a876d"
              },
              {
                "allocation_id": "",
                "ipv6_address": "",
                "outpost_id": "",
                "private_ipv4_address": "",
                "subnet_id": "subnet-03a64f2989ebc9394"
              }
            ],
            "subnets": [
              "subnet-0338ba6dad64a876d",
              "subnet-03a64f2989ebc9394"
            ],
            "tags": {
              "Name": "Webservers-LB"
            },
            "tags_all": {
              "Name": "Webservers-LB"
            },
            "timeouts": null,
            "vpc_id": "vpc-0035df1b741aa2332",
            "xff_header_processing_mode": "append",
            "zone_id": "Z1LMS91P8CMLE5"
          },
          "sensitive_attributes": [],
          "private": "eyJlMmJmYjczMC1lY2FhLTExZTYtOGY4OC0zNDM2M2JjN2M0YzAiOnsiY3JlYXRlIjo2MDAwMDAwMDAwMDAsImRlbGV0ZSI6NjAwMDAwMDAwMDAwLCJ1cGRhdGUiOjYwMDAwMDAwMDAwMH19",
          "dependencies": [
            "module.region-az.data.aws_availability_zones.available",
            "module.sg-lb.aws_security_group.lb-sg",
            "module.subnet_public_1.aws_subnet.subnet_public",
            "module.subnet_public_2.aws_subnet.subnet_public",
            "module.vpc-app.aws_vpc.vpc_master"
          ]
        }
      ]
    },
    {
      "module": "module.lb-listener",
      "mode": "managed",
      "type": "aws_lb_listener",
      "name": "lb-http-listener",
      "provider": "provider[\"registry.terraform.io/hashicorp/aws\"].region-master",
      "instances": [
        {
          "schema_version": 0,
          "attributes": {
            "alpn_policy": null,
            "arn": "arn:aws:elasticloadbalancing:ap-southeast-1:160885258086:listener/app/webservers-lb/ff94218f2aa3d545/1bd61c045735db6d",
            "certificate_arn": null,
            "default_action": [
              {
                "authenticate_cognito": [],
                "authenticate_oidc": [],
                "fixed_response": [],
                "forward": [],
                "order": 1,
                "redirect": [
                  {
                    "host": "#{host}",
                    "path": "/#{path}",
                    "port": "443",
                    "protocol": "HTTPS",
                    "query": "#{query}",
                    "status_code": "HTTP_301"
                  }
                ],
                "target_group_arn": "",
                "type": "redirect"
              }
            ],
            "id": "arn:aws:elasticloadbalancing:ap-southeast-1:160885258086:listener/app/webservers-lb/ff94218f2aa3d545/1bd61c045735db6d",
            "load_balancer_arn": "arn:aws:elasticloadbalancing:ap-southeast-1:160885258086:loadbalancer/app/webservers-lb/ff94218f2aa3d545",
            "mutual_authentication": [],
            "port": 80,
            "protocol": "HTTP",
            "routing_http_request_x_amzn_mtls_clientcert_header_name": null,
            "routing_http_request_x_amzn_mtls_clientcert_issuer_header_name": null,
            "routing_http_request_x_amzn_mtls_clientcert_leaf_header_name": null,
            "routing_http_request_x_amzn_mtls_clientcert_serial_number_header_name": null,
            "routing_http_request_x_amzn_mtls_clientcert_subject_header_name": null,
            "routing_http_request_x_amzn_mtls_clientcert_validity_header_name": null,
            "routing_http_request_x_amzn_tls_cipher_suite_header_name": null,
            "routing_http_request_x_amzn_tls_version_header_name": null,
            "routing_http_response_access_control_allow_credentials_header_value": "",
            "routing_http_response_access_control_allow_headers_header_value": "",
            "routing_http_response_access_control_allow_methods_header_value": "",
            "routing_http_response_access_control_allow_origin_header_value": "",
            "routing_http_response_access_control_expose_headers_header_value": "",
            "routing_http_response_access_control_max_age_header_value": "",
            "routing_http_response_content_security_policy_header_value": "",
            "routing_http_response_server_enabled": false,
            "routing_http_response_strict_transport_security_header_value": "",
            "routing_http_response_x_content_type_options_header_value": "",
            "routing_http_response_x_frame_options_header_value": "",
            "ssl_policy": "",
            "tags": null,
            "tags_all": {},
            "tcp_idle_timeout_seconds": null,
            "timeouts": null
          },
          "sensitive_attributes": [],
          "private": "eyJlMmJmYjczMC1lY2FhLTExZTYtOGY4OC0zNDM2M2JjN2M0YzAiOnsiY3JlYXRlIjozMDAwMDAwMDAwMDAsInVwZGF0ZSI6MzAwMDAwMDAwMDAwfX0=",
          "dependencies": [
            "module.lb.aws_lb.application-lb",
            "module.region-az.data.aws_availability_zones.available",
            "module.sg-lb.aws_security_group.lb-sg",
            "module.subnet_public_1.aws_subnet.subnet_public",
            "module.subnet_public_2.aws_subnet.subnet_public",
            "module.vpc-app.aws_vpc.vpc_master"
          ]
        }
      ]
    },
    {
      "module": "module.lb-listener",
      "mode": "managed",
      "type": "aws_lb_listener",
      "name": "lb-https-listener",
      "provider": "provider[\"registry.terraform.io/hashicorp/aws\"].region-master",
      "instances": [
        {
          "schema_version": 0,
          "attributes": {
            "alpn_policy": null,
            "arn": "arn:aws:elasticloadbalancing:ap-southeast-1:160885258086:listener/app/webservers-lb/ff94218f2aa3d545/469a1d424d30d123",
            "certificate_arn": "arn:aws:acm:ap-southeast-1:160885258086:certificate/f10fdbf3-6f6e-4c8e-9b55-f56d65b9cfd6",
            "default_action": [
              {
                "authenticate_cognito": [],
                "authenticate_oidc": [],
                "fixed_response": [],
                "forward": [],
                "order": 1,
                "redirect": [],
                "target_group_arn": "arn:aws:elasticloadbalancing:ap-southeast-1:160885258086:targetgroup/app-lb-tg/df4747649e96c035",
                "type": "forward"
              }
            ],
            "id": "arn:aws:elasticloadbalancing:ap-southeast-1:160885258086:listener/app/webservers-lb/ff94218f2aa3d545/469a1d424d30d123",
            "load_balancer_arn": "arn:aws:elasticloadbalancing:ap-southeast-1:160885258086:loadbalancer/app/webservers-lb/ff94218f2aa3d545",
            "mutual_authentication": [
              {
                "advertise_trust_store_ca_names": "",
                "ignore_client_certificate_expiry": false,
                "mode": "off",
                "trust_store_arn": ""
              }
            ],
            "port": 443,
            "protocol": "HTTPS",
            "routing_http_request_x_amzn_mtls_clientcert_header_name": "",
            "routing_http_request_x_amzn_mtls_clientcert_issuer_header_name": "",
            "routing_http_request_x_amzn_mtls_clientcert_leaf_header_name": "",
            "routing_http_request_x_amzn_mtls_clientcert_serial_number_header_name": "",
            "routing_http_request_x_amzn_mtls_clientcert_subject_header_name": "",
            "routing_http_request_x_amzn_mtls_clientcert_validity_header_name": "",
            "routing_http_request_x_amzn_tls_cipher_suite_header_name": "",
            "routing_http_request_x_amzn_tls_version_header_name": "",
            "routing_http_response_access_control_allow_credentials_header_value": "",
            "routing_http_response_access_control_allow_headers_header_value": "",
            "routing_http_response_access_control_allow_methods_header_value": "",
            "routing_http_response_access_control_allow_origin_header_value": "",
            "routing_http_response_access_control_expose_headers_header_value": "",
            "routing_http_response_access_control_max_age_header_value": "",
            "routing_http_response_content_security_policy_header_value": "",
            "routing_http_response_server_enabled": false,
            "routing_http_response_strict_transport_security_header_value": "",
            "routing_http_response_x_content_type_options_header_value": "",
            "routing_http_response_x_frame_options_header_value": "",
            "ssl_policy": "ELBSecurityPolicy-2016-08",
            "tags": null,
            "tags_all": {},
            "tcp_idle_timeout_seconds": null,
            "timeouts": null
          },
          "sensitive_attributes": [],
          "private": "eyJlMmJmYjczMC1lY2FhLTExZTYtOGY4OC0zNDM2M2JjN2M0YzAiOnsiY3JlYXRlIjozMDAwMDAwMDAwMDAsInVwZGF0ZSI6MzAwMDAwMDAwMDAwfX0=",
          "dependencies": [
            "module.lb-target-groups.aws_lb_target_group.app-lb-tg",
            "module.lb.aws_lb.application-lb",
            "module.region-az.data.aws_availability_zones.available",
            "module.route53-acm.aws_acm_certificate.aws-ssl-cert",
            "module.route53-acm.data.aws_route53_zone.dns",
            "module.sg-lb.aws_security_group.lb-sg",
            "module.subnet_public_1.aws_subnet.subnet_public",
            "module.subnet_public_2.aws_subnet.subnet_public",
            "module.vpc-app.aws_vpc.vpc_master"
          ]
        }
      ]
    },
    {
      "module": "module.lb-target-groups",
      "mode": "managed",
      "type": "aws_lb_target_group",
      "name": "app-lb-tg",
      "provider": "provider[\"registry.terraform.io/hashicorp/aws\"].region-master",
      "instances": [
        {
          "schema_version": 0,
          "attributes": {
            "arn": "arn:aws:elasticloadbalancing:ap-southeast-1:160885258086:targetgroup/app-lb-tg/df4747649e96c035",
            "arn_suffix": "targetgroup/app-lb-tg/df4747649e96c035",
            "connection_termination": null,
            "deregistration_delay": "300",
            "health_check": [
              {
                "enabled": true,
                "healthy_threshold": 3,
                "interval": 10,
                "matcher": "200-399",
                "path": "/tasks",
                "port": "5000",
                "protocol": "HTTP",
                "timeout": 5,
                "unhealthy_threshold": 3
              }
            ],
            "id": "arn:aws:elasticloadbalancing:ap-southeast-1:160885258086:targetgroup/app-lb-tg/df4747649e96c035",
            "ip_address_type": "ipv4",
            "lambda_multi_value_headers_enabled": false,
            "load_balancer_arns": [],
            "load_balancing_algorithm_type": "round_robin",
            "load_balancing_anomaly_mitigation": "off",
            "load_balancing_cross_zone_enabled": "use_load_balancer_configuration",
            "name": "app-lb-tg",
            "name_prefix": "",
            "port": 80,
            "preserve_client_ip": null,
            "protocol": "HTTP",
            "protocol_version": "HTTP1",
            "proxy_protocol_v2": false,
            "slow_start": 0,
            "stickiness": [
              {
                "cookie_duration": 86400,
                "cookie_name": "",
                "enabled": false,
                "type": "lb_cookie"
              }
            ],
            "tags": {
              "Name": "webserver-target-group"
            },
            "tags_all": {
              "Name": "webserver-target-group"
            },
            "target_failover": [
              {
                "on_deregistration": null,
                "on_unhealthy": null
              }
            ],
            "target_group_health": [
              {
                "dns_failover": [
                  {
                    "minimum_healthy_targets_count": "1",
                    "minimum_healthy_targets_percentage": "off"
                  }
                ],
                "unhealthy_state_routing": [
                  {
                    "minimum_healthy_targets_count": 1,
                    "minimum_healthy_targets_percentage": "off"
                  }
                ]
              }
            ],
            "target_health_state": [
              {
                "enable_unhealthy_connection_termination": null,
                "unhealthy_draining_interval": null
              }
            ],
            "target_type": "instance",
            "vpc_id": "vpc-0035df1b741aa2332"
          },
          "sensitive_attributes": [],
          "private": "bnVsbA==",
          "dependencies": [
            "module.vpc-app.aws_vpc.vpc_master"
          ]
        }
      ]
    },
    {
      "module": "module.lc",
      "mode": "managed",
      "type": "aws_launch_template",
      "name": "todoapp_lt",
      "provider": "provider[\"registry.terraform.io/hashicorp/aws\"].region-master",
      "instances": [
        {
          "schema_version": 0,
          "attributes": {
            "arn": "arn:aws:ec2:ap-southeast-1:160885258086:launch-template/lt-014019d218b596248",
            "block_device_mappings": [],
            "capacity_reservation_specification": [],
            "cpu_options": [],
            "credit_specification": [],
            "default_version": 1,
            "description": "",
            "disable_api_stop": false,
            "disable_api_termination": false,
            "ebs_optimized": "",
            "elastic_gpu_specifications": [],
            "elastic_inference_accelerator": [],
            "enclave_options": [],
            "hibernation_options": [],
            "iam_instance_profile": [],
            "id": "lt-014019d218b596248",
            "image_id": "ami-0c1907b6d738188e5",
            "instance_initiated_shutdown_behavior": "",
            "instance_market_options": [],
            "instance_requirements": [],
            "instance_type": "t3.small",
            "kernel_id": "",
            "key_name": "",
            "latest_version": 1,
            "license_specification": [],
            "maintenance_options": [],
            "metadata_options": [],
            "monitoring": [],
            "name": "todoapp-lt",
            "name_prefix": "",
            "network_interfaces": [],
            "placement": [],
            "private_dns_name_options": [],
            "ram_disk_id": "",
            "security_group_names": null,
            "tag_specifications": [
              {
                "resource_type": "instance",
                "tags": {
                  "Name": "todoapp-instance"
                }
              }
            ],
            "tags": null,
            "tags_all": {},
            "update_default_version": null,
            "user_data": "IyEvYmluL2Jhc2gKYXB0LWdldCB1cGRhdGUgLXkKYXB0LWdldCBpbnN0YWxsIC15IGN1cmwganEgYXdzY2xpIGdpdAoKY2QgL2hvbWUvdWJ1bnR1CmdpdCBjbG9uZSBodHRwczovL2dpdGh1Yi5jb20vS2hhY1RoaWVuODgvQ2xvdWRIQ01VU19MYWIwMV9CRSBhcHAKY2QgYXBwCgpQQVJBTV9KU09OPSQoYXdzIHNzbSBnZXQtcGFyYW1ldGVyIC0tbmFtZSAiL2NyZWRlbnRpYWwtbG9naW4iIC0td2l0aC1kZWNyeXB0aW9uIC0tcXVlcnkgIlBhcmFtZXRlci5WYWx1ZSIgLS1vdXRwdXQgdGV4dCkKCmVjaG8gIiRQQVJBTV9KU09OIiB8IGpxIC1yICd0b19lbnRyaWVzW10gfCAiXCgua2V5KT1cKC52YWx1ZSkiJyA+IC9ob21lL3VidW50dS9hcHAvLmVudgpjaG93biB1YnVudHU6dWJ1bnR1IC9ob21lL3VidW50dS9hcHAvLmVudgpjaG1vZCA2MDAgL2hvbWUvdWJ1bnR1L2FwcC8uZW52CgpjdXJsIC1mc1NMIGh0dHBzOi8vZGViLm5vZGVzb3VyY2UuY29tL3NldHVwXzE4LnggfCBiYXNoIC0KYXB0LWdldCBpbnN0YWxsIC15IG5vZGVqcwoKbnBtIGluc3RhbGwgLWcgcG0yCm5wbSBpbnN0YWxsCnBtMiBzdGFydCBzZXJ2ZXIuanMgLS1uYW1lICJteS1ub2RlLWFwcCIKcG0yIHN0YXJ0dXAgc3lzdGVtZCAtdSB1YnVudHUgLS1ocCAvaG9tZS91YnVudHUKcG0yIHNhdmUK",
            "vpc_security_group_ids": [
              "sg-04784d0514920f192"
            ]
          },
          "sensitive_attributes": [],
          "private": "bnVsbA==",
          "dependencies": [
            "module.sg_app.aws_security_group.nodejs_app_sg",
            "module.vpc-app.aws_vpc.vpc_master"
          ]
        }
      ]
    },
    {
      "module": "module.natgw_az_1",
      "mode": "managed",
      "type": "aws_nat_gateway",
      "name": "nat_gw",
      "provider": "provider[\"registry.terraform.io/hashicorp/aws\"].region-master",
      "instances": [
        {
          "schema_version": 0,
          "attributes": {
            "allocation_id": "eipalloc-0b81076e38a9bf982",
            "association_id": "eipassoc-0f53abd50e75a14e3",
            "connectivity_type": "public",
            "id": "nat-087c1d12c6872cc72",
            "network_interface_id": "eni-0350bb3b187eab7b3",
            "private_ip": "10.0.0.95",
            "public_ip": "54.169.239.12",
            "secondary_allocation_ids": null,
            "secondary_private_ip_address_count": 0,
            "secondary_private_ip_addresses": [],
            "subnet_id": "subnet-03a64f2989ebc9394",
            "tags": {
              "Name": "ngw_az_1"
            },
            "tags_all": {
              "Name": "ngw_az_1"
            },
            "timeouts": null
          },
          "sensitive_attributes": [],
          "private": "eyJlMmJmYjczMC1lY2FhLTExZTYtOGY4OC0zNDM2M2JjN2M0YzAiOnsiY3JlYXRlIjo2MDAwMDAwMDAwMDAsImRlbGV0ZSI6MTgwMDAwMDAwMDAwMCwidXBkYXRlIjo2MDAwMDAwMDAwMDB9fQ==",
          "dependencies": [
            "module.eip_ngw_1.aws_eip.nat_eip_a",
            "module.igw.aws_internet_gateway.igw",
            "module.region-az.data.aws_availability_zones.available",
            "module.subnet_public_1.aws_subnet.subnet_public",
            "module.vpc-app.aws_vpc.vpc_master"
          ]
        }
      ]
    },
    {
      "module": "module.natgw_az_2",
      "mode": "managed",
      "type": "aws_nat_gateway",
      "name": "nat_gw",
      "provider": "provider[\"registry.terraform.io/hashicorp/aws\"].region-master",
      "instances": [
        {
          "schema_version": 0,
          "attributes": {
            "allocation_id": "eipalloc-0ba480c94d1d6fd93",
            "association_id": "eipassoc-04975d33e8e6c870e",
            "connectivity_type": "public",
            "id": "nat-005237814e40bffa3",
            "network_interface_id": "eni-0fe3b456a3758c94e",
            "private_ip": "10.0.1.211",
            "public_ip": "18.139.59.91",
            "secondary_allocation_ids": null,
            "secondary_private_ip_address_count": 0,
            "secondary_private_ip_addresses": [],
            "subnet_id": "subnet-0338ba6dad64a876d",
            "tags": {
              "Name": "ngw_az_2"
            },
            "tags_all": {
              "Name": "ngw_az_2"
            },
            "timeouts": null
          },
          "sensitive_attributes": [],
          "private": "eyJlMmJmYjczMC1lY2FhLTExZTYtOGY4OC0zNDM2M2JjN2M0YzAiOnsiY3JlYXRlIjo2MDAwMDAwMDAwMDAsImRlbGV0ZSI6MTgwMDAwMDAwMDAwMCwidXBkYXRlIjo2MDAwMDAwMDAwMDB9fQ==",
          "dependencies": [
            "module.eip_ngw_2.aws_eip.nat_eip_a",
            "module.igw.aws_internet_gateway.igw",
            "module.region-az.data.aws_availability_zones.available",
            "module.subnet_public_2.aws_subnet.subnet_public",
            "module.vpc-app.aws_vpc.vpc_master"
          ]
        }
      ]
    },
    {
      "module": "module.policy_scale",
      "mode": "managed",
      "type": "aws_autoscaling_policy",
      "name": "scale_down_policy",
      "provider": "provider[\"registry.terraform.io/hashicorp/aws\"].region-master",
      "instances": [
        {
          "schema_version": 0,
          "attributes": {
            "adjustment_type": "",
            "arn": "arn:aws:autoscaling:ap-southeast-1:160885258086:scalingPolicy:170a2a39-3a2e-467d-af74-72bcfc558304:autoScalingGroupName/todoapp-asg:policyName/scale-down-policy",
            "autoscaling_group_name": "todoapp-asg",
            "cooldown": 0,
            "enabled": true,
            "estimated_instance_warmup": 0,
            "id": "scale-down-policy",
            "metric_aggregation_type": "",
            "min_adjustment_magnitude": 0,
            "name": "scale-down-policy",
            "policy_type": "TargetTrackingScaling",
            "predictive_scaling_configuration": [],
            "scaling_adjustment": 0,
            "step_adjustment": [],
            "target_tracking_configuration": [
              {
                "customized_metric_specification": [],
                "disable_scale_in": false,
                "predefined_metric_specification": [
                  {
                    "predefined_metric_type": "ASGAverageCPUUtilization",
                    "resource_label": ""
                  }
                ],
                "target_value": 30
              }
            ]
          },
          "sensitive_attributes": [],
          "private": "bnVsbA==",
          "dependencies": [
            "module.asg_group.aws_autoscaling_group.todoapp_asg",
            "module.lb-target-groups.aws_lb_target_group.app-lb-tg",
            "module.lc.aws_launch_template.todoapp_lt",
            "module.region-az.data.aws_availability_zones.available",
            "module.sg_app.aws_security_group.nodejs_app_sg",
            "module.subnet_private_1.aws_subnet.subnet_public",
            "module.subnet_private_2.aws_subnet.subnet_public",
            "module.vpc-app.aws_vpc.vpc_master"
          ]
        }
      ]
    },
    {
      "module": "module.policy_scale",
      "mode": "managed",
      "type": "aws_autoscaling_policy",
      "name": "scale_up_policy",
      "provider": "provider[\"registry.terraform.io/hashicorp/aws\"].region-master",
      "instances": [
        {
          "schema_version": 0,
          "attributes": {
            "adjustment_type": "",
            "arn": "arn:aws:autoscaling:ap-southeast-1:160885258086:scalingPolicy:aa68a8fa-db00-417f-b5a4-bf4f1f6153c5:autoScalingGroupName/todoapp-asg:policyName/scale-up-policy",
            "autoscaling_group_name": "todoapp-asg",
            "cooldown": 0,
            "enabled": true,
            "estimated_instance_warmup": 0,
            "id": "scale-up-policy",
            "metric_aggregation_type": "",
            "min_adjustment_magnitude": 0,
            "name": "scale-up-policy",
            "policy_type": "TargetTrackingScaling",
            "predictive_scaling_configuration": [],
            "scaling_adjustment": 0,
            "step_adjustment": [],
            "target_tracking_configuration": [
              {
                "customized_metric_specification": [],
                "disable_scale_in": false,
                "predefined_metric_specification": [
                  {
                    "predefined_metric_type": "ASGAverageCPUUtilization",
                    "resource_label": ""
                  }
                ],
                "target_value": 70
              }
            ]
          },
          "sensitive_attributes": [],
          "private": "bnVsbA==",
          "dependencies": [
            "module.asg_group.aws_autoscaling_group.todoapp_asg",
            "module.lb-target-groups.aws_lb_target_group.app-lb-tg",
            "module.lc.aws_launch_template.todoapp_lt",
            "module.region-az.data.aws_availability_zones.available",
            "module.sg_app.aws_security_group.nodejs_app_sg",
            "module.subnet_private_1.aws_subnet.subnet_public",
            "module.subnet_private_2.aws_subnet.subnet_public",
            "module.vpc-app.aws_vpc.vpc_master"
          ]
        }
      ]
    },
    {
      "module": "module.region-az",
      "mode": "data",
      "type": "aws_availability_zones",
      "name": "available",
      "provider": "provider[\"registry.terraform.io/hashicorp/aws\"].region-master",
      "instances": [
        {
          "schema_version": 0,
          "attributes": {
            "all_availability_zones": null,
            "exclude_names": null,
            "exclude_zone_ids": null,
            "filter": null,
            "group_names": [
              "ap-southeast-1-zg-1"
            ],
            "id": "ap-southeast-1",
            "names": [
              "ap-southeast-1a",
              "ap-southeast-1b",
              "ap-southeast-1c"
            ],
            "state": "available",
            "timeouts": null,
            "zone_ids": [
              "apse1-az2",
              "apse1-az1",
              "apse1-az3"
            ]
          },
          "sensitive_attributes": []
        }
      ]
    },
    {
      "module": "module.route-table-natgateway-1",
      "mode": "managed",
      "type": "aws_route_table",
      "name": "private_rt_a",
      "provider": "provider[\"registry.terraform.io/hashicorp/aws\"].region-master",
      "instances": [
        {
          "schema_version": 0,
          "attributes": {
            "arn": "arn:aws:ec2:ap-southeast-1:160885258086:route-table/rtb-024f2ff53bfdecb73",
            "id": "rtb-024f2ff53bfdecb73",
            "owner_id": "160885258086",
            "propagating_vgws": [],
            "route": [
              {
                "carrier_gateway_id": "",
                "cidr_block": "0.0.0.0/0",
                "core_network_arn": "",
                "destination_prefix_list_id": "",
                "egress_only_gateway_id": "",
                "gateway_id": "",
                "ipv6_cidr_block": "",
                "local_gateway_id": "",
                "nat_gateway_id": "nat-087c1d12c6872cc72",
                "network_interface_id": "",
                "transit_gateway_id": "",
                "vpc_endpoint_id": "",
                "vpc_peering_connection_id": ""
              }
            ],
            "tags": {
              "Name": "routetable-ngw-1"
            },
            "tags_all": {
              "Name": "routetable-ngw-1"
            },
            "timeouts": null,
            "vpc_id": "vpc-0035df1b741aa2332"
          },
          "sensitive_attributes": [],
          "private": "eyJlMmJmYjczMC1lY2FhLTExZTYtOGY4OC0zNDM2M2JjN2M0YzAiOnsiY3JlYXRlIjozMDAwMDAwMDAwMDAsImRlbGV0ZSI6MzAwMDAwMDAwMDAwLCJ1cGRhdGUiOjEyMDAwMDAwMDAwMH19",
          "dependencies": [
            "module.eip_ngw_1.aws_eip.nat_eip_a",
            "module.igw.aws_internet_gateway.igw",
            "module.natgw_az_1.aws_nat_gateway.nat_gw",
            "module.region-az.data.aws_availability_zones.available",
            "module.subnet_public_1.aws_subnet.subnet_public",
            "module.vpc-app.aws_vpc.vpc_master"
          ]
        }
      ]
    },
    {
      "module": "module.route-table-natgateway-2",
      "mode": "managed",
      "type": "aws_route_table",
      "name": "private_rt_a",
      "provider": "provider[\"registry.terraform.io/hashicorp/aws\"].region-master",
      "instances": [
        {
          "schema_version": 0,
          "attributes": {
            "arn": "arn:aws:ec2:ap-southeast-1:160885258086:route-table/rtb-022c88365d11c025f",
            "id": "rtb-022c88365d11c025f",
            "owner_id": "160885258086",
            "propagating_vgws": [],
            "route": [
              {
                "carrier_gateway_id": "",
                "cidr_block": "0.0.0.0/0",
                "core_network_arn": "",
                "destination_prefix_list_id": "",
                "egress_only_gateway_id": "",
                "gateway_id": "",
                "ipv6_cidr_block": "",
                "local_gateway_id": "",
                "nat_gateway_id": "nat-005237814e40bffa3",
                "network_interface_id": "",
                "transit_gateway_id": "",
                "vpc_endpoint_id": "",
                "vpc_peering_connection_id": ""
              }
            ],
            "tags": {
              "Name": "routetable-ngw-2"
            },
            "tags_all": {
              "Name": "routetable-ngw-2"
            },
            "timeouts": null,
            "vpc_id": "vpc-0035df1b741aa2332"
          },
          "sensitive_attributes": [],
          "private": "eyJlMmJmYjczMC1lY2FhLTExZTYtOGY4OC0zNDM2M2JjN2M0YzAiOnsiY3JlYXRlIjozMDAwMDAwMDAwMDAsImRlbGV0ZSI6MzAwMDAwMDAwMDAwLCJ1cGRhdGUiOjEyMDAwMDAwMDAwMH19",
          "dependencies": [
            "module.eip_ngw_2.aws_eip.nat_eip_a",
            "module.igw.aws_internet_gateway.igw",
            "module.natgw_az_2.aws_nat_gateway.nat_gw",
            "module.region-az.data.aws_availability_zones.available",
            "module.subnet_public_2.aws_subnet.subnet_public",
            "module.vpc-app.aws_vpc.vpc_master"
          ]
        }
      ]
    },
    {
      "module": "module.route-table-public",
      "mode": "managed",
      "type": "aws_route_table",
      "name": "route-table",
      "provider": "provider[\"registry.terraform.io/hashicorp/aws\"].region-master",
      "instances": [
        {
          "schema_version": 0,
          "attributes": {
            "arn": "arn:aws:ec2:ap-southeast-1:160885258086:route-table/rtb-05e488c9090c2896d",
            "id": "rtb-05e488c9090c2896d",
            "owner_id": "160885258086",
            "propagating_vgws": [],
            "route": [
              {
                "carrier_gateway_id": "",
                "cidr_block": "0.0.0.0/0",
                "core_network_arn": "",
                "destination_prefix_list_id": "",
                "egress_only_gateway_id": "",
                "gateway_id": "igw-013e8065b6938180a",
                "ipv6_cidr_block": "",
                "local_gateway_id": "",
                "nat_gateway_id": "",
                "network_interface_id": "",
                "transit_gateway_id": "",
                "vpc_endpoint_id": "",
                "vpc_peering_connection_id": ""
              }
            ],
            "tags": {
              "Name": "Routetable-public"
            },
            "tags_all": {
              "Name": "Routetable-public"
            },
            "timeouts": null,
            "vpc_id": "vpc-0035df1b741aa2332"
          },
          "sensitive_attributes": [],
          "private": "eyJlMmJmYjczMC1lY2FhLTExZTYtOGY4OC0zNDM2M2JjN2M0YzAiOnsiY3JlYXRlIjozMDAwMDAwMDAwMDAsImRlbGV0ZSI6MzAwMDAwMDAwMDAwLCJ1cGRhdGUiOjEyMDAwMDAwMDAwMH19",
          "dependencies": [
            "module.igw.aws_internet_gateway.igw",
            "module.vpc-app.aws_vpc.vpc_master"
          ]
        }
      ]
    },
    {
      "module": "module.route53-acm",
      "mode": "data",
      "type": "aws_route53_zone",
      "name": "dns",
      "provider": "provider[\"registry.terraform.io/hashicorp/aws\"].region-master",
      "instances": [
        {
          "schema_version": 0,
          "attributes": {
            "arn": "arn:aws:route53:::hostedzone/Z08683181V5KX9FUS2AW9",
            "caller_reference": "RISWorkflow-RD:9004c466-32df-4191-9bfa-f0bcbe829245",
            "comment": "HostedZone created by Route53 Registrar",
            "id": "Z08683181V5KX9FUS2AW9",
            "linked_service_description": null,
            "linked_service_principal": null,
            "name": "khacthienit.click",
            "name_servers": [
              "ns-423.awsdns-52.com",
              "ns-1069.awsdns-05.org",
              "ns-1871.awsdns-41.co.uk",
              "ns-932.awsdns-52.net"
            ],
            "primary_name_server": "ns-423.awsdns-52.com",
            "private_zone": false,
            "resource_record_set_count": 5,
            "tags": {},
            "vpc_id": null,
            "zone_id": "Z08683181V5KX9FUS2AW9"
          },
          "sensitive_attributes": []
        }
      ]
    },
    {
      "module": "module.route53-acm",
      "mode": "managed",
      "type": "aws_acm_certificate",
      "name": "aws-ssl-cert",
      "provider": "provider[\"registry.terraform.io/hashicorp/aws\"].region-master",
      "instances": [
        {
          "schema_version": 0,
          "attributes": {
            "arn": "arn:aws:acm:ap-southeast-1:160885258086:certificate/f10fdbf3-6f6e-4c8e-9b55-f56d65b9cfd6",
            "certificate_authority_arn": "",
            "certificate_body": null,
            "certificate_chain": null,
            "domain_name": "todoapp.khacthienit.click",
            "domain_validation_options": [
              {
                "domain_name": "todoapp.khacthienit.click",
                "resource_record_name": "_fd0e763d3da44ea233ebc38f22e6d15f.todoapp.khacthienit.click.",
                "resource_record_type": "CNAME",
                "resource_record_value": "_5fd03cbddd06857d08804641c9d9d953.xlfgrmvvlj.acm-validations.aws."
              }
            ],
            "early_renewal_duration": "",
            "id": "arn:aws:acm:ap-southeast-1:160885258086:certificate/f10fdbf3-6f6e-4c8e-9b55-f56d65b9cfd6",
            "key_algorithm": "RSA_2048",
            "not_after": "",
            "not_before": "",
            "options": [
              {
                "certificate_transparency_logging_preference": "ENABLED"
              }
            ],
            "pending_renewal": false,
            "private_key": null,
            "renewal_eligibility": "INELIGIBLE",
            "renewal_summary": [],
            "status": "PENDING_VALIDATION",
            "subject_alternative_names": [
              "todoapp.khacthienit.click"
            ],
            "tags": {
              "Name": "Webservers-ACM"
            },
            "tags_all": {
              "Name": "Webservers-ACM"
            },
            "type": "AMAZON_ISSUED",
            "validation_emails": [],
            "validation_method": "DNS",
            "validation_option": []
          },
          "sensitive_attributes": [
            [
              {
                "type": "get_attr",
                "value": "private_key"
              }
            ]
          ],
          "private": "bnVsbA==",
          "dependencies": [
            "module.route53-acm.data.aws_route53_zone.dns"
          ]
        }
      ]
    },
    {
      "module": "module.route53-acm",
      "mode": "managed",
      "type": "aws_acm_certificate_validation",
      "name": "cert",
      "provider": "provider[\"registry.terraform.io/hashicorp/aws\"].region-master",
      "instances": [
        {
          "index_key": "todoapp.khacthienit.click",
          "schema_version": 0,
          "attributes": {
            "certificate_arn": "arn:aws:acm:ap-southeast-1:160885258086:certificate/f10fdbf3-6f6e-4c8e-9b55-f56d65b9cfd6",
            "id": "2025-04-07 07:21:29.38 +0000 UTC",
            "timeouts": null,
            "validation_record_fqdns": [
              "_fd0e763d3da44ea233ebc38f22e6d15f.todoapp.khacthienit.click"
            ]
          },
          "sensitive_attributes": [],
          "private": "eyJlMmJmYjczMC1lY2FhLTExZTYtOGY4OC0zNDM2M2JjN2M0YzAiOnsiY3JlYXRlIjo0NTAwMDAwMDAwMDAwfX0=",
          "dependencies": [
            "module.route53-acm.aws_acm_certificate.aws-ssl-cert",
            "module.route53-acm.aws_route53_record.cert_validation",
            "module.route53-acm.data.aws_route53_zone.dns"
          ]
        }
      ]
    },
    {
      "module": "module.route53-acm",
      "mode": "managed",
      "type": "aws_route53_record",
      "name": "app_alias",
      "provider": "provider[\"registry.terraform.io/hashicorp/aws\"].region-master",
      "instances": [
        {
          "schema_version": 2,
          "attributes": {
            "alias": [
              {
                "evaluate_target_health": false,
                "name": "webservers-lb-189243338.ap-southeast-1.elb.amazonaws.com",
                "zone_id": "Z1LMS91P8CMLE5"
              }
            ],
            "allow_overwrite": null,
            "cidr_routing_policy": [],
            "failover_routing_policy": [],
            "fqdn": "todoapp.khacthienit.click",
            "geolocation_routing_policy": [],
            "geoproximity_routing_policy": [],
            "health_check_id": "",
            "id": "Z08683181V5KX9FUS2AW9_todoapp.khacthienit.click_A",
            "latency_routing_policy": [],
            "multivalue_answer_routing_policy": false,
            "name": "todoapp.khacthienit.click",
            "records": null,
            "set_identifier": "",
            "timeouts": null,
            "ttl": 0,
            "type": "A",
            "weighted_routing_policy": [],
            "zone_id": "Z08683181V5KX9FUS2AW9"
          },
          "sensitive_attributes": [],
          "private": "eyJlMmJmYjczMC1lY2FhLTExZTYtOGY4OC0zNDM2M2JjN2M0YzAiOnsiY3JlYXRlIjoxODAwMDAwMDAwMDAwLCJkZWxldGUiOjE4MDAwMDAwMDAwMDAsInVwZGF0ZSI6MTgwMDAwMDAwMDAwMH0sInNjaGVtYV92ZXJzaW9uIjoiMiJ9",
          "dependencies": [
            "module.lb.aws_lb.application-lb",
            "module.region-az.data.aws_availability_zones.available",
            "module.route53-acm.data.aws_route53_zone.dns",
            "module.sg-lb.aws_security_group.lb-sg",
            "module.subnet_public_1.aws_subnet.subnet_public",
            "module.subnet_public_2.aws_subnet.subnet_public",
            "module.vpc-app.aws_vpc.vpc_master"
          ]
        }
      ]
    },
    {
      "module": "module.route53-acm",
      "mode": "managed",
      "type": "aws_route53_record",
      "name": "cert_validation",
      "provider": "provider[\"registry.terraform.io/hashicorp/aws\"].region-master",
      "instances": [
        {
          "index_key": "todoapp.khacthienit.click",
          "schema_version": 2,
          "attributes": {
            "alias": [],
            "allow_overwrite": null,
            "cidr_routing_policy": [],
            "failover_routing_policy": [],
            "fqdn": "_fd0e763d3da44ea233ebc38f22e6d15f.todoapp.khacthienit.click",
            "geolocation_routing_policy": [],
            "geoproximity_routing_policy": [],
            "health_check_id": "",
            "id": "Z08683181V5KX9FUS2AW9__fd0e763d3da44ea233ebc38f22e6d15f.todoapp.khacthienit.click._CNAME",
            "latency_routing_policy": [],
            "multivalue_answer_routing_policy": false,
            "name": "_fd0e763d3da44ea233ebc38f22e6d15f.todoapp.khacthienit.click",
            "records": [
              "_5fd03cbddd06857d08804641c9d9d953.xlfgrmvvlj.acm-validations.aws."
            ],
            "set_identifier": "",
            "timeouts": null,
            "ttl": 60,
            "type": "CNAME",
            "weighted_routing_policy": [],
            "zone_id": "Z08683181V5KX9FUS2AW9"
          },
          "sensitive_attributes": [],
          "private": "eyJlMmJmYjczMC1lY2FhLTExZTYtOGY4OC0zNDM2M2JjN2M0YzAiOnsiY3JlYXRlIjoxODAwMDAwMDAwMDAwLCJkZWxldGUiOjE4MDAwMDAwMDAwMDAsInVwZGF0ZSI6MTgwMDAwMDAwMDAwMH0sInNjaGVtYV92ZXJzaW9uIjoiMiJ9",
          "dependencies": [
            "module.route53-acm.aws_acm_certificate.aws-ssl-cert",
            "module.route53-acm.data.aws_route53_zone.dns"
          ]
        }
      ]
    },
    {
      "module": "module.rtb-associate-private-1",
      "mode": "managed",
      "type": "aws_route_table_association",
      "name": "public_a",
      "provider": "provider[\"registry.terraform.io/hashicorp/aws\"].region-master",
      "instances": [
        {
          "schema_version": 0,
          "attributes": {
            "gateway_id": "",
            "id": "rtbassoc-0837c16ef7b996d2e",
            "route_table_id": "rtb-024f2ff53bfdecb73",
            "subnet_id": "subnet-0b7055b39f7e6debe",
            "timeouts": null
          },
          "sensitive_attributes": [],
          "private": "eyJlMmJmYjczMC1lY2FhLTExZTYtOGY4OC0zNDM2M2JjN2M0YzAiOnsiY3JlYXRlIjozMDAwMDAwMDAwMDAsImRlbGV0ZSI6MzAwMDAwMDAwMDAwLCJ1cGRhdGUiOjEyMDAwMDAwMDAwMH19",
          "dependencies": [
            "module.eip_ngw_1.aws_eip.nat_eip_a",
            "module.igw.aws_internet_gateway.igw",
            "module.natgw_az_1.aws_nat_gateway.nat_gw",
            "module.region-az.data.aws_availability_zones.available",
            "module.route-table-natgateway-1.aws_route_table.private_rt_a",
            "module.subnet_private_1.aws_subnet.subnet_public",
            "module.subnet_public_1.aws_subnet.subnet_public",
            "module.vpc-app.aws_vpc.vpc_master"
          ]
        }
      ]
    },
    {
      "module": "module.rtb-associate-private-2",
      "mode": "managed",
      "type": "aws_route_table_association",
      "name": "public_a",
      "provider": "provider[\"registry.terraform.io/hashicorp/aws\"].region-master",
      "instances": [
        {
          "schema_version": 0,
          "attributes": {
            "gateway_id": "",
            "id": "rtbassoc-0d1969e2745f39a2c",
            "route_table_id": "rtb-024f2ff53bfdecb73",
            "subnet_id": "subnet-0751f7d697502ca15",
            "timeouts": null
          },
          "sensitive_attributes": [],
          "private": "eyJlMmJmYjczMC1lY2FhLTExZTYtOGY4OC0zNDM2M2JjN2M0YzAiOnsiY3JlYXRlIjozMDAwMDAwMDAwMDAsImRlbGV0ZSI6MzAwMDAwMDAwMDAwLCJ1cGRhdGUiOjEyMDAwMDAwMDAwMH19",
          "dependencies": [
            "module.eip_ngw_1.aws_eip.nat_eip_a",
            "module.igw.aws_internet_gateway.igw",
            "module.natgw_az_1.aws_nat_gateway.nat_gw",
            "module.region-az.data.aws_availability_zones.available",
            "module.route-table-natgateway-1.aws_route_table.private_rt_a",
            "module.subnet_private_2.aws_subnet.subnet_public",
            "module.subnet_public_1.aws_subnet.subnet_public",
            "module.vpc-app.aws_vpc.vpc_master"
          ]
        }
      ]
    },
    {
      "module": "module.rtb-associate-public-1",
      "mode": "managed",
      "type": "aws_route_table_association",
      "name": "public_a",
      "provider": "provider[\"registry.terraform.io/hashicorp/aws\"].region-master",
      "instances": [
        {
          "schema_version": 0,
          "attributes": {
            "gateway_id": "",
            "id": "rtbassoc-04cbdb439d83e7851",
            "route_table_id": "rtb-05e488c9090c2896d",
            "subnet_id": "subnet-03a64f2989ebc9394",
            "timeouts": null
          },
          "sensitive_attributes": [],
          "private": "eyJlMmJmYjczMC1lY2FhLTExZTYtOGY4OC0zNDM2M2JjN2M0YzAiOnsiY3JlYXRlIjozMDAwMDAwMDAwMDAsImRlbGV0ZSI6MzAwMDAwMDAwMDAwLCJ1cGRhdGUiOjEyMDAwMDAwMDAwMH19",
          "dependencies": [
            "module.igw.aws_internet_gateway.igw",
            "module.region-az.data.aws_availability_zones.available",
            "module.route-table-public.aws_route_table.route-table",
            "module.subnet_public_1.aws_subnet.subnet_public",
            "module.vpc-app.aws_vpc.vpc_master"
          ]
        }
      ]
    },
    {
      "module": "module.rtb-associate-public-2",
      "mode": "managed",
      "type": "aws_route_table_association",
      "name": "public_a",
      "provider": "provider[\"registry.terraform.io/hashicorp/aws\"].region-master",
      "instances": [
        {
          "schema_version": 0,
          "attributes": {
            "gateway_id": "",
            "id": "rtbassoc-0557650d863c4a139",
            "route_table_id": "rtb-05e488c9090c2896d",
            "subnet_id": "subnet-0338ba6dad64a876d",
            "timeouts": null
          },
          "sensitive_attributes": [],
          "private": "eyJlMmJmYjczMC1lY2FhLTExZTYtOGY4OC0zNDM2M2JjN2M0YzAiOnsiY3JlYXRlIjozMDAwMDAwMDAwMDAsImRlbGV0ZSI6MzAwMDAwMDAwMDAwLCJ1cGRhdGUiOjEyMDAwMDAwMDAwMH19",
          "dependencies": [
            "module.igw.aws_internet_gateway.igw",
            "module.region-az.data.aws_availability_zones.available",
            "module.route-table-public.aws_route_table.route-table",
            "module.subnet_public_2.aws_subnet.subnet_public",
            "module.vpc-app.aws_vpc.vpc_master"
          ]
        }
      ]
    },
    {
      "module": "module.sg-db-rds",
      "mode": "managed",
      "type": "aws_security_group",
      "name": "rds_sg",
      "provider": "provider[\"registry.terraform.io/hashicorp/aws\"].region-master",
      "instances": [
        {
          "schema_version": 1,
          "attributes": {
            "arn": "arn:aws:ec2:ap-southeast-1:160885258086:security-group/sg-0f60bdd4506997709",
            "description": "Allow rds access",
            "egress": [
              {
                "cidr_blocks": [
                  "0.0.0.0/0"
                ],
                "description": "",
                "from_port": 0,
                "ipv6_cidr_blocks": [],
                "prefix_list_ids": [],
                "protocol": "-1",
                "security_groups": [],
                "self": false,
                "to_port": 0
              }
            ],
            "id": "sg-0f60bdd4506997709",
            "ingress": [
              {
                "cidr_blocks": [
                  "0.0.0.0/0"
                ],
                "description": "",
                "from_port": 3306,
                "ipv6_cidr_blocks": [],
                "prefix_list_ids": [],
                "protocol": "tcp",
                "security_groups": [],
                "self": false,
                "to_port": 3306
              }
            ],
            "name": "rds-mysql-sg",
            "name_prefix": "",
            "owner_id": "160885258086",
            "revoke_rules_on_delete": false,
            "tags": {
              "Name": "db-sg"
            },
            "tags_all": {
              "Name": "db-sg"
            },
            "timeouts": null,
            "vpc_id": "vpc-0035df1b741aa2332"
          },
          "sensitive_attributes": [],
          "private": "eyJlMmJmYjczMC1lY2FhLTExZTYtOGY4OC0zNDM2M2JjN2M0YzAiOnsiY3JlYXRlIjo2MDAwMDAwMDAwMDAsImRlbGV0ZSI6OTAwMDAwMDAwMDAwfSwic2NoZW1hX3ZlcnNpb24iOiIxIn0=",
          "dependencies": [
            "module.vpc-app.aws_vpc.vpc_master"
          ]
        }
      ]
    },
    {
      "module": "module.sg-lb",
      "mode": "managed",
      "type": "aws_security_group",
      "name": "lb-sg",
      "provider": "provider[\"registry.terraform.io/hashicorp/aws\"].region-master",
      "instances": [
        {
          "schema_version": 1,
          "attributes": {
            "arn": "arn:aws:ec2:ap-southeast-1:160885258086:security-group/sg-008f429e1115aa3e0",
            "description": "Managed by Terraform",
            "egress": [
              {
                "cidr_blocks": [
                  "0.0.0.0/0"
                ],
                "description": "",
                "from_port": 0,
                "ipv6_cidr_blocks": [],
                "prefix_list_ids": [],
                "protocol": "-1",
                "security_groups": [],
                "self": false,
                "to_port": 0
              },
              {
                "cidr_blocks": [
                  "0.0.0.0/0"
                ],
                "description": "",
                "from_port": 443,
                "ipv6_cidr_blocks": [],
                "prefix_list_ids": [],
                "protocol": "tcp",
                "security_groups": [],
                "self": false,
                "to_port": 443
              },
              {
                "cidr_blocks": [
                  "0.0.0.0/0"
                ],
                "description": "",
                "from_port": 80,
                "ipv6_cidr_blocks": [],
                "prefix_list_ids": [],
                "protocol": "tcp",
                "security_groups": [],
                "self": false,
                "to_port": 80
              }
            ],
            "id": "sg-008f429e1115aa3e0",
            "ingress": [
              {
                "cidr_blocks": [
                  "0.0.0.0/0"
                ],
                "description": "Allow 443 from anywhere",
                "from_port": 443,
                "ipv6_cidr_blocks": [],
                "prefix_list_ids": [],
                "protocol": "tcp",
                "security_groups": [],
                "self": false,
                "to_port": 443
              },
              {
                "cidr_blocks": [
                  "0.0.0.0/0"
                ],
                "description": "Allow 80 from anywhere for redirection",
                "from_port": 5000,
                "ipv6_cidr_blocks": [],
                "prefix_list_ids": [],
                "protocol": "tcp",
                "security_groups": [],
                "self": false,
                "to_port": 5000
              },
              {
                "cidr_blocks": [
                  "0.0.0.0/0"
                ],
                "description": "Allow 80 from anywhere for redirection",
                "from_port": 80,
                "ipv6_cidr_blocks": [],
                "prefix_list_ids": [],
                "protocol": "tcp",
                "security_groups": [],
                "self": false,
                "to_port": 80
              }
            ],
            "name": "lb-sg",
            "name_prefix": "",
            "owner_id": "160885258086",
            "revoke_rules_on_delete": false,
            "tags": null,
            "tags_all": {},
            "timeouts": null,
            "vpc_id": "vpc-0035df1b741aa2332"
          },
          "sensitive_attributes": [],
          "private": "eyJlMmJmYjczMC1lY2FhLTExZTYtOGY4OC0zNDM2M2JjN2M0YzAiOnsiY3JlYXRlIjo2MDAwMDAwMDAwMDAsImRlbGV0ZSI6OTAwMDAwMDAwMDAwfSwic2NoZW1hX3ZlcnNpb24iOiIxIn0=",
          "dependencies": [
            "module.vpc-app.aws_vpc.vpc_master"
          ]
        }
      ]
    },
    {
      "module": "module.sg_app",
      "mode": "managed",
      "type": "aws_security_group",
      "name": "nodejs_app_sg",
      "provider": "provider[\"registry.terraform.io/hashicorp/aws\"].region-master",
      "instances": [
        {
          "schema_version": 1,
          "attributes": {
            "arn": "arn:aws:ec2:ap-southeast-1:160885258086:security-group/sg-04784d0514920f192",
            "description": "Security group for Node.js app",
            "egress": [
              {
                "cidr_blocks": [
                  "0.0.0.0/0"
                ],
                "description": "",
                "from_port": 0,
                "ipv6_cidr_blocks": [],
                "prefix_list_ids": [],
                "protocol": "-1",
                "security_groups": [],
                "self": false,
                "to_port": 0
              }
            ],
            "id": "sg-04784d0514920f192",
            "ingress": [
              {
                "cidr_blocks": [
                  "10.0.0.0/16"
                ],
                "description": "",
                "from_port": 22,
                "ipv6_cidr_blocks": [],
                "prefix_list_ids": [],
                "protocol": "tcp",
                "security_groups": [],
                "self": false,
                "to_port": 22
              },
              {
                "cidr_blocks": [
                  "10.0.0.0/16"
                ],
                "description": "",
                "from_port": 5000,
                "ipv6_cidr_blocks": [],
                "prefix_list_ids": [],
                "protocol": "tcp",
                "security_groups": [],
                "self": false,
                "to_port": 5000
              }
            ],
            "name": "nodejs-app-sg",
            "name_prefix": "",
            "owner_id": "160885258086",
            "revoke_rules_on_delete": false,
            "tags": {
              "Name": "nodejs-app-sg"
            },
            "tags_all": {
              "Name": "nodejs-app-sg"
            },
            "timeouts": null,
            "vpc_id": "vpc-0035df1b741aa2332"
          },
          "sensitive_attributes": [],
          "private": "eyJlMmJmYjczMC1lY2FhLTExZTYtOGY4OC0zNDM2M2JjN2M0YzAiOnsiY3JlYXRlIjo2MDAwMDAwMDAwMDAsImRlbGV0ZSI6OTAwMDAwMDAwMDAwfSwic2NoZW1hX3ZlcnNpb24iOiIxIn0=",
          "dependencies": [
            "module.vpc-app.aws_vpc.vpc_master"
          ]
        }
      ]
    },
    {
      "module": "module.subnet_private_1",
      "mode": "managed",
      "type": "aws_subnet",
      "name": "subnet_public",
      "provider": "provider[\"registry.terraform.io/hashicorp/aws\"].region-master",
      "instances": [
        {
          "schema_version": 1,
          "attributes": {
            "arn": "arn:aws:ec2:ap-southeast-1:160885258086:subnet/subnet-0b7055b39f7e6debe",
            "assign_ipv6_address_on_creation": false,
            "availability_zone": "ap-southeast-1a",
            "availability_zone_id": "apse1-az2",
            "cidr_block": "10.0.2.0/24",
            "customer_owned_ipv4_pool": "",
            "enable_dns64": false,
            "enable_lni_at_device_index": 0,
            "enable_resource_name_dns_a_record_on_launch": false,
            "enable_resource_name_dns_aaaa_record_on_launch": false,
            "id": "subnet-0b7055b39f7e6debe",
            "ipv6_cidr_block": "",
            "ipv6_cidr_block_association_id": "",
            "ipv6_native": false,
            "map_customer_owned_ip_on_launch": false,
            "map_public_ip_on_launch": false,
            "outpost_arn": "",
            "owner_id": "160885258086",
            "private_dns_hostname_type_on_launch": "ip-name",
            "tags": {
              "Name": "private-subnet-az-1"
            },
            "tags_all": {
              "Name": "private-subnet-az-1"
            },
            "timeouts": null,
            "vpc_id": "vpc-0035df1b741aa2332"
          },
          "sensitive_attributes": [],
          "private": "eyJlMmJmYjczMC1lY2FhLTExZTYtOGY4OC0zNDM2M2JjN2M0YzAiOnsiY3JlYXRlIjo2MDAwMDAwMDAwMDAsImRlbGV0ZSI6MTIwMDAwMDAwMDAwMH0sInNjaGVtYV92ZXJzaW9uIjoiMSJ9",
          "dependencies": [
            "module.region-az.data.aws_availability_zones.available",
            "module.vpc-app.aws_vpc.vpc_master"
          ]
        }
      ]
    },
    {
      "module": "module.subnet_private_2",
      "mode": "managed",
      "type": "aws_subnet",
      "name": "subnet_public",
      "provider": "provider[\"registry.terraform.io/hashicorp/aws\"].region-master",
      "instances": [
        {
          "schema_version": 1,
          "attributes": {
            "arn": "arn:aws:ec2:ap-southeast-1:160885258086:subnet/subnet-0751f7d697502ca15",
            "assign_ipv6_address_on_creation": false,
            "availability_zone": "ap-southeast-1b",
            "availability_zone_id": "apse1-az1",
            "cidr_block": "10.0.3.0/24",
            "customer_owned_ipv4_pool": "",
            "enable_dns64": false,
            "enable_lni_at_device_index": 0,
            "enable_resource_name_dns_a_record_on_launch": false,
            "enable_resource_name_dns_aaaa_record_on_launch": false,
            "id": "subnet-0751f7d697502ca15",
            "ipv6_cidr_block": "",
            "ipv6_cidr_block_association_id": "",
            "ipv6_native": false,
            "map_customer_owned_ip_on_launch": false,
            "map_public_ip_on_launch": false,
            "outpost_arn": "",
            "owner_id": "160885258086",
            "private_dns_hostname_type_on_launch": "ip-name",
            "tags": {
              "Name": "private-subnet-az-2"
            },
            "tags_all": {
              "Name": "private-subnet-az-2"
            },
            "timeouts": null,
            "vpc_id": "vpc-0035df1b741aa2332"
          },
          "sensitive_attributes": [],
          "private": "eyJlMmJmYjczMC1lY2FhLTExZTYtOGY4OC0zNDM2M2JjN2M0YzAiOnsiY3JlYXRlIjo2MDAwMDAwMDAwMDAsImRlbGV0ZSI6MTIwMDAwMDAwMDAwMH0sInNjaGVtYV92ZXJzaW9uIjoiMSJ9",
          "dependencies": [
            "module.region-az.data.aws_availability_zones.available",
            "module.vpc-app.aws_vpc.vpc_master"
          ]
        }
      ]
    },
    {
      "module": "module.subnet_private_3",
      "mode": "managed",
      "type": "aws_subnet",
      "name": "subnet_public",
      "provider": "provider[\"registry.terraform.io/hashicorp/aws\"].region-master",
      "instances": [
        {
          "schema_version": 1,
          "attributes": {
            "arn": "arn:aws:ec2:ap-southeast-1:160885258086:subnet/subnet-0be329637bb7e2b16",
            "assign_ipv6_address_on_creation": false,
            "availability_zone": "ap-southeast-1a",
            "availability_zone_id": "apse1-az2",
            "cidr_block": "10.0.4.0/24",
            "customer_owned_ipv4_pool": "",
            "enable_dns64": false,
            "enable_lni_at_device_index": 0,
            "enable_resource_name_dns_a_record_on_launch": false,
            "enable_resource_name_dns_aaaa_record_on_launch": false,
            "id": "subnet-0be329637bb7e2b16",
            "ipv6_cidr_block": "",
            "ipv6_cidr_block_association_id": "",
            "ipv6_native": false,
            "map_customer_owned_ip_on_launch": false,
            "map_public_ip_on_launch": false,
            "outpost_arn": "",
            "owner_id": "160885258086",
            "private_dns_hostname_type_on_launch": "ip-name",
            "tags": {
              "Name": "private-subnet-az-1"
            },
            "tags_all": {
              "Name": "private-subnet-az-1"
            },
            "timeouts": null,
            "vpc_id": "vpc-0035df1b741aa2332"
          },
          "sensitive_attributes": [],
          "private": "eyJlMmJmYjczMC1lY2FhLTExZTYtOGY4OC0zNDM2M2JjN2M0YzAiOnsiY3JlYXRlIjo2MDAwMDAwMDAwMDAsImRlbGV0ZSI6MTIwMDAwMDAwMDAwMH0sInNjaGVtYV92ZXJzaW9uIjoiMSJ9",
          "dependencies": [
            "module.region-az.data.aws_availability_zones.available",
            "module.vpc-app.aws_vpc.vpc_master"
          ]
        }
      ]
    },
    {
      "module": "module.subnet_private_4",
      "mode": "managed",
      "type": "aws_subnet",
      "name": "subnet_public",
      "provider": "provider[\"registry.terraform.io/hashicorp/aws\"].region-master",
      "instances": [
        {
          "schema_version": 1,
          "attributes": {
            "arn": "arn:aws:ec2:ap-southeast-1:160885258086:subnet/subnet-078febca9f994aa4a",
            "assign_ipv6_address_on_creation": false,
            "availability_zone": "ap-southeast-1b",
            "availability_zone_id": "apse1-az1",
            "cidr_block": "10.0.5.0/24",
            "customer_owned_ipv4_pool": "",
            "enable_dns64": false,
            "enable_lni_at_device_index": 0,
            "enable_resource_name_dns_a_record_on_launch": false,
            "enable_resource_name_dns_aaaa_record_on_launch": false,
            "id": "subnet-078febca9f994aa4a",
            "ipv6_cidr_block": "",
            "ipv6_cidr_block_association_id": "",
            "ipv6_native": false,
            "map_customer_owned_ip_on_launch": false,
            "map_public_ip_on_launch": false,
            "outpost_arn": "",
            "owner_id": "160885258086",
            "private_dns_hostname_type_on_launch": "ip-name",
            "tags": {
              "Name": "private-subnet-az-2"
            },
            "tags_all": {
              "Name": "private-subnet-az-2"
            },
            "timeouts": null,
            "vpc_id": "vpc-0035df1b741aa2332"
          },
          "sensitive_attributes": [],
          "private": "eyJlMmJmYjczMC1lY2FhLTExZTYtOGY4OC0zNDM2M2JjN2M0YzAiOnsiY3JlYXRlIjo2MDAwMDAwMDAwMDAsImRlbGV0ZSI6MTIwMDAwMDAwMDAwMH0sInNjaGVtYV92ZXJzaW9uIjoiMSJ9",
          "dependencies": [
            "module.region-az.data.aws_availability_zones.available",
            "module.vpc-app.aws_vpc.vpc_master"
          ]
        }
      ]
    },
    {
      "module": "module.subnet_public_1",
      "mode": "managed",
      "type": "aws_subnet",
      "name": "subnet_public",
      "provider": "provider[\"registry.terraform.io/hashicorp/aws\"].region-master",
      "instances": [
        {
          "schema_version": 1,
          "attributes": {
            "arn": "arn:aws:ec2:ap-southeast-1:160885258086:subnet/subnet-03a64f2989ebc9394",
            "assign_ipv6_address_on_creation": false,
            "availability_zone": "ap-southeast-1a",
            "availability_zone_id": "apse1-az2",
            "cidr_block": "10.0.0.0/24",
            "customer_owned_ipv4_pool": "",
            "enable_dns64": false,
            "enable_lni_at_device_index": 0,
            "enable_resource_name_dns_a_record_on_launch": false,
            "enable_resource_name_dns_aaaa_record_on_launch": false,
            "id": "subnet-03a64f2989ebc9394",
            "ipv6_cidr_block": "",
            "ipv6_cidr_block_association_id": "",
            "ipv6_native": false,
            "map_customer_owned_ip_on_launch": false,
            "map_public_ip_on_launch": false,
            "outpost_arn": "",
            "owner_id": "160885258086",
            "private_dns_hostname_type_on_launch": "ip-name",
            "tags": {
              "Name": "public-subnet-az-1"
            },
            "tags_all": {
              "Name": "public-subnet-az-1"
            },
            "timeouts": null,
            "vpc_id": "vpc-0035df1b741aa2332"
          },
          "sensitive_attributes": [],
          "private": "eyJlMmJmYjczMC1lY2FhLTExZTYtOGY4OC0zNDM2M2JjN2M0YzAiOnsiY3JlYXRlIjo2MDAwMDAwMDAwMDAsImRlbGV0ZSI6MTIwMDAwMDAwMDAwMH0sInNjaGVtYV92ZXJzaW9uIjoiMSJ9",
          "dependencies": [
            "module.region-az.data.aws_availability_zones.available",
            "module.vpc-app.aws_vpc.vpc_master"
          ]
        }
      ]
    },
    {
      "module": "module.subnet_public_2",
      "mode": "managed",
      "type": "aws_subnet",
      "name": "subnet_public",
      "provider": "provider[\"registry.terraform.io/hashicorp/aws\"].region-master",
      "instances": [
        {
          "schema_version": 1,
          "attributes": {
            "arn": "arn:aws:ec2:ap-southeast-1:160885258086:subnet/subnet-0338ba6dad64a876d",
            "assign_ipv6_address_on_creation": false,
            "availability_zone": "ap-southeast-1b",
            "availability_zone_id": "apse1-az1",
            "cidr_block": "10.0.1.0/24",
            "customer_owned_ipv4_pool": "",
            "enable_dns64": false,
            "enable_lni_at_device_index": 0,
            "enable_resource_name_dns_a_record_on_launch": false,
            "enable_resource_name_dns_aaaa_record_on_launch": false,
            "id": "subnet-0338ba6dad64a876d",
            "ipv6_cidr_block": "",
            "ipv6_cidr_block_association_id": "",
            "ipv6_native": false,
            "map_customer_owned_ip_on_launch": false,
            "map_public_ip_on_launch": false,
            "outpost_arn": "",
            "owner_id": "160885258086",
            "private_dns_hostname_type_on_launch": "ip-name",
            "tags": {
              "Name": "public-subnet-az-2"
            },
            "tags_all": {
              "Name": "public-subnet-az-2"
            },
            "timeouts": null,
            "vpc_id": "vpc-0035df1b741aa2332"
          },
          "sensitive_attributes": [],
          "private": "eyJlMmJmYjczMC1lY2FhLTExZTYtOGY4OC0zNDM2M2JjN2M0YzAiOnsiY3JlYXRlIjo2MDAwMDAwMDAwMDAsImRlbGV0ZSI6MTIwMDAwMDAwMDAwMH0sInNjaGVtYV92ZXJzaW9uIjoiMSJ9",
          "dependencies": [
            "module.region-az.data.aws_availability_zones.available",
            "module.vpc-app.aws_vpc.vpc_master"
          ]
        }
      ]
    },
    {
      "module": "module.vpc-app",
      "mode": "managed",
      "type": "aws_vpc",
      "name": "vpc_master",
      "provider": "provider[\"registry.terraform.io/hashicorp/aws\"].region-master",
      "instances": [
        {
          "schema_version": 1,
          "attributes": {
            "arn": "arn:aws:ec2:ap-southeast-1:160885258086:vpc/vpc-0035df1b741aa2332",
            "assign_generated_ipv6_cidr_block": false,
            "cidr_block": "10.0.0.0/16",
            "default_network_acl_id": "acl-015754ecd9cb1cd4b",
            "default_route_table_id": "rtb-04e21c51fec5326c0",
            "default_security_group_id": "sg-0f48adf68bc08ae64",
            "dhcp_options_id": "dopt-01767abecb0dde5c1",
            "enable_dns_hostnames": true,
            "enable_dns_support": true,
            "enable_network_address_usage_metrics": false,
            "id": "vpc-0035df1b741aa2332",
            "instance_tenancy": "default",
            "ipv4_ipam_pool_id": null,
            "ipv4_netmask_length": null,
            "ipv6_association_id": "",
            "ipv6_cidr_block": "",
            "ipv6_cidr_block_network_border_group": "",
            "ipv6_ipam_pool_id": "",
            "ipv6_netmask_length": 0,
            "main_route_table_id": "rtb-04e21c51fec5326c0",
            "owner_id": "160885258086",
            "tags": {
              "Name": "lab01-vpc"
            },
            "tags_all": {
              "Name": "lab01-vpc"
            }
          },
          "sensitive_attributes": [],
          "private": "eyJzY2hlbWFfdmVyc2lvbiI6IjEifQ=="
        }
      ]
    }
  ],
  "check_results": null
}
