{
  "version": 4,
  "terraform_version": "1.10.5",
  "serial": 1457,
  "lineage": "ece58a5f-06af-43ff-8fb5-beb910f9b7fc",
  "outputs": {
    "alb_arn": {
      "value": "arn:aws:elasticloadbalancing:ap-southeast-1:160885258086:loadbalancer/app/webservers-lb/03ba20b574fc22a3",
      "type": "string"
    }
  },
  "resources": [
    {
      "module": "module.asg_group",
      "mode": "managed",
      "type": "aws_autoscaling_group",
      "name": "todoapp_asg",
      "provider": "provider[\"registry.terraform.io/hashicorp/aws\"].region-master",
      "instances": [
        {
          "schema_version": 1,
          "attributes": {
            "arn": "arn:aws:autoscaling:ap-southeast-1:160885258086:autoScalingGroup:a3ade9e1-2974-4c34-a016-ba59b65e02d5:autoScalingGroupName/todoapp-asg",
            "availability_zone_distribution": [
              {
                "capacity_distribution_strategy": "balanced-best-effort"
              }
            ],
            "availability_zones": [
              "ap-southeast-1a",
              "ap-southeast-1b"
            ],
            "capacity_rebalance": false,
            "context": "",
            "default_cooldown": 300,
            "default_instance_warmup": 0,
            "desired_capacity": 2,
            "desired_capacity_type": "",
            "enabled_metrics": null,
            "force_delete": false,
            "force_delete_warm_pool": false,
            "health_check_grace_period": 300,
            "health_check_type": "EC2",
            "id": "todoapp-asg",
            "ignore_failed_scaling_activities": false,
            "initial_lifecycle_hook": [],
            "instance_maintenance_policy": [],
            "instance_refresh": [],
            "launch_configuration": "",
            "launch_template": [
              {
                "id": "lt-0ebe5365ee73eebc8",
                "name": "todoapp-lt",
                "version": "$Latest"
              }
            ],
            "load_balancers": [],
            "max_instance_lifetime": 0,
            "max_size": 6,
            "metrics_granularity": "1Minute",
            "min_elb_capacity": null,
            "min_size": 2,
            "mixed_instances_policy": [],
            "name": "todoapp-asg",
            "name_prefix": "",
            "placement_group": "",
            "predicted_capacity": 0,
            "protect_from_scale_in": false,
            "service_linked_role_arn": "arn:aws:iam::160885258086:role/aws-service-role/autoscaling.amazonaws.com/AWSServiceRoleForAutoScaling",
            "suspended_processes": null,
            "tag": [
              {
                "key": "Name",
                "propagate_at_launch": true,
                "value": "codedeploy-instance"
              }
            ],
            "target_group_arns": [
              "arn:aws:elasticloadbalancing:ap-southeast-1:160885258086:targetgroup/app-lb-tg/bf12e0bb3a6e86b0"
            ],
            "termination_policies": null,
            "timeouts": null,
            "traffic_source": [
              {
                "identifier": "arn:aws:elasticloadbalancing:ap-southeast-1:160885258086:targetgroup/app-lb-tg/bf12e0bb3a6e86b0",
                "type": "elbv2"
              }
            ],
            "vpc_zone_identifier": [
              "subnet-029e6a9d7743ecd80",
              "subnet-0bc2021572a36d09e"
            ],
            "wait_for_capacity_timeout": "10m",
            "wait_for_elb_capacity": null,
            "warm_pool": [],
            "warm_pool_size": 0
          },
          "sensitive_attributes": [],
          "private": "eyJlMmJmYjczMC1lY2FhLTExZTYtOGY4OC0zNDM2M2JjN2M0YzAiOnsiZGVsZXRlIjo2MDAwMDAwMDAwMDAsInVwZGF0ZSI6NjAwMDAwMDAwMDAwfSwic2NoZW1hX3ZlcnNpb24iOiIxIn0=",
          "dependencies": [
            "module.iamrole-ec2.aws_iam_instance_profile.ec2_instance_profile",
            "module.iamrole-ec2.aws_iam_role.ec2_instance_role",
            "module.key-pair.aws_key_pair.master-key",
            "module.lb-target-groups.aws_lb_target_group.app-lb-tg",
            "module.lc.aws_launch_template.todoapp_lt",
            "module.region-az.data.aws_availability_zones.available",
            "module.sg_app.aws_security_group.nodejs_app_sg",
            "module.subnet_private_1.aws_subnet.subnet_public",
            "module.subnet_private_2.aws_subnet.subnet_public",
            "module.vpc-app.aws_vpc.vpc_master"
          ]
        }
      ]
    },
    {
      "module": "module.bastion_host",
      "mode": "managed",
      "type": "aws_instance",
      "name": "bastion-master",
      "provider": "provider[\"registry.terraform.io/hashicorp/aws\"].region-master",
      "instances": [
        {
          "schema_version": 1,
          "attributes": {
            "ami": "ami-065a492fef70f84b1",
            "arn": "arn:aws:ec2:ap-southeast-1:160885258086:instance/i-058819b992efa7605",
            "associate_public_ip_address": true,
            "availability_zone": "ap-southeast-1a",
            "capacity_reservation_specification": [
              {
                "capacity_reservation_preference": "open",
                "capacity_reservation_target": []
              }
            ],
            "cpu_core_count": 1,
            "cpu_options": [
              {
                "amd_sev_snp": "",
                "core_count": 1,
                "threads_per_core": 1
              }
            ],
            "cpu_threads_per_core": 1,
            "credit_specification": [
              {
                "cpu_credits": "standard"
              }
            ],
            "disable_api_stop": false,
            "disable_api_termination": false,
            "ebs_block_device": [],
            "ebs_optimized": false,
            "enable_primary_ipv6": null,
            "enclave_options": [
              {
                "enabled": false
              }
            ],
            "ephemeral_block_device": [],
            "get_password_data": false,
            "hibernation": false,
            "host_id": "",
            "host_resource_group_arn": null,
            "iam_instance_profile": "",
            "id": "i-058819b992efa7605",
            "instance_initiated_shutdown_behavior": "stop",
            "instance_lifecycle": "",
            "instance_market_options": [],
            "instance_state": "running",
            "instance_type": "t2.micro",
            "ipv6_address_count": 0,
            "ipv6_addresses": [],
            "key_name": "ssh_asg_bastion",
            "launch_template": [],
            "maintenance_options": [
              {
                "auto_recovery": "default"
              }
            ],
            "metadata_options": [
              {
                "http_endpoint": "enabled",
                "http_protocol_ipv6": "disabled",
                "http_put_response_hop_limit": 2,
                "http_tokens": "required",
                "instance_metadata_tags": "disabled"
              }
            ],
            "monitoring": false,
            "network_interface": [],
            "outpost_arn": "",
            "password_data": "",
            "placement_group": "",
            "placement_partition_number": 0,
            "primary_network_interface_id": "eni-019189ab7340b651f",
            "private_dns": "ip-10-0-0-95.ap-southeast-1.compute.internal",
            "private_dns_name_options": [
              {
                "enable_resource_name_dns_a_record": false,
                "enable_resource_name_dns_aaaa_record": false,
                "hostname_type": "ip-name"
              }
            ],
            "private_ip": "10.0.0.95",
            "public_dns": "ec2-54-255-166-23.ap-southeast-1.compute.amazonaws.com",
            "public_ip": "54.255.166.23",
            "root_block_device": [
              {
                "delete_on_termination": true,
                "device_name": "/dev/xvda",
                "encrypted": false,
                "iops": 100,
                "kms_key_id": "",
                "tags": null,
                "tags_all": {},
                "throughput": 0,
                "volume_id": "vol-02ee7164cef9c1b08",
                "volume_size": 30,
                "volume_type": "gp2"
              }
            ],
            "secondary_private_ips": [],
            "security_groups": [],
            "source_dest_check": true,
            "spot_instance_request_id": "",
            "subnet_id": "subnet-0bea0934fb9dc7b9d",
            "tags": {
              "Name": "bastion-master"
            },
            "tags_all": {
              "Name": "bastion-master"
            },
            "tenancy": "default",
            "timeouts": null,
            "user_data": null,
            "user_data_base64": null,
            "user_data_replace_on_change": false,
            "volume_tags": null,
            "vpc_security_group_ids": [
              "sg-0381d663401abf592"
            ]
          },
          "sensitive_attributes": [],
          "private": "eyJlMmJmYjczMC1lY2FhLTExZTYtOGY4OC0zNDM2M2JjN2M0YzAiOnsiY3JlYXRlIjo2MDAwMDAwMDAwMDAsImRlbGV0ZSI6MTIwMDAwMDAwMDAwMCwicmVhZCI6OTAwMDAwMDAwMDAwLCJ1cGRhdGUiOjYwMDAwMDAwMDAwMH0sInNjaGVtYV92ZXJzaW9uIjoiMSJ9",
          "dependencies": [
            "module.key-pair.aws_key_pair.master-key",
            "module.region-az.data.aws_availability_zones.available",
            "module.sg_bastion.aws_security_group.bastion_host_sg",
            "module.subnet_public_1.aws_subnet.subnet_public",
            "module.vpc-app.aws_vpc.vpc_master"
          ]
        }
      ]
    },
    {
      "module": "module.codebuild",
      "mode": "managed",
      "type": "aws_codebuild_project",
      "name": "app_build",
      "provider": "provider[\"registry.terraform.io/hashicorp/aws\"].region-master",
      "instances": [
        {
          "schema_version": 0,
          "attributes": {
            "arn": "arn:aws:codebuild:ap-southeast-1:160885258086:project/build-output",
            "artifacts": [
              {
                "artifact_identifier": "",
                "bucket_owner_access": "",
                "encryption_disabled": false,
                "location": "taskapp-cb-cd-cp",
                "name": "build-output",
                "namespace_type": "NONE",
                "override_artifact_name": false,
                "packaging": "ZIP",
                "path": "artifacts",
                "type": "S3"
              }
            ],
            "badge_enabled": false,
            "badge_url": "",
            "build_batch_config": [],
            "build_timeout": 60,
            "cache": [
              {
                "location": "",
                "modes": [],
                "type": "NO_CACHE"
              }
            ],
            "concurrent_build_limit": 0,
            "description": "Build application for deployment",
            "encryption_key": "arn:aws:kms:ap-southeast-1:160885258086:alias/aws/s3",
            "environment": [
              {
                "certificate": "",
                "compute_type": "BUILD_GENERAL1_SMALL",
                "environment_variable": [
                  {
                    "name": "AWS_ACCESS_KEY_ID",
                    "type": "SECRETS_MANAGER",
                    "value": "arn:aws:secretsmanager:ap-southeast-1:160885258086:secret:credential-login-qKROtS:AWS_ACCESS_KEY_ID"
                  },
                  {
                    "name": "AWS_SECRET_ACCESS_KEY",
                    "type": "SECRETS_MANAGER",
                    "value": "arn:aws:secretsmanager:ap-southeast-1:160885258086:secret:credential-login-qKROtS:AWS_SECRET_ACCESS_KEY"
                  }
                ],
                "fleet": [],
                "image": "aws/codebuild/amazonlinux-x86_64-standard:5.0",
                "image_pull_credentials_type": "CODEBUILD",
                "privileged_mode": false,
                "registry_credential": [],
                "type": "LINUX_CONTAINER"
              }
            ],
            "file_system_locations": [],
            "id": "arn:aws:codebuild:ap-southeast-1:160885258086:project/build-output",
            "logs_config": [
              {
                "cloudwatch_logs": [
                  {
                    "group_name": "",
                    "status": "ENABLED",
                    "stream_name": ""
                  }
                ],
                "s3_logs": [
                  {
                    "bucket_owner_access": "",
                    "encryption_disabled": false,
                    "location": "",
                    "status": "DISABLED"
                  }
                ]
              }
            ],
            "name": "build-output",
            "project_visibility": "PRIVATE",
            "public_project_alias": "",
            "queued_timeout": 480,
            "resource_access_role": "",
            "secondary_artifacts": [],
            "secondary_source_version": [],
            "secondary_sources": [],
            "service_role": "arn:aws:iam::160885258086:role/codebuild-role",
            "source": [
              {
                "auth": [],
                "build_status_config": [],
                "buildspec": "",
                "git_clone_depth": 1,
                "git_submodules_config": [
                  {
                    "fetch_submodules": true
                  }
                ],
                "insecure_ssl": false,
                "location": "https://github.com/KhacThien88/CloudHCMUS_Lab01_BE",
                "report_build_status": false,
                "type": "GITHUB"
              }
            ],
            "source_version": "",
            "tags": null,
            "tags_all": {},
            "vpc_config": []
          },
          "sensitive_attributes": [],
          "private": "bnVsbA==",
          "dependencies": [
            "module.iamrole-codebuild.aws_iam_role.codebuild_role",
            "module.s3-todo-cb-cd.aws_s3_bucket.build_artifacts"
          ]
        }
      ]
    },
    {
      "module": "module.codedeploy",
      "mode": "managed",
      "type": "aws_codedeploy_app",
      "name": "app_deploy",
      "provider": "provider[\"registry.terraform.io/hashicorp/aws\"].region-master",
      "instances": [
        {
          "schema_version": 0,
          "attributes": {
            "application_id": "c0e54241-178f-4e72-b29b-2acb84ad5e35",
            "arn": "arn:aws:codedeploy:ap-southeast-1:160885258086:application:app-deploy-application",
            "compute_platform": "Server",
            "github_account_name": "",
            "id": "c0e54241-178f-4e72-b29b-2acb84ad5e35:app-deploy-application",
            "linked_to_github": false,
            "name": "app-deploy-application",
            "tags": null,
            "tags_all": {}
          },
          "sensitive_attributes": [],
          "private": "bnVsbA=="
        }
      ]
    },
    {
      "module": "module.codedeploy",
      "mode": "managed",
      "type": "aws_codedeploy_deployment_group",
      "name": "app_dg",
      "provider": "provider[\"registry.terraform.io/hashicorp/aws\"].region-master",
      "instances": [
        {
          "schema_version": 0,
          "attributes": {
            "alarm_configuration": [],
            "app_name": "app-deploy-application",
            "arn": "arn:aws:codedeploy:ap-southeast-1:160885258086:deploymentgroup:app-deploy-application/app-deployment-group",
            "auto_rollback_configuration": [
              {
                "enabled": true,
                "events": [
                  "DEPLOYMENT_FAILURE"
                ]
              }
            ],
            "autoscaling_groups": [
              "todoapp-asg"
            ],
            "blue_green_deployment_config": [],
            "compute_platform": "Server",
            "deployment_config_name": "CodeDeployDefault.AllAtOnce",
            "deployment_group_id": "942f411b-573e-4e29-b5fc-c917b57a9f56",
            "deployment_group_name": "app-deployment-group",
            "deployment_style": [
              {
                "deployment_option": "WITHOUT_TRAFFIC_CONTROL",
                "deployment_type": "IN_PLACE"
              }
            ],
            "ec2_tag_filter": [],
            "ec2_tag_set": [
              {
                "ec2_tag_filter": [
                  {
                    "key": "Name",
                    "type": "KEY_AND_VALUE",
                    "value": "codedeploy-instance"
                  }
                ]
              }
            ],
            "ecs_service": [],
            "id": "942f411b-573e-4e29-b5fc-c917b57a9f56",
            "load_balancer_info": [],
            "on_premises_instance_tag_filter": [],
            "outdated_instances_strategy": "UPDATE",
            "service_role_arn": "arn:aws:iam::160885258086:role/codedeploy-role",
            "tags": null,
            "tags_all": {},
            "termination_hook_enabled": false,
            "trigger_configuration": []
          },
          "sensitive_attributes": [],
          "private": "bnVsbA==",
          "dependencies": [
            "module.asg_group.aws_autoscaling_group.todoapp_asg",
            "module.codedeploy.aws_codedeploy_app.app_deploy",
            "module.iamrole-codedeploy.aws_iam_role.codedeploy_role",
            "module.iamrole-ec2.aws_iam_instance_profile.ec2_instance_profile",
            "module.iamrole-ec2.aws_iam_role.ec2_instance_role",
            "module.key-pair.aws_key_pair.master-key",
            "module.lb-target-groups.aws_lb_target_group.app-lb-tg",
            "module.lc.aws_launch_template.todoapp_lt",
            "module.region-az.data.aws_availability_zones.available",
            "module.sg_app.aws_security_group.nodejs_app_sg",
            "module.subnet_private_1.aws_subnet.subnet_public",
            "module.subnet_private_2.aws_subnet.subnet_public",
            "module.vpc-app.aws_vpc.vpc_master"
          ]
        }
      ]
    },
    {
      "module": "module.codepipeline",
      "mode": "managed",
      "type": "aws_codepipeline",
      "name": "app_pipeline",
      "provider": "provider[\"registry.terraform.io/hashicorp/aws\"].region-master",
      "instances": [
        {
          "schema_version": 0,
          "attributes": {
            "arn": "arn:aws:codepipeline:ap-southeast-1:160885258086:app-deploy-pipeline",
            "artifact_store": [
              {
                "encryption_key": [],
                "location": "taskapp-cb-cd-cp",
                "region": "",
                "type": "S3"
              }
            ],
            "execution_mode": "SUPERSEDED",
            "id": "app-deploy-pipeline",
            "name": "app-deploy-pipeline",
            "pipeline_type": "V1",
            "role_arn": "arn:aws:iam::160885258086:role/codepipeline-role",
            "stage": [
              {
                "action": [
                  {
                    "category": "Source",
                    "configuration": {
                      "S3Bucket": "taskapp-cb-cd-cp",
                      "S3ObjectKey": "artifacts/build-output"
                    },
                    "input_artifacts": null,
                    "name": "Source",
                    "namespace": "",
                    "output_artifacts": [
                      "source_output"
                    ],
                    "owner": "AWS",
                    "provider": "S3",
                    "region": "",
                    "role_arn": "",
                    "run_order": 1,
                    "timeout_in_minutes": 0,
                    "version": "1"
                  }
                ],
                "before_entry": [],
                "name": "Source",
                "on_failure": [],
                "on_success": []
              },
              {
                "action": [
                  {
                    "category": "Deploy",
                    "configuration": {
                      "ApplicationName": "app-deploy-application",
                      "DeploymentGroupName": "app-deployment-group"
                    },
                    "input_artifacts": [
                      "source_output"
                    ],
                    "name": "CodeDeploy",
                    "namespace": "",
                    "output_artifacts": null,
                    "owner": "AWS",
                    "provider": "CodeDeploy",
                    "region": "",
                    "role_arn": "",
                    "run_order": 1,
                    "timeout_in_minutes": 0,
                    "version": "1"
                  }
                ],
                "before_entry": [],
                "name": "Deploy",
                "on_failure": [],
                "on_success": []
              }
            ],
            "tags": null,
            "tags_all": {},
            "trigger": [],
            "trigger_all": [],
            "variable": []
          },
          "sensitive_attributes": [],
          "private": "bnVsbA==",
          "dependencies": [
            "module.codedeploy.aws_codedeploy_app.app_deploy",
            "module.iamrole-codepipeline.aws_iam_role.codepipeline_role",
            "module.s3-todo-cb-cd.aws_s3_bucket.build_artifacts"
          ]
        }
      ]
    },
    {
      "module": "module.db_rds",
      "mode": "managed",
      "type": "aws_db_instance",
      "name": "mysql",
      "provider": "provider[\"registry.terraform.io/hashicorp/aws\"].region-master",
      "instances": [
        {
          "schema_version": 2,
          "attributes": {
            "address": "terraform-2025041512210789260000000c.cvq6em6w07f8.ap-southeast-1.rds.amazonaws.com",
            "allocated_storage": 20,
            "allow_major_version_upgrade": null,
            "apply_immediately": false,
            "arn": "arn:aws:rds:ap-southeast-1:160885258086:db:terraform-2025041512210789260000000c",
            "auto_minor_version_upgrade": true,
            "availability_zone": "ap-southeast-1a",
            "backup_retention_period": 0,
            "backup_target": "region",
            "backup_window": "20:45-21:15",
            "blue_green_update": [],
            "ca_cert_identifier": "rds-ca-rsa2048-g1",
            "character_set_name": "",
            "copy_tags_to_snapshot": false,
            "custom_iam_instance_profile": "",
            "customer_owned_ip_enabled": false,
            "database_insights_mode": "standard",
            "db_name": "task_manager",
            "db_subnet_group_name": "mysql-subnet-group",
            "dedicated_log_volume": false,
            "delete_automated_backups": true,
            "deletion_protection": false,
            "domain": "",
            "domain_auth_secret_arn": "",
            "domain_dns_ips": null,
            "domain_fqdn": "",
            "domain_iam_role_name": "",
            "domain_ou": "",
            "enabled_cloudwatch_logs_exports": null,
            "endpoint": "terraform-2025041512210789260000000c.cvq6em6w07f8.ap-southeast-1.rds.amazonaws.com:3306",
            "engine": "mysql",
            "engine_lifecycle_support": "open-source-rds-extended-support",
            "engine_version": "8.0",
            "engine_version_actual": "8.0.40",
            "final_snapshot_identifier": null,
            "hosted_zone_id": "Z2G0U3KFCY8NZ5",
            "iam_database_authentication_enabled": false,
            "id": "db-BVBPPTKLKYCGNAHWJPI4C2UUZY",
            "identifier": "terraform-2025041512210789260000000c",
            "identifier_prefix": "terraform-",
            "instance_class": "db.t3.micro",
            "iops": 0,
            "kms_key_id": "",
            "latest_restorable_time": "",
            "license_model": "general-public-license",
            "listener_endpoint": [],
            "maintenance_window": "sun:16:37-sun:17:07",
            "manage_master_user_password": null,
            "master_user_secret": [],
            "master_user_secret_kms_key_id": null,
            "max_allocated_storage": 100,
            "monitoring_interval": 0,
            "monitoring_role_arn": "",
            "multi_az": false,
            "nchar_character_set_name": "",
            "network_type": "IPV4",
            "option_group_name": "default:mysql-8-0",
            "parameter_group_name": "default.mysql8.0",
            "password": "MySecurePassw0rd123!",
            "password_wo": null,
            "password_wo_version": null,
            "performance_insights_enabled": false,
            "performance_insights_kms_key_id": "",
            "performance_insights_retention_period": 0,
            "port": 3306,
            "publicly_accessible": false,
            "replica_mode": "",
            "replicas": [],
            "replicate_source_db": "",
            "resource_id": "db-BVBPPTKLKYCGNAHWJPI4C2UUZY",
            "restore_to_point_in_time": [],
            "s3_import": [],
            "skip_final_snapshot": true,
            "snapshot_identifier": null,
            "status": "available",
            "storage_encrypted": false,
            "storage_throughput": 0,
            "storage_type": "gp2",
            "tags": {
              "Name": "mysql-instance"
            },
            "tags_all": {
              "Name": "mysql-instance"
            },
            "timeouts": null,
            "timezone": "",
            "upgrade_storage_config": null,
            "username": "admin",
            "vpc_security_group_ids": [
              "sg-07bf59a1c19956143"
            ]
          },
          "sensitive_attributes": [
            [
              {
                "type": "get_attr",
                "value": "db_name"
              }
            ],
            [
              {
                "type": "get_attr",
                "value": "username"
              }
            ],
            [
              {
                "type": "get_attr",
                "value": "password_wo"
              }
            ],
            [
              {
                "type": "get_attr",
                "value": "password"
              }
            ]
          ],
          "private": "eyJlMmJmYjczMC1lY2FhLTExZTYtOGY4OC0zNDM2M2JjN2M0YzAiOnsiY3JlYXRlIjozMDAwMDAwMDAwMDAwLCJkZWxldGUiOjM2MDAwMDAwMDAwMDAsInVwZGF0ZSI6NDgwMDAwMDAwMDAwMH0sInNjaGVtYV92ZXJzaW9uIjoiMiJ9",
          "dependencies": [
            "module.db_subnet_group.aws_db_subnet_group.main",
            "module.region-az.data.aws_availability_zones.available",
            "module.sg-db-rds.aws_security_group.rds_sg",
            "module.subnet_private_3.aws_subnet.subnet_public",
            "module.subnet_private_4.aws_subnet.subnet_public",
            "module.vpc-app.aws_vpc.vpc_master"
          ]
        }
      ]
    },
    {
      "module": "module.db_secret",
      "mode": "managed",
      "type": "aws_secretsmanager_secret",
      "name": "db_secret",
      "provider": "provider[\"registry.terraform.io/hashicorp/aws\"].region-master",
      "instances": [
        {
          "schema_version": 0,
          "attributes": {
            "arn": "arn:aws:secretsmanager:ap-southeast-1:160885258086:secret:secrett_dbb_myysql_1-Q1jAqU",
            "description": "MySQL database credentials",
            "force_overwrite_replica_secret": false,
            "id": "arn:aws:secretsmanager:ap-southeast-1:160885258086:secret:secrett_dbb_myysql_1-Q1jAqU",
            "kms_key_id": "",
            "name": "secrett_dbb_myysql_1",
            "name_prefix": "",
            "policy": "",
            "recovery_window_in_days": 30,
            "replica": [],
            "tags": {
              "Name": "mysql-db-secret"
            },
            "tags_all": {
              "Name": "mysql-db-secret"
            }
          },
          "sensitive_attributes": [
            [
              {
                "type": "get_attr",
                "value": "name"
              }
            ]
          ],
          "private": "bnVsbA==",
          "dependencies": [
            "module.db_rds.aws_db_instance.mysql",
            "module.db_subnet_group.aws_db_subnet_group.main",
            "module.region-az.data.aws_availability_zones.available",
            "module.sg-db-rds.aws_security_group.rds_sg",
            "module.subnet_private_3.aws_subnet.subnet_public",
            "module.subnet_private_4.aws_subnet.subnet_public",
            "module.vpc-app.aws_vpc.vpc_master"
          ]
        }
      ]
    },
    {
      "module": "module.db_secret",
      "mode": "managed",
      "type": "aws_secretsmanager_secret_version",
      "name": "db_secret_version",
      "provider": "provider[\"registry.terraform.io/hashicorp/aws\"].region-master",
      "instances": [
        {
          "schema_version": 0,
          "attributes": {
            "arn": "arn:aws:secretsmanager:ap-southeast-1:160885258086:secret:secrett_dbb_myysql_1-Q1jAqU",
            "has_secret_string_wo": null,
            "id": "arn:aws:secretsmanager:ap-southeast-1:160885258086:secret:secrett_dbb_myysql_1-Q1jAqU|terraform-20250415122431860200000011",
            "secret_binary": "",
            "secret_id": "arn:aws:secretsmanager:ap-southeast-1:160885258086:secret:secrett_dbb_myysql_1-Q1jAqU",
            "secret_string": "{\"db_name\":\"task_manager\",\"host\":\"terraform-2025041512210789260000000c.cvq6em6w07f8.ap-southeast-1.rds.amazonaws.com\",\"password\":\"MySecurePassw0rd123!\",\"port\":\"3306\",\"username\":\"admin\"}",
            "secret_string_wo": null,
            "secret_string_wo_version": null,
            "version_id": "terraform-20250415122431860200000011",
            "version_stages": [
              "AWSCURRENT"
            ]
          },
          "sensitive_attributes": [
            [
              {
                "type": "get_attr",
                "value": "secret_string"
              }
            ],
            [
              {
                "type": "get_attr",
                "value": "secret_binary"
              }
            ],
            [
              {
                "type": "get_attr",
                "value": "secret_string_wo"
              }
            ]
          ],
          "private": "bnVsbA==",
          "dependencies": [
            "module.db_rds.aws_db_instance.mysql",
            "module.db_secret.aws_secretsmanager_secret.db_secret",
            "module.db_subnet_group.aws_db_subnet_group.main",
            "module.region-az.data.aws_availability_zones.available",
            "module.sg-db-rds.aws_security_group.rds_sg",
            "module.subnet_private_3.aws_subnet.subnet_public",
            "module.subnet_private_4.aws_subnet.subnet_public",
            "module.vpc-app.aws_vpc.vpc_master"
          ]
        }
      ]
    },
    {
      "module": "module.db_subnet_group",
      "mode": "managed",
      "type": "aws_db_subnet_group",
      "name": "main",
      "provider": "provider[\"registry.terraform.io/hashicorp/aws\"].region-master",
      "instances": [
        {
          "schema_version": 0,
          "attributes": {
            "arn": "arn:aws:rds:ap-southeast-1:160885258086:subgrp:mysql-subnet-group",
            "description": "Managed by Terraform",
            "id": "mysql-subnet-group",
            "name": "mysql-subnet-group",
            "name_prefix": "",
            "subnet_ids": [
              "subnet-049416046bae6bde0",
              "subnet-05ec4b4914a8f6595"
            ],
            "supported_network_types": [
              "IPV4"
            ],
            "tags": {
              "Name": "mysql-subnet-group"
            },
            "tags_all": {
              "Name": "mysql-subnet-group"
            },
            "vpc_id": "vpc-00a1ca51d7a76ea1d"
          },
          "sensitive_attributes": [],
          "private": "bnVsbA==",
          "dependencies": [
            "module.region-az.data.aws_availability_zones.available",
            "module.subnet_private_3.aws_subnet.subnet_public",
            "module.subnet_private_4.aws_subnet.subnet_public",
            "module.vpc-app.aws_vpc.vpc_master"
          ]
        }
      ]
    },
    {
      "module": "module.eip_ngw_1",
      "mode": "managed",
      "type": "aws_eip",
      "name": "nat_eip_a",
      "provider": "provider[\"registry.terraform.io/hashicorp/aws\"].region-master",
      "instances": [
        {
          "schema_version": 0,
          "attributes": {
            "address": null,
            "allocation_id": "eipalloc-09d64e4c3e5429dd3",
            "arn": "arn:aws:ec2:ap-southeast-1:160885258086:elastic-ip/eipalloc-09d64e4c3e5429dd3",
            "associate_with_private_ip": null,
            "association_id": "",
            "carrier_ip": "",
            "customer_owned_ip": "",
            "customer_owned_ipv4_pool": "",
            "domain": "vpc",
            "id": "eipalloc-09d64e4c3e5429dd3",
            "instance": "",
            "ipam_pool_id": null,
            "network_border_group": "ap-southeast-1",
            "network_interface": "",
            "private_dns": null,
            "private_ip": "",
            "ptr_record": "",
            "public_dns": "ec2-13-228-36-90.ap-southeast-1.compute.amazonaws.com",
            "public_ip": "13.228.36.90",
            "public_ipv4_pool": "amazon",
            "tags": {
              "Name": "eip_ngw_1"
            },
            "tags_all": {
              "Name": "eip_ngw_1"
            },
            "timeouts": null,
            "vpc": true
          },
          "sensitive_attributes": [],
          "private": "eyJlMmJmYjczMC1lY2FhLTExZTYtOGY4OC0zNDM2M2JjN2M0YzAiOnsiZGVsZXRlIjoxODAwMDAwMDAwMDAsInJlYWQiOjkwMDAwMDAwMDAwMCwidXBkYXRlIjozMDAwMDAwMDAwMDB9fQ=="
        }
      ]
    },
    {
      "module": "module.eip_ngw_2",
      "mode": "managed",
      "type": "aws_eip",
      "name": "nat_eip_a",
      "provider": "provider[\"registry.terraform.io/hashicorp/aws\"].region-master",
      "instances": [
        {
          "schema_version": 0,
          "attributes": {
            "address": null,
            "allocation_id": "eipalloc-0a62a32592373b2dd",
            "arn": "arn:aws:ec2:ap-southeast-1:160885258086:elastic-ip/eipalloc-0a62a32592373b2dd",
            "associate_with_private_ip": null,
            "association_id": "",
            "carrier_ip": "",
            "customer_owned_ip": "",
            "customer_owned_ipv4_pool": "",
            "domain": "vpc",
            "id": "eipalloc-0a62a32592373b2dd",
            "instance": "",
            "ipam_pool_id": null,
            "network_border_group": "ap-southeast-1",
            "network_interface": "",
            "private_dns": null,
            "private_ip": "",
            "ptr_record": "",
            "public_dns": "ec2-54-179-204-211.ap-southeast-1.compute.amazonaws.com",
            "public_ip": "54.179.204.211",
            "public_ipv4_pool": "amazon",
            "tags": {
              "Name": "eip_ngw_2"
            },
            "tags_all": {
              "Name": "eip_ngw_2"
            },
            "timeouts": null,
            "vpc": true
          },
          "sensitive_attributes": [],
          "private": "eyJlMmJmYjczMC1lY2FhLTExZTYtOGY4OC0zNDM2M2JjN2M0YzAiOnsiZGVsZXRlIjoxODAwMDAwMDAwMDAsInJlYWQiOjkwMDAwMDAwMDAwMCwidXBkYXRlIjozMDAwMDAwMDAwMDB9fQ=="
        }
      ]
    },
    {
      "module": "module.eventbridge",
      "mode": "managed",
      "type": "aws_cloudwatch_event_rule",
      "name": "codebuild_failure",
      "provider": "provider[\"registry.terraform.io/hashicorp/aws\"].region-master",
      "instances": [
        {
          "schema_version": 1,
          "attributes": {
            "arn": "arn:aws:events:ap-southeast-1:160885258086:rule/codepipeline-failure",
            "description": "Triggers when a CodeBuild build fails",
            "event_bus_name": "default",
            "event_pattern": "{\"detail\":{\"build-status\":[\"FAILED\"]},\"detail-type\":[\"CodeBuild Build State Change\"],\"source\":[\"aws.codepipeline\"]}",
            "force_destroy": false,
            "id": "codepipeline-failure",
            "is_enabled": true,
            "name": "codepipeline-failure",
            "name_prefix": "",
            "role_arn": "",
            "schedule_expression": "",
            "state": "ENABLED",
            "tags": null,
            "tags_all": {}
          },
          "sensitive_attributes": [],
          "private": "eyJzY2hlbWFfdmVyc2lvbiI6IjEifQ=="
        }
      ]
    },
    {
      "module": "module.eventbridge",
      "mode": "managed",
      "type": "aws_cloudwatch_event_target",
      "name": "invoke_lambda",
      "provider": "provider[\"registry.terraform.io/hashicorp/aws\"].region-master",
      "instances": [
        {
          "schema_version": 1,
          "attributes": {
            "appsync_target": [],
            "arn": "arn:aws:lambda:ap-southeast-1:160885258086:function:diagnose_failed",
            "batch_target": [],
            "dead_letter_config": [],
            "ecs_target": [],
            "event_bus_name": "default",
            "force_destroy": false,
            "http_target": [],
            "id": "codepipeline-failure-InvokeLambda",
            "input": "",
            "input_path": "",
            "input_transformer": [],
            "kinesis_target": [],
            "redshift_target": [],
            "retry_policy": [],
            "role_arn": "",
            "rule": "codepipeline-failure",
            "run_command_targets": [],
            "sagemaker_pipeline_target": [],
            "sqs_target": [],
            "target_id": "InvokeLambda"
          },
          "sensitive_attributes": [],
          "private": "eyJzY2hlbWFfdmVyc2lvbiI6IjEifQ==",
          "dependencies": [
            "module.eventbridge.aws_cloudwatch_event_rule.codebuild_failure",
            "module.iamrole-lambda.aws_iam_role.lambda_role",
            "module.lambda_function.aws_lambda_function.diagnose_code",
            "module.lambda_function.data.archive_file.lambda_zip",
            "module.sns.aws_sns_topic.build_failure"
          ]
        }
      ]
    },
    {
      "module": "module.iamrole-codebuild",
      "mode": "managed",
      "type": "aws_iam_policy",
      "name": "codebuild_autoscaling_policy",
      "provider": "provider[\"registry.terraform.io/hashicorp/aws\"].region-master",
      "instances": [
        {
          "schema_version": 0,
          "attributes": {
            "arn": "arn:aws:iam::160885258086:policy/CodeBuildAutoScalingPolicy",
            "attachment_count": 0,
            "description": "Grants CodeBuild permission to manage Auto Scaling lifecycle",
            "id": "arn:aws:iam::160885258086:policy/CodeBuildAutoScalingPolicy",
            "name": "CodeBuildAutoScalingPolicy",
            "name_prefix": "",
            "path": "/",
            "policy": "{\"Statement\":[{\"Action\":[\"autoscaling:CompleteLifecycleAction\",\"autoscaling:DeleteLifecycleHook\",\"autoscaling:DescribeAutoScalingGroups\",\"autoscaling:DescribeLifecycleHooks\",\"autoscaling:PutLifecycleHook\",\"autoscaling:RecordLifecycleActionHeartbeat\",\"autoscaling:UpdateAutoScalingGroup\",\"autoscaling:AttachInstances\",\"autoscaling:DetachInstances\",\"autoscaling:TerminateInstanceInAutoScalingGroup\",\"autoscaling:SetDesiredCapacity\",\"autoscaling:CreateOrUpdateTags\",\"autoscaling:SuspendProcesses\",\"autoscaling:ResumeProcesses\"],\"Effect\":\"Allow\",\"Resource\":\"*\"}],\"Version\":\"2012-10-17\"}",
            "policy_id": "ANPASK5MCG5TEICUEKNQ5",
            "tags": null,
            "tags_all": {}
          },
          "sensitive_attributes": [],
          "private": "bnVsbA=="
        }
      ]
    },
    {
      "module": "module.iamrole-codebuild",
      "mode": "managed",
      "type": "aws_iam_policy_attachment",
      "name": "codebuild_autoscaling_attach",
      "provider": "provider[\"registry.terraform.io/hashicorp/aws\"].region-master",
      "instances": [
        {
          "schema_version": 0,
          "attributes": {
            "groups": null,
            "id": "codebuild-autoscaling-policy-attachment",
            "name": "codebuild-autoscaling-policy-attachment",
            "policy_arn": "arn:aws:iam::160885258086:policy/CodeBuildAutoScalingPolicy",
            "roles": [
              "codebuild-role"
            ],
            "users": null
          },
          "sensitive_attributes": [],
          "private": "bnVsbA==",
          "dependencies": [
            "module.iamrole-codebuild.aws_iam_policy.codebuild_autoscaling_policy",
            "module.iamrole-codebuild.aws_iam_role.codebuild_role"
          ]
        }
      ]
    },
    {
      "module": "module.iamrole-codebuild",
      "mode": "managed",
      "type": "aws_iam_role",
      "name": "codebuild_role",
      "provider": "provider[\"registry.terraform.io/hashicorp/aws\"].region-master",
      "instances": [
        {
          "schema_version": 0,
          "attributes": {
            "arn": "arn:aws:iam::160885258086:role/codebuild-role",
            "assume_role_policy": "{\"Statement\":[{\"Action\":\"sts:AssumeRole\",\"Effect\":\"Allow\",\"Principal\":{\"Service\":\"codebuild.amazonaws.com\"}}],\"Version\":\"2012-10-17\"}",
            "create_date": "2025-04-15T12:20:50Z",
            "description": "",
            "force_detach_policies": false,
            "id": "codebuild-role",
            "inline_policy": [],
            "managed_policy_arns": [],
            "max_session_duration": 3600,
            "name": "codebuild-role",
            "name_prefix": "",
            "path": "/",
            "permissions_boundary": "",
            "tags": null,
            "tags_all": {},
            "unique_id": "AROASK5MCG5TPW2V2VTBJ"
          },
          "sensitive_attributes": [],
          "private": "bnVsbA=="
        }
      ]
    },
    {
      "module": "module.iamrole-codebuild",
      "mode": "managed",
      "type": "aws_iam_role_policy_attachment",
      "name": "codebuild_policy",
      "provider": "provider[\"registry.terraform.io/hashicorp/aws\"].region-master",
      "instances": [
        {
          "schema_version": 0,
          "attributes": {
            "id": "codebuild-role-20250415122054463400000003",
            "policy_arn": "arn:aws:iam::aws:policy/AdministratorAccess",
            "role": "codebuild-role"
          },
          "sensitive_attributes": [],
          "private": "bnVsbA==",
          "dependencies": [
            "module.iamrole-codebuild.aws_iam_role.codebuild_role"
          ]
        }
      ]
    },
    {
      "module": "module.iamrole-codedeploy",
      "mode": "managed",
      "type": "aws_iam_role",
      "name": "codedeploy_role",
      "provider": "provider[\"registry.terraform.io/hashicorp/aws\"].region-master",
      "instances": [
        {
          "schema_version": 0,
          "attributes": {
            "arn": "arn:aws:iam::160885258086:role/codedeploy-role",
            "assume_role_policy": "{\"Statement\":[{\"Action\":\"sts:AssumeRole\",\"Effect\":\"Allow\",\"Principal\":{\"Service\":\"codedeploy.amazonaws.com\"}}],\"Version\":\"2012-10-17\"}",
            "create_date": "2025-04-15T12:20:50Z",
            "description": "",
            "force_detach_policies": false,
            "id": "codedeploy-role",
            "inline_policy": [],
            "managed_policy_arns": [],
            "max_session_duration": 3600,
            "name": "codedeploy-role",
            "name_prefix": "",
            "path": "/",
            "permissions_boundary": "",
            "tags": null,
            "tags_all": {},
            "unique_id": "AROASK5MCG5TB5O54HBO4"
          },
          "sensitive_attributes": [],
          "private": "bnVsbA=="
        }
      ]
    },
    {
      "module": "module.iamrole-codedeploy",
      "mode": "managed",
      "type": "aws_iam_role_policy_attachment",
      "name": "codedeploy_policy",
      "provider": "provider[\"registry.terraform.io/hashicorp/aws\"].region-master",
      "instances": [
        {
          "schema_version": 0,
          "attributes": {
            "id": "codedeploy-role-20250415122055019000000005",
            "policy_arn": "arn:aws:iam::aws:policy/AdministratorAccess",
            "role": "codedeploy-role"
          },
          "sensitive_attributes": [],
          "private": "bnVsbA==",
          "dependencies": [
            "module.iamrole-codedeploy.aws_iam_role.codedeploy_role"
          ]
        }
      ]
    },
    {
      "module": "module.iamrole-codepipeline",
      "mode": "managed",
      "type": "aws_iam_role",
      "name": "codepipeline_role",
      "provider": "provider[\"registry.terraform.io/hashicorp/aws\"].region-master",
      "instances": [
        {
          "schema_version": 0,
          "attributes": {
            "arn": "arn:aws:iam::160885258086:role/codepipeline-role",
            "assume_role_policy": "{\"Statement\":[{\"Action\":\"sts:AssumeRole\",\"Effect\":\"Allow\",\"Principal\":{\"Service\":\"codepipeline.amazonaws.com\"}}],\"Version\":\"2012-10-17\"}",
            "create_date": "2025-04-15T12:20:50Z",
            "description": "",
            "force_detach_policies": false,
            "id": "codepipeline-role",
            "inline_policy": [],
            "managed_policy_arns": [],
            "max_session_duration": 3600,
            "name": "codepipeline-role",
            "name_prefix": "",
            "path": "/",
            "permissions_boundary": "",
            "tags": null,
            "tags_all": {},
            "unique_id": "AROASK5MCG5TBW5YWUR65"
          },
          "sensitive_attributes": [],
          "private": "bnVsbA=="
        }
      ]
    },
    {
      "module": "module.iamrole-codepipeline",
      "mode": "managed",
      "type": "aws_iam_role_policy_attachment",
      "name": "codepipeline_policy",
      "provider": "provider[\"registry.terraform.io/hashicorp/aws\"].region-master",
      "instances": [
        {
          "schema_version": 0,
          "attributes": {
            "id": "codepipeline-role-20250415122055054900000006",
            "policy_arn": "arn:aws:iam::aws:policy/AdministratorAccess",
            "role": "codepipeline-role"
          },
          "sensitive_attributes": [],
          "private": "bnVsbA==",
          "dependencies": [
            "module.iamrole-codepipeline.aws_iam_role.codepipeline_role"
          ]
        }
      ]
    },
    {
      "module": "module.iamrole-ec2",
      "mode": "managed",
      "type": "aws_iam_instance_profile",
      "name": "ec2_instance_profile",
      "provider": "provider[\"registry.terraform.io/hashicorp/aws\"].region-master",
      "instances": [
        {
          "schema_version": 0,
          "attributes": {
            "arn": "arn:aws:iam::160885258086:instance-profile/ec2-instance-profile",
            "create_date": "2025-04-15T12:20:51Z",
            "id": "ec2-instance-profile",
            "name": "ec2-instance-profile",
            "name_prefix": "",
            "path": "/",
            "role": "ec2-instance-role",
            "tags": null,
            "tags_all": {},
            "unique_id": "AIPASK5MCG5TNLCYRIAQK"
          },
          "sensitive_attributes": [],
          "private": "bnVsbA==",
          "dependencies": [
            "module.iamrole-ec2.aws_iam_role.ec2_instance_role"
          ]
        }
      ]
    },
    {
      "module": "module.iamrole-ec2",
      "mode": "managed",
      "type": "aws_iam_role",
      "name": "ec2_instance_role",
      "provider": "provider[\"registry.terraform.io/hashicorp/aws\"].region-master",
      "instances": [
        {
          "schema_version": 0,
          "attributes": {
            "arn": "arn:aws:iam::160885258086:role/ec2-instance-role",
            "assume_role_policy": "{\"Statement\":[{\"Action\":\"sts:AssumeRole\",\"Effect\":\"Allow\",\"Principal\":{\"Service\":\"ec2.amazonaws.com\"}}],\"Version\":\"2012-10-17\"}",
            "create_date": "2025-04-15T12:20:50Z",
            "description": "",
            "force_detach_policies": false,
            "id": "ec2-instance-role",
            "inline_policy": [],
            "managed_policy_arns": [],
            "max_session_duration": 3600,
            "name": "ec2-instance-role",
            "name_prefix": "",
            "path": "/",
            "permissions_boundary": "",
            "tags": null,
            "tags_all": {},
            "unique_id": "AROASK5MCG5TNTERFP7BX"
          },
          "sensitive_attributes": [],
          "private": "bnVsbA=="
        }
      ]
    },
    {
      "module": "module.iamrole-ec2",
      "mode": "managed",
      "type": "aws_iam_role_policy_attachment",
      "name": "ec2_policy",
      "provider": "provider[\"registry.terraform.io/hashicorp/aws\"].region-master",
      "instances": [
        {
          "schema_version": 0,
          "attributes": {
            "id": "ec2-instance-role-20250415122054554500000004",
            "policy_arn": "arn:aws:iam::aws:policy/AdministratorAccess",
            "role": "ec2-instance-role"
          },
          "sensitive_attributes": [],
          "private": "bnVsbA==",
          "dependencies": [
            "module.iamrole-ec2.aws_iam_role.ec2_instance_role"
          ]
        }
      ]
    },
    {
      "module": "module.iamrole-lambda",
      "mode": "managed",
      "type": "aws_iam_policy",
      "name": "sns_publish_policy",
      "provider": "provider[\"registry.terraform.io/hashicorp/aws\"].region-master",
      "instances": [
        {
          "schema_version": 0,
          "attributes": {
            "arn": "arn:aws:iam::160885258086:policy/sns-publish-for-lambda",
            "attachment_count": 0,
            "description": "Allows Lambda to publish to SNS topic",
            "id": "arn:aws:iam::160885258086:policy/sns-publish-for-lambda",
            "name": "sns-publish-for-lambda",
            "name_prefix": "",
            "path": "/",
            "policy": "{\"Statement\":[{\"Action\":\"sns:Publish\",\"Effect\":\"Allow\",\"Resource\":\"arn:aws:sns:ap-southeast-1:160885258086:codepipeline-failure-notifications\"}],\"Version\":\"2012-10-17\"}",
            "policy_id": "ANPASK5MCG5TF6SGJKWFZ",
            "tags": null,
            "tags_all": {}
          },
          "sensitive_attributes": [],
          "private": "bnVsbA==",
          "dependencies": [
            "module.sns.aws_sns_topic.build_failure"
          ]
        }
      ]
    },
    {
      "module": "module.iamrole-lambda",
      "mode": "managed",
      "type": "aws_iam_role",
      "name": "lambda_role",
      "provider": "provider[\"registry.terraform.io/hashicorp/aws\"].region-master",
      "instances": [
        {
          "schema_version": 0,
          "attributes": {
            "arn": "arn:aws:iam::160885258086:role/codepipeline-failure-lambda-role",
            "assume_role_policy": "{\"Statement\":[{\"Action\":\"sts:AssumeRole\",\"Effect\":\"Allow\",\"Principal\":{\"Service\":\"lambda.amazonaws.com\"}}],\"Version\":\"2012-10-17\"}",
            "create_date": "2025-04-15T12:20:50Z",
            "description": "",
            "force_detach_policies": false,
            "id": "codepipeline-failure-lambda-role",
            "inline_policy": [],
            "managed_policy_arns": [],
            "max_session_duration": 3600,
            "name": "codepipeline-failure-lambda-role",
            "name_prefix": "",
            "path": "/",
            "permissions_boundary": "",
            "tags": null,
            "tags_all": {},
            "unique_id": "AROASK5MCG5TGDSTR4CS6"
          },
          "sensitive_attributes": [],
          "private": "bnVsbA=="
        }
      ]
    },
    {
      "module": "module.iamrole-lambda",
      "mode": "managed",
      "type": "aws_iam_role_policy_attachment",
      "name": "lambda_basic_execution",
      "provider": "provider[\"registry.terraform.io/hashicorp/aws\"].region-master",
      "instances": [
        {
          "schema_version": 0,
          "attributes": {
            "id": "codepipeline-failure-lambda-role-20250415122054352500000002",
            "policy_arn": "arn:aws:iam::aws:policy/AdministratorAccess",
            "role": "codepipeline-failure-lambda-role"
          },
          "sensitive_attributes": [],
          "private": "bnVsbA==",
          "dependencies": [
            "module.iamrole-lambda.aws_iam_role.lambda_role"
          ]
        }
      ]
    },
    {
      "module": "module.iamrole-lambda",
      "mode": "managed",
      "type": "aws_iam_role_policy_attachment",
      "name": "lambda_sns_publish",
      "provider": "provider[\"registry.terraform.io/hashicorp/aws\"].region-master",
      "instances": [
        {
          "schema_version": 0,
          "attributes": {
            "id": "codepipeline-failure-lambda-role-20250415122055197100000007",
            "policy_arn": "arn:aws:iam::160885258086:policy/sns-publish-for-lambda",
            "role": "codepipeline-failure-lambda-role"
          },
          "sensitive_attributes": [],
          "private": "bnVsbA==",
          "dependencies": [
            "module.iamrole-lambda.aws_iam_policy.sns_publish_policy",
            "module.iamrole-lambda.aws_iam_role.lambda_role",
            "module.sns.aws_sns_topic.build_failure"
          ]
        }
      ]
    },
    {
      "module": "module.iamrole-s3",
      "mode": "managed",
      "type": "aws_iam_role_policy",
      "name": "codebuild_s3",
      "provider": "provider[\"registry.terraform.io/hashicorp/aws\"].region-master",
      "instances": [
        {
          "schema_version": 0,
          "attributes": {
            "id": "codebuild-role:codebuild-s3-policy",
            "name": "codebuild-s3-policy",
            "name_prefix": "",
            "policy": "{\"Version\":\"2012-10-17\",\"Statement\":[{\"Action\":[\"s3:GetObject\",\"s3:GetObjectVersion\",\"s3:PutObject\",\"s3:GetBucketAcl\",\"s3:GetBucketLocation\"],\"Effect\":\"Allow\",\"Resource\":[\"arn:aws:s3:::taskapp-cb-cd-cp\",\"arn:aws:s3:::taskapp-cb-cd-cp/*\"]}]}",
            "role": "codebuild-role"
          },
          "sensitive_attributes": [],
          "private": "bnVsbA==",
          "dependencies": [
            "module.iamrole-codebuild.aws_iam_role.codebuild_role",
            "module.s3-todo-cb-cd.aws_s3_bucket.build_artifacts"
          ]
        }
      ]
    },
    {
      "module": "module.igw",
      "mode": "managed",
      "type": "aws_internet_gateway",
      "name": "igw",
      "provider": "provider[\"registry.terraform.io/hashicorp/aws\"].region-master",
      "instances": [
        {
          "schema_version": 0,
          "attributes": {
            "arn": "arn:aws:ec2:ap-southeast-1:160885258086:internet-gateway/igw-0f68e65cf06e36918",
            "id": "igw-0f68e65cf06e36918",
            "owner_id": "160885258086",
            "tags": {
              "Name": "igw-vpc-lab01"
            },
            "tags_all": {
              "Name": "igw-vpc-lab01"
            },
            "timeouts": null,
            "vpc_id": "vpc-00a1ca51d7a76ea1d"
          },
          "sensitive_attributes": [],
          "private": "eyJlMmJmYjczMC1lY2FhLTExZTYtOGY4OC0zNDM2M2JjN2M0YzAiOnsiY3JlYXRlIjoxMjAwMDAwMDAwMDAwLCJkZWxldGUiOjEyMDAwMDAwMDAwMDAsInVwZGF0ZSI6MTIwMDAwMDAwMDAwMH19",
          "dependencies": [
            "module.vpc-app.aws_vpc.vpc_master"
          ]
        }
      ]
    },
    {
      "module": "module.key-pair",
      "mode": "managed",
      "type": "aws_key_pair",
      "name": "master-key",
      "provider": "provider[\"registry.terraform.io/hashicorp/aws\"].region-master",
      "instances": [
        {
          "schema_version": 1,
          "attributes": {
            "arn": "arn:aws:ec2:ap-southeast-1:160885258086:key-pair/ssh_asg_bastion",
            "fingerprint": "1c:2f:3c:a4:92:11:a9:b6:58:f6:01:4f:25:34:cd:2a",
            "id": "ssh_asg_bastion",
            "key_name": "ssh_asg_bastion",
            "key_name_prefix": "",
            "key_pair_id": "key-033364d5488beeb01",
            "key_type": "rsa",
            "public_key": "ssh-rsa AAAAB3NzaC1yc2EAAAADAQABAAACAQCxd8DTQzyLHzRm4HsTzWvkLyoWdmLOG8T3fnMoJQF598zjgiHZkiv2ZvGX9NVxk/kUqcNvzth6uiJJSbeahQHbHl0q2S0dujJ+LJiyUNEd+z3DDNyw6CvWZim7viEkIWzoDDqIa2RyGu4M1YKwJOyt+AOSHvzxNTj5cG/Y4+57JrVEWE4mo/pkHn3VUhvAxxkkgrNkSeWDvGsp9spy6r5bHXzkMSXgYCZqbkzQpQw2eU1ixgKwr4Y9SPIOnSdlOEU0SpVZ6YYLpZvZbLCQN8gYf3B54Psp68gkZcUkwceFyf+6SUOoWyStUmNCpnGyRqcENt4fgc9A5sdCMLLA/S9VgZoosfzYUTks25Gk1ia5M91QdVj701kgNB17rHxpIUOM8T1QE9t/iwoVJYeYGGvow8g8bzLqBzah+Lds7hPfiH+UK7W/VaeqGIVGOVR3LyDQXwcuAJFEVdopNfIeiL1ADO6azZxoIyRfI2ISHrBnO/n4WO5QXEs/bqYX/P4Z5g8NawTNH4mlWzU3PjB7kRHbF+TxBi7xN4f6e2Qn255pESw4vokkyb4ZYmZtVhs2fmlQ6YxTx9SXNAH3vmbue0jYQBZ4QB/pdFxF6pPsrDREps4ZcNIV87vImxiD4cw/ApnjRrq3xosV72aPUm4xPLm79Wfn5aAdyrsUpSnA3Hx91Q==",
            "tags": null,
            "tags_all": {}
          },
          "sensitive_attributes": [],
          "private": "eyJzY2hlbWFfdmVyc2lvbiI6IjEifQ=="
        }
      ]
    },
    {
      "module": "module.lambda_function",
      "mode": "data",
      "type": "archive_file",
      "name": "lambda_zip",
      "provider": "provider[\"registry.terraform.io/hashicorp/archive\"]",
      "instances": [
        {
          "schema_version": 0,
          "attributes": {
            "exclude_symlink_directories": null,
            "excludes": null,
            "id": "67925d40b08459a1bc59750cd32296e3daad4c2c",
            "output_base64sha256": "QXIX+nHHMtPQpQAGfOqSTu1drHlnuQHhaIdYOWNVAew=",
            "output_base64sha512": "CBc/b3SImbvNzRwWBW+OB2tpQVfi10oKV2XfQ/XkuQu0BkISNoniVbqZPMcP/WSYG09PR343FtKimI/Ug+S9KQ==",
            "output_file_mode": null,
            "output_md5": "6c9586b9212d8736f850612815c6f102",
            "output_path": "Lambda/aws_lambda_function/lambda_function.zip",
            "output_sha": "67925d40b08459a1bc59750cd32296e3daad4c2c",
            "output_sha256": "417217fa71c732d3d0a500067cea924eed5dac7967b901e168875839635501ec",
            "output_sha512": "08173f6f748899bbcdcd1c16056f8e076b694157e2d74a0a5765df43f5e4b90bb40642123689e255ba993cc70ffd64981b4f4f477e3716d2a2988fd483e4bd29",
            "output_size": 1473,
            "source": [],
            "source_content": null,
            "source_content_filename": null,
            "source_dir": "Lambda/aws_lambda_function",
            "source_file": null,
            "type": "zip"
          },
          "sensitive_attributes": []
        }
      ]
    },
    {
      "module": "module.lambda_function",
      "mode": "managed",
      "type": "aws_lambda_function",
      "name": "diagnose_code",
      "provider": "provider[\"registry.terraform.io/hashicorp/aws\"].region-master",
      "instances": [
        {
          "schema_version": 0,
          "attributes": {
            "architectures": [
              "x86_64"
            ],
            "arn": "arn:aws:lambda:ap-southeast-1:160885258086:function:diagnose_failed",
            "code_sha256": "QXIX+nHHMtPQpQAGfOqSTu1drHlnuQHhaIdYOWNVAew=",
            "code_signing_config_arn": "",
            "dead_letter_config": [],
            "description": "",
            "environment": [
              {
                "variables": {
                  "SNS_TOPIC_ARN": "arn:aws:sns:ap-southeast-1:160885258086:codepipeline-failure-notifications"
                }
              }
            ],
            "ephemeral_storage": [
              {
                "size": 512
              }
            ],
            "file_system_config": [],
            "filename": "Lambda/aws_lambda_function/lambda_function.zip",
            "function_name": "diagnose_failed",
            "handler": "lambda_function.lambda_handler",
            "id": "diagnose_failed",
            "image_config": [],
            "image_uri": "",
            "invoke_arn": "arn:aws:apigateway:ap-southeast-1:lambda:path/2015-03-31/functions/arn:aws:lambda:ap-southeast-1:160885258086:function:diagnose_failed/invocations",
            "kms_key_arn": "",
            "last_modified": "2025-04-15T12:21:08.431+0000",
            "layers": null,
            "logging_config": [
              {
                "application_log_level": "",
                "log_format": "Text",
                "log_group": "/aws/lambda/diagnose_failed",
                "system_log_level": ""
              }
            ],
            "memory_size": 128,
            "package_type": "Zip",
            "publish": false,
            "qualified_arn": "arn:aws:lambda:ap-southeast-1:160885258086:function:diagnose_failed:$LATEST",
            "qualified_invoke_arn": "arn:aws:apigateway:ap-southeast-1:lambda:path/2015-03-31/functions/arn:aws:lambda:ap-southeast-1:160885258086:function:diagnose_failed:$LATEST/invocations",
            "replace_security_groups_on_destroy": null,
            "replacement_security_group_ids": null,
            "reserved_concurrent_executions": -1,
            "role": "arn:aws:iam::160885258086:role/codepipeline-failure-lambda-role",
            "runtime": "python3.8",
            "s3_bucket": null,
            "s3_key": null,
            "s3_object_version": null,
            "signing_job_arn": "",
            "signing_profile_version_arn": "",
            "skip_destroy": false,
            "snap_start": [],
            "source_code_hash": "",
            "source_code_size": 1473,
            "tags": null,
            "tags_all": {},
            "timeout": 3,
            "timeouts": null,
            "tracing_config": [
              {
                "mode": "PassThrough"
              }
            ],
            "version": "$LATEST",
            "vpc_config": []
          },
          "sensitive_attributes": [],
          "private": "eyJlMmJmYjczMC1lY2FhLTExZTYtOGY4OC0zNDM2M2JjN2M0YzAiOnsiY3JlYXRlIjo2MDAwMDAwMDAwMDAsImRlbGV0ZSI6NjAwMDAwMDAwMDAwLCJ1cGRhdGUiOjYwMDAwMDAwMDAwMH19",
          "dependencies": [
            "module.iamrole-lambda.aws_iam_role.lambda_role",
            "module.lambda_function.data.archive_file.lambda_zip",
            "module.sns.aws_sns_topic.build_failure"
          ]
        }
      ]
    },
    {
      "module": "module.lambda_permission",
      "mode": "managed",
      "type": "aws_lambda_permission",
      "name": "allow_eventbridge",
      "provider": "provider[\"registry.terraform.io/hashicorp/aws\"].region-master",
      "instances": [
        {
          "schema_version": 0,
          "attributes": {
            "action": "lambda:InvokeFunction",
            "event_source_token": null,
            "function_name": "diagnose_failed",
            "function_url_auth_type": null,
            "id": "AllowExecutionFromEventBridge",
            "principal": "events.amazonaws.com",
            "principal_org_id": null,
            "qualifier": "",
            "source_account": null,
            "source_arn": "arn:aws:events:ap-southeast-1:160885258086:rule/codepipeline-failure",
            "statement_id": "AllowExecutionFromEventBridge",
            "statement_id_prefix": ""
          },
          "sensitive_attributes": [],
          "private": "bnVsbA==",
          "dependencies": [
            "module.eventbridge.aws_cloudwatch_event_rule.codebuild_failure",
            "module.iamrole-lambda.aws_iam_role.lambda_role",
            "module.lambda_function.aws_lambda_function.diagnose_code",
            "module.lambda_function.data.archive_file.lambda_zip",
            "module.sns.aws_sns_topic.build_failure"
          ]
        }
      ]
    },
    {
      "module": "module.lb",
      "mode": "managed",
      "type": "aws_lb",
      "name": "application-lb",
      "provider": "provider[\"registry.terraform.io/hashicorp/aws\"].region-master",
      "instances": [
        {
          "schema_version": 0,
          "attributes": {
            "access_logs": [
              {
                "bucket": "",
                "enabled": false,
                "prefix": ""
              }
            ],
            "arn": "arn:aws:elasticloadbalancing:ap-southeast-1:160885258086:loadbalancer/app/webservers-lb/03ba20b574fc22a3",
            "arn_suffix": "app/webservers-lb/03ba20b574fc22a3",
            "client_keep_alive": 3600,
            "connection_logs": [
              {
                "bucket": "",
                "enabled": false,
                "prefix": ""
              }
            ],
            "customer_owned_ipv4_pool": "",
            "desync_mitigation_mode": "defensive",
            "dns_name": "webservers-lb-368348308.ap-southeast-1.elb.amazonaws.com",
            "dns_record_client_routing_policy": null,
            "drop_invalid_header_fields": false,
            "enable_cross_zone_load_balancing": true,
            "enable_deletion_protection": false,
            "enable_http2": true,
            "enable_tls_version_and_cipher_suite_headers": false,
            "enable_waf_fail_open": false,
            "enable_xff_client_port": false,
            "enable_zonal_shift": false,
            "enforce_security_group_inbound_rules_on_private_link_traffic": "",
            "id": "arn:aws:elasticloadbalancing:ap-southeast-1:160885258086:loadbalancer/app/webservers-lb/03ba20b574fc22a3",
            "idle_timeout": 60,
            "internal": false,
            "ip_address_type": "ipv4",
            "ipam_pools": [],
            "load_balancer_type": "application",
            "name": "webservers-lb",
            "name_prefix": "",
            "preserve_host_header": false,
            "security_groups": [
              "sg-0fb63c88b7a84a2ad"
            ],
            "subnet_mapping": [
              {
                "allocation_id": "",
                "ipv6_address": "",
                "outpost_id": "",
                "private_ipv4_address": "",
                "subnet_id": "subnet-0a5ae33dc853a5096"
              },
              {
                "allocation_id": "",
                "ipv6_address": "",
                "outpost_id": "",
                "private_ipv4_address": "",
                "subnet_id": "subnet-0bea0934fb9dc7b9d"
              }
            ],
            "subnets": [
              "subnet-0a5ae33dc853a5096",
              "subnet-0bea0934fb9dc7b9d"
            ],
            "tags": {
              "Name": "Webservers-LB"
            },
            "tags_all": {
              "Name": "Webservers-LB"
            },
            "timeouts": null,
            "vpc_id": "vpc-00a1ca51d7a76ea1d",
            "xff_header_processing_mode": "append",
            "zone_id": "Z1LMS91P8CMLE5"
          },
          "sensitive_attributes": [],
          "private": "eyJlMmJmYjczMC1lY2FhLTExZTYtOGY4OC0zNDM2M2JjN2M0YzAiOnsiY3JlYXRlIjo2MDAwMDAwMDAwMDAsImRlbGV0ZSI6NjAwMDAwMDAwMDAwLCJ1cGRhdGUiOjYwMDAwMDAwMDAwMH19",
          "dependencies": [
            "module.region-az.data.aws_availability_zones.available",
            "module.sg-lb.aws_security_group.lb-sg",
            "module.subnet_public_1.aws_subnet.subnet_public",
            "module.subnet_public_2.aws_subnet.subnet_public",
            "module.vpc-app.aws_vpc.vpc_master"
          ]
        }
      ]
    },
    {
      "module": "module.lb-listener",
      "mode": "managed",
      "type": "aws_lb_listener",
      "name": "lb-http-listener",
      "provider": "provider[\"registry.terraform.io/hashicorp/aws\"].region-master",
      "instances": [
        {
          "schema_version": 0,
          "attributes": {
            "alpn_policy": null,
            "arn": "arn:aws:elasticloadbalancing:ap-southeast-1:160885258086:listener/app/webservers-lb/03ba20b574fc22a3/4373bc8287c5d179",
            "certificate_arn": null,
            "default_action": [
              {
                "authenticate_cognito": [],
                "authenticate_oidc": [],
                "fixed_response": [],
                "forward": [],
                "order": 1,
                "redirect": [
                  {
                    "host": "#{host}",
                    "path": "/#{path}",
                    "port": "443",
                    "protocol": "HTTPS",
                    "query": "#{query}",
                    "status_code": "HTTP_301"
                  }
                ],
                "target_group_arn": "",
                "type": "redirect"
              }
            ],
            "id": "arn:aws:elasticloadbalancing:ap-southeast-1:160885258086:listener/app/webservers-lb/03ba20b574fc22a3/4373bc8287c5d179",
            "load_balancer_arn": "arn:aws:elasticloadbalancing:ap-southeast-1:160885258086:loadbalancer/app/webservers-lb/03ba20b574fc22a3",
            "mutual_authentication": [],
            "port": 80,
            "protocol": "HTTP",
            "routing_http_request_x_amzn_mtls_clientcert_header_name": null,
            "routing_http_request_x_amzn_mtls_clientcert_issuer_header_name": null,
            "routing_http_request_x_amzn_mtls_clientcert_leaf_header_name": null,
            "routing_http_request_x_amzn_mtls_clientcert_serial_number_header_name": null,
            "routing_http_request_x_amzn_mtls_clientcert_subject_header_name": null,
            "routing_http_request_x_amzn_mtls_clientcert_validity_header_name": null,
            "routing_http_request_x_amzn_tls_cipher_suite_header_name": null,
            "routing_http_request_x_amzn_tls_version_header_name": null,
            "routing_http_response_access_control_allow_credentials_header_value": "",
            "routing_http_response_access_control_allow_headers_header_value": "",
            "routing_http_response_access_control_allow_methods_header_value": "",
            "routing_http_response_access_control_allow_origin_header_value": "",
            "routing_http_response_access_control_expose_headers_header_value": "",
            "routing_http_response_access_control_max_age_header_value": "",
            "routing_http_response_content_security_policy_header_value": "",
            "routing_http_response_server_enabled": false,
            "routing_http_response_strict_transport_security_header_value": "",
            "routing_http_response_x_content_type_options_header_value": "",
            "routing_http_response_x_frame_options_header_value": "",
            "ssl_policy": "",
            "tags": null,
            "tags_all": {},
            "tcp_idle_timeout_seconds": null,
            "timeouts": null
          },
          "sensitive_attributes": [],
          "private": "eyJlMmJmYjczMC1lY2FhLTExZTYtOGY4OC0zNDM2M2JjN2M0YzAiOnsiY3JlYXRlIjozMDAwMDAwMDAwMDAsInVwZGF0ZSI6MzAwMDAwMDAwMDAwfX0=",
          "dependencies": [
            "module.lb.aws_lb.application-lb",
            "module.region-az.data.aws_availability_zones.available",
            "module.sg-lb.aws_security_group.lb-sg",
            "module.subnet_public_1.aws_subnet.subnet_public",
            "module.subnet_public_2.aws_subnet.subnet_public",
            "module.vpc-app.aws_vpc.vpc_master"
          ]
        }
      ]
    },
    {
      "module": "module.lb-listener",
      "mode": "managed",
      "type": "aws_lb_listener",
      "name": "lb-https-listener",
      "provider": "provider[\"registry.terraform.io/hashicorp/aws\"].region-master",
      "instances": [
        {
          "schema_version": 0,
          "attributes": {
            "alpn_policy": null,
            "arn": "arn:aws:elasticloadbalancing:ap-southeast-1:160885258086:listener/app/webservers-lb/03ba20b574fc22a3/62bc23cef347f139",
            "certificate_arn": "arn:aws:acm:ap-southeast-1:160885258086:certificate/72718c99-5f67-456e-9f95-67f90fbaf60e",
            "default_action": [
              {
                "authenticate_cognito": [],
                "authenticate_oidc": [],
                "fixed_response": [],
                "forward": [],
                "order": 1,
                "redirect": [],
                "target_group_arn": "arn:aws:elasticloadbalancing:ap-southeast-1:160885258086:targetgroup/app-lb-tg/bf12e0bb3a6e86b0",
                "type": "forward"
              }
            ],
            "id": "arn:aws:elasticloadbalancing:ap-southeast-1:160885258086:listener/app/webservers-lb/03ba20b574fc22a3/62bc23cef347f139",
            "load_balancer_arn": "arn:aws:elasticloadbalancing:ap-southeast-1:160885258086:loadbalancer/app/webservers-lb/03ba20b574fc22a3",
            "mutual_authentication": [
              {
                "advertise_trust_store_ca_names": "",
                "ignore_client_certificate_expiry": false,
                "mode": "off",
                "trust_store_arn": ""
              }
            ],
            "port": 443,
            "protocol": "HTTPS",
            "routing_http_request_x_amzn_mtls_clientcert_header_name": "",
            "routing_http_request_x_amzn_mtls_clientcert_issuer_header_name": "",
            "routing_http_request_x_amzn_mtls_clientcert_leaf_header_name": "",
            "routing_http_request_x_amzn_mtls_clientcert_serial_number_header_name": "",
            "routing_http_request_x_amzn_mtls_clientcert_subject_header_name": "",
            "routing_http_request_x_amzn_mtls_clientcert_validity_header_name": "",
            "routing_http_request_x_amzn_tls_cipher_suite_header_name": "",
            "routing_http_request_x_amzn_tls_version_header_name": "",
            "routing_http_response_access_control_allow_credentials_header_value": "",
            "routing_http_response_access_control_allow_headers_header_value": "",
            "routing_http_response_access_control_allow_methods_header_value": "",
            "routing_http_response_access_control_allow_origin_header_value": "",
            "routing_http_response_access_control_expose_headers_header_value": "",
            "routing_http_response_access_control_max_age_header_value": "",
            "routing_http_response_content_security_policy_header_value": "",
            "routing_http_response_server_enabled": false,
            "routing_http_response_strict_transport_security_header_value": "",
            "routing_http_response_x_content_type_options_header_value": "",
            "routing_http_response_x_frame_options_header_value": "",
            "ssl_policy": "ELBSecurityPolicy-2016-08",
            "tags": null,
            "tags_all": {},
            "tcp_idle_timeout_seconds": null,
            "timeouts": null
          },
          "sensitive_attributes": [],
          "private": "eyJlMmJmYjczMC1lY2FhLTExZTYtOGY4OC0zNDM2M2JjN2M0YzAiOnsiY3JlYXRlIjozMDAwMDAwMDAwMDAsInVwZGF0ZSI6MzAwMDAwMDAwMDAwfX0=",
          "dependencies": [
            "module.lb-target-groups.aws_lb_target_group.app-lb-tg",
            "module.lb.aws_lb.application-lb",
            "module.region-az.data.aws_availability_zones.available",
            "module.route53-acm.aws_acm_certificate.aws-ssl-cert",
            "module.route53-acm.data.aws_route53_zone.dns",
            "module.sg-lb.aws_security_group.lb-sg",
            "module.subnet_public_1.aws_subnet.subnet_public",
            "module.subnet_public_2.aws_subnet.subnet_public",
            "module.vpc-app.aws_vpc.vpc_master"
          ]
        }
      ]
    },
    {
      "module": "module.lb-target-groups",
      "mode": "managed",
      "type": "aws_lb_target_group",
      "name": "app-lb-tg",
      "provider": "provider[\"registry.terraform.io/hashicorp/aws\"].region-master",
      "instances": [
        {
          "schema_version": 0,
          "attributes": {
            "arn": "arn:aws:elasticloadbalancing:ap-southeast-1:160885258086:targetgroup/app-lb-tg/bf12e0bb3a6e86b0",
            "arn_suffix": "targetgroup/app-lb-tg/bf12e0bb3a6e86b0",
            "connection_termination": null,
            "deregistration_delay": "300",
            "health_check": [
              {
                "enabled": true,
                "healthy_threshold": 3,
                "interval": 10,
                "matcher": "200-399",
                "path": "/tasks",
                "port": "5000",
                "protocol": "HTTP",
                "timeout": 5,
                "unhealthy_threshold": 3
              }
            ],
            "id": "arn:aws:elasticloadbalancing:ap-southeast-1:160885258086:targetgroup/app-lb-tg/bf12e0bb3a6e86b0",
            "ip_address_type": "ipv4",
            "lambda_multi_value_headers_enabled": false,
            "load_balancer_arns": [],
            "load_balancing_algorithm_type": "round_robin",
            "load_balancing_anomaly_mitigation": "off",
            "load_balancing_cross_zone_enabled": "use_load_balancer_configuration",
            "name": "app-lb-tg",
            "name_prefix": "",
            "port": 5000,
            "preserve_client_ip": null,
            "protocol": "HTTP",
            "protocol_version": "HTTP1",
            "proxy_protocol_v2": false,
            "slow_start": 0,
            "stickiness": [
              {
                "cookie_duration": 86400,
                "cookie_name": "",
                "enabled": false,
                "type": "lb_cookie"
              }
            ],
            "tags": {
              "Name": "webserver-target-group"
            },
            "tags_all": {
              "Name": "webserver-target-group"
            },
            "target_failover": [
              {
                "on_deregistration": null,
                "on_unhealthy": null
              }
            ],
            "target_group_health": [
              {
                "dns_failover": [
                  {
                    "minimum_healthy_targets_count": "1",
                    "minimum_healthy_targets_percentage": "off"
                  }
                ],
                "unhealthy_state_routing": [
                  {
                    "minimum_healthy_targets_count": 1,
                    "minimum_healthy_targets_percentage": "off"
                  }
                ]
              }
            ],
            "target_health_state": [
              {
                "enable_unhealthy_connection_termination": null,
                "unhealthy_draining_interval": null
              }
            ],
            "target_type": "instance",
            "vpc_id": "vpc-00a1ca51d7a76ea1d"
          },
          "sensitive_attributes": [],
          "private": "bnVsbA==",
          "dependencies": [
            "module.vpc-app.aws_vpc.vpc_master"
          ]
        }
      ]
    },
    {
      "module": "module.lc",
      "mode": "managed",
      "type": "aws_launch_template",
      "name": "todoapp_lt",
      "provider": "provider[\"registry.terraform.io/hashicorp/aws\"].region-master",
      "instances": [
        {
          "schema_version": 0,
          "attributes": {
            "arn": "arn:aws:ec2:ap-southeast-1:160885258086:launch-template/lt-0ebe5365ee73eebc8",
            "block_device_mappings": [],
            "capacity_reservation_specification": [],
            "cpu_options": [],
            "credit_specification": [],
            "default_version": 1,
            "description": "",
            "disable_api_stop": false,
            "disable_api_termination": false,
            "ebs_optimized": "",
            "elastic_gpu_specifications": [],
            "elastic_inference_accelerator": [],
            "enclave_options": [],
            "hibernation_options": [],
            "iam_instance_profile": [
              {
                "arn": "",
                "name": "ec2-instance-profile"
              }
            ],
            "id": "lt-0ebe5365ee73eebc8",
            "image_id": "ami-065a492fef70f84b1",
            "instance_initiated_shutdown_behavior": "",
            "instance_market_options": [],
            "instance_requirements": [],
            "instance_type": "t3.small",
            "kernel_id": "",
            "key_name": "ssh_asg_bastion",
            "latest_version": 1,
            "license_specification": [],
            "maintenance_options": [],
            "metadata_options": [],
            "monitoring": [],
            "name": "todoapp-lt",
            "name_prefix": "",
            "network_interfaces": [],
            "placement": [],
            "private_dns_name_options": [],
            "ram_disk_id": "",
            "security_group_names": null,
            "tag_specifications": [
              {
                "resource_type": "instance",
                "tags": {
                  "Name": "todoapp-instance"
                }
              }
            ],
            "tags": null,
            "tags_all": {},
            "update_default_version": null,
            "user_data": "IyEvYmluL2Jhc2gKCiMgVXBkYXRlIHBhY2thZ2VzCnN1ZG8geXVtIHVwZGF0ZSAteQoKIyBJbnN0YWxsIHJ1YnkgYW5kIGF3c2NsaQpzdWRvIHl1bSBpbnN0YWxsIC15IHJ1YnkgYXdzY2xpCgojIFNldCByZWdpb24gdmFyaWFibGUKUkVHSU9OPWFwLXNvdXRoZWFzdC0xCgojIFN0b3AgYW5kIHJlbW92ZSBDb2RlRGVwbG95IGFnZW50IGlmIGl0IGV4aXN0cwpDT0RFREVQTE9ZX0JJTj0iL29wdC9jb2RlZGVwbG95LWFnZW50L2Jpbi9jb2RlZGVwbG95LWFnZW50IgppZiBbIC1mICIkQ09ERURFUExPWV9CSU4iIF07IHRoZW4KICAgIHN1ZG8gJENPREVERVBMT1lfQklOIHN0b3AKICAgIHN1ZG8geXVtIHJlbW92ZSAteSBjb2RlZGVwbG95LWFnZW50CmZpCgojIERvd25sb2FkIGFuZCBpbnN0YWxsIENvZGVEZXBsb3kgYWdlbnQKYXdzIHMzIGNwIHMzOi8vYXdzLWNvZGVkZXBsb3ktJFJFR0lPTi9sYXRlc3QvaW5zdGFsbCAuIC0tcmVnaW9uICRSRUdJT04KY2htb2QgK3ggLi9pbnN0YWxsCnN1ZG8gLi9pbnN0YWxsIGF1dG8KCiMgU3RhcnQgYW5kIGVuYWJsZSBhZ2VudApzdWRvIHN5c3RlbWN0bCBzdGFydCBjb2RlZGVwbG95LWFnZW50CnN1ZG8gc3lzdGVtY3RsIGVuYWJsZSBjb2RlZGVwbG95LWFnZW50CgojIE9wdGlvbmFsOiBjaGVjayBzdGF0dXMKc3VkbyBzeXN0ZW1jdGwgc3RhdHVzIGNvZGVkZXBsb3ktYWdlbnQKCiMgV2FpdCB0byBlbnN1cmUgYWdlbnQgaXMgZnVsbHkgdXAKc2xlZXAgMjAKCiMgQ2xlYW4gdXAKcm0gLWYgLi9pbnN0YWxs",
            "vpc_security_group_ids": [
              "sg-0bfa87999d3ad7023"
            ]
          },
          "sensitive_attributes": [],
          "private": "bnVsbA==",
          "dependencies": [
            "module.iamrole-ec2.aws_iam_instance_profile.ec2_instance_profile",
            "module.iamrole-ec2.aws_iam_role.ec2_instance_role",
            "module.key-pair.aws_key_pair.master-key",
            "module.sg_app.aws_security_group.nodejs_app_sg",
            "module.vpc-app.aws_vpc.vpc_master"
          ]
        }
      ]
    },
    {
      "module": "module.natgw_az_1",
      "mode": "managed",
      "type": "aws_nat_gateway",
      "name": "nat_gw",
      "provider": "provider[\"registry.terraform.io/hashicorp/aws\"].region-master",
      "instances": [
        {
          "schema_version": 0,
          "attributes": {
            "allocation_id": "eipalloc-09d64e4c3e5429dd3",
            "association_id": "eipassoc-0450a2ef30d58bb1e",
            "connectivity_type": "public",
            "id": "nat-0a338dddefd299d0f",
            "network_interface_id": "eni-095cf4d9d9a2bfeb3",
            "private_ip": "10.0.0.99",
            "public_ip": "13.228.36.90",
            "secondary_allocation_ids": null,
            "secondary_private_ip_address_count": 0,
            "secondary_private_ip_addresses": [],
            "subnet_id": "subnet-0bea0934fb9dc7b9d",
            "tags": {
              "Name": "ngw_az_1"
            },
            "tags_all": {
              "Name": "ngw_az_1"
            },
            "timeouts": null
          },
          "sensitive_attributes": [],
          "private": "eyJlMmJmYjczMC1lY2FhLTExZTYtOGY4OC0zNDM2M2JjN2M0YzAiOnsiY3JlYXRlIjo2MDAwMDAwMDAwMDAsImRlbGV0ZSI6MTgwMDAwMDAwMDAwMCwidXBkYXRlIjo2MDAwMDAwMDAwMDB9fQ==",
          "dependencies": [
            "module.eip_ngw_1.aws_eip.nat_eip_a",
            "module.igw.aws_internet_gateway.igw",
            "module.region-az.data.aws_availability_zones.available",
            "module.subnet_public_1.aws_subnet.subnet_public",
            "module.vpc-app.aws_vpc.vpc_master"
          ]
        }
      ]
    },
    {
      "module": "module.natgw_az_2",
      "mode": "managed",
      "type": "aws_nat_gateway",
      "name": "nat_gw",
      "provider": "provider[\"registry.terraform.io/hashicorp/aws\"].region-master",
      "instances": [
        {
          "schema_version": 0,
          "attributes": {
            "allocation_id": "eipalloc-0a62a32592373b2dd",
            "association_id": "eipassoc-0a8efc1322ada11ad",
            "connectivity_type": "public",
            "id": "nat-0e60f15a4a6afc428",
            "network_interface_id": "eni-02660c1a3db20842a",
            "private_ip": "10.0.1.201",
            "public_ip": "54.179.204.211",
            "secondary_allocation_ids": null,
            "secondary_private_ip_address_count": 0,
            "secondary_private_ip_addresses": [],
            "subnet_id": "subnet-0a5ae33dc853a5096",
            "tags": {
              "Name": "ngw_az_2"
            },
            "tags_all": {
              "Name": "ngw_az_2"
            },
            "timeouts": null
          },
          "sensitive_attributes": [],
          "private": "eyJlMmJmYjczMC1lY2FhLTExZTYtOGY4OC0zNDM2M2JjN2M0YzAiOnsiY3JlYXRlIjo2MDAwMDAwMDAwMDAsImRlbGV0ZSI6MTgwMDAwMDAwMDAwMCwidXBkYXRlIjo2MDAwMDAwMDAwMDB9fQ==",
          "dependencies": [
            "module.eip_ngw_2.aws_eip.nat_eip_a",
            "module.igw.aws_internet_gateway.igw",
            "module.region-az.data.aws_availability_zones.available",
            "module.subnet_public_2.aws_subnet.subnet_public",
            "module.vpc-app.aws_vpc.vpc_master"
          ]
        }
      ]
    },
    {
      "module": "module.policy_scale",
      "mode": "managed",
      "type": "aws_autoscaling_policy",
      "name": "scale_down",
      "provider": "provider[\"registry.terraform.io/hashicorp/aws\"].region-master",
      "instances": [
        {
          "schema_version": 0,
          "attributes": {
            "adjustment_type": "ChangeInCapacity",
            "arn": "arn:aws:autoscaling:ap-southeast-1:160885258086:scalingPolicy:d02dab5a-a7e3-4361-96c1-1dcb219bfbbf:autoScalingGroupName/todoapp-asg:policyName/scale-in-on-low-cpu",
            "autoscaling_group_name": "todoapp-asg",
            "cooldown": 300,
            "enabled": true,
            "estimated_instance_warmup": 0,
            "id": "scale-in-on-low-cpu",
            "metric_aggregation_type": "",
            "min_adjustment_magnitude": 0,
            "name": "scale-in-on-low-cpu",
            "policy_type": "SimpleScaling",
            "predictive_scaling_configuration": [],
            "scaling_adjustment": -1,
            "step_adjustment": [],
            "target_tracking_configuration": []
          },
          "sensitive_attributes": [],
          "private": "bnVsbA==",
          "dependencies": [
            "module.asg_group.aws_autoscaling_group.todoapp_asg",
            "module.iamrole-ec2.aws_iam_instance_profile.ec2_instance_profile",
            "module.iamrole-ec2.aws_iam_role.ec2_instance_role",
            "module.key-pair.aws_key_pair.master-key",
            "module.lb-target-groups.aws_lb_target_group.app-lb-tg",
            "module.lc.aws_launch_template.todoapp_lt",
            "module.region-az.data.aws_availability_zones.available",
            "module.sg_app.aws_security_group.nodejs_app_sg",
            "module.subnet_private_1.aws_subnet.subnet_public",
            "module.subnet_private_2.aws_subnet.subnet_public",
            "module.vpc-app.aws_vpc.vpc_master"
          ]
        }
      ]
    },
    {
      "module": "module.policy_scale",
      "mode": "managed",
      "type": "aws_autoscaling_policy",
      "name": "scale_up",
      "provider": "provider[\"registry.terraform.io/hashicorp/aws\"].region-master",
      "instances": [
        {
          "schema_version": 0,
          "attributes": {
            "adjustment_type": "ChangeInCapacity",
            "arn": "arn:aws:autoscaling:ap-southeast-1:160885258086:scalingPolicy:c9f09b21-1cd4-49bf-b6b7-f31fa2fa17b8:autoScalingGroupName/todoapp-asg:policyName/scale-out-on-high-cpu",
            "autoscaling_group_name": "todoapp-asg",
            "cooldown": 60,
            "enabled": true,
            "estimated_instance_warmup": 0,
            "id": "scale-out-on-high-cpu",
            "metric_aggregation_type": "",
            "min_adjustment_magnitude": 0,
            "name": "scale-out-on-high-cpu",
            "policy_type": "SimpleScaling",
            "predictive_scaling_configuration": [],
            "scaling_adjustment": 1,
            "step_adjustment": [],
            "target_tracking_configuration": []
          },
          "sensitive_attributes": [],
          "private": "bnVsbA==",
          "dependencies": [
            "module.asg_group.aws_autoscaling_group.todoapp_asg",
            "module.iamrole-ec2.aws_iam_instance_profile.ec2_instance_profile",
            "module.iamrole-ec2.aws_iam_role.ec2_instance_role",
            "module.key-pair.aws_key_pair.master-key",
            "module.lb-target-groups.aws_lb_target_group.app-lb-tg",
            "module.lc.aws_launch_template.todoapp_lt",
            "module.region-az.data.aws_availability_zones.available",
            "module.sg_app.aws_security_group.nodejs_app_sg",
            "module.subnet_private_1.aws_subnet.subnet_public",
            "module.subnet_private_2.aws_subnet.subnet_public",
            "module.vpc-app.aws_vpc.vpc_master"
          ]
        }
      ]
    },
    {
      "module": "module.policy_scale",
      "mode": "managed",
      "type": "aws_cloudwatch_metric_alarm",
      "name": "cpu_high",
      "provider": "provider[\"registry.terraform.io/hashicorp/aws\"].region-master",
      "instances": [
        {
          "schema_version": 1,
          "attributes": {
            "actions_enabled": true,
            "alarm_actions": [
              "arn:aws:autoscaling:ap-southeast-1:160885258086:scalingPolicy:c9f09b21-1cd4-49bf-b6b7-f31fa2fa17b8:autoScalingGroupName/todoapp-asg:policyName/scale-out-on-high-cpu"
            ],
            "alarm_description": "Kích hoạt khi CPU vượt quá 70%",
            "alarm_name": "cpu_high",
            "arn": "arn:aws:cloudwatch:ap-southeast-1:160885258086:alarm:cpu_high",
            "comparison_operator": "GreaterThanThreshold",
            "datapoints_to_alarm": 0,
            "dimensions": {
              "AutoScalingGroupName": "todoapp-asg"
            },
            "evaluate_low_sample_count_percentiles": "",
            "evaluation_periods": 2,
            "extended_statistic": "",
            "id": "cpu_high",
            "insufficient_data_actions": null,
            "metric_name": "CPUUtilization",
            "metric_query": [],
            "namespace": "AWS/EC2",
            "ok_actions": null,
            "period": 60,
            "statistic": "Average",
            "tags": null,
            "tags_all": {},
            "threshold": 70,
            "threshold_metric_id": "",
            "treat_missing_data": "missing",
            "unit": ""
          },
          "sensitive_attributes": [],
          "private": "eyJzY2hlbWFfdmVyc2lvbiI6IjEifQ==",
          "dependencies": [
            "module.asg_group.aws_autoscaling_group.todoapp_asg",
            "module.iamrole-ec2.aws_iam_instance_profile.ec2_instance_profile",
            "module.iamrole-ec2.aws_iam_role.ec2_instance_role",
            "module.key-pair.aws_key_pair.master-key",
            "module.lb-target-groups.aws_lb_target_group.app-lb-tg",
            "module.lc.aws_launch_template.todoapp_lt",
            "module.policy_scale.aws_autoscaling_policy.scale_up",
            "module.region-az.data.aws_availability_zones.available",
            "module.sg_app.aws_security_group.nodejs_app_sg",
            "module.subnet_private_1.aws_subnet.subnet_public",
            "module.subnet_private_2.aws_subnet.subnet_public",
            "module.vpc-app.aws_vpc.vpc_master"
          ]
        }
      ]
    },
    {
      "module": "module.policy_scale",
      "mode": "managed",
      "type": "aws_cloudwatch_metric_alarm",
      "name": "cpu_low",
      "provider": "provider[\"registry.terraform.io/hashicorp/aws\"].region-master",
      "instances": [
        {
          "schema_version": 1,
          "attributes": {
            "actions_enabled": true,
            "alarm_actions": [
              "arn:aws:autoscaling:ap-southeast-1:160885258086:scalingPolicy:d02dab5a-a7e3-4361-96c1-1dcb219bfbbf:autoScalingGroupName/todoapp-asg:policyName/scale-in-on-low-cpu"
            ],
            "alarm_description": "Kích hoạt khi CPU dưới 30%",
            "alarm_name": "cpu_low",
            "arn": "arn:aws:cloudwatch:ap-southeast-1:160885258086:alarm:cpu_low",
            "comparison_operator": "LessThanThreshold",
            "datapoints_to_alarm": 0,
            "dimensions": {
              "AutoScalingGroupName": "todoapp-asg"
            },
            "evaluate_low_sample_count_percentiles": "",
            "evaluation_periods": 2,
            "extended_statistic": "",
            "id": "cpu_low",
            "insufficient_data_actions": null,
            "metric_name": "CPUUtilization",
            "metric_query": [],
            "namespace": "AWS/EC2",
            "ok_actions": null,
            "period": 60,
            "statistic": "Average",
            "tags": null,
            "tags_all": {},
            "threshold": 30,
            "threshold_metric_id": "",
            "treat_missing_data": "missing",
            "unit": ""
          },
          "sensitive_attributes": [],
          "private": "eyJzY2hlbWFfdmVyc2lvbiI6IjEifQ==",
          "dependencies": [
            "module.asg_group.aws_autoscaling_group.todoapp_asg",
            "module.iamrole-ec2.aws_iam_instance_profile.ec2_instance_profile",
            "module.iamrole-ec2.aws_iam_role.ec2_instance_role",
            "module.key-pair.aws_key_pair.master-key",
            "module.lb-target-groups.aws_lb_target_group.app-lb-tg",
            "module.lc.aws_launch_template.todoapp_lt",
            "module.policy_scale.aws_autoscaling_policy.scale_down",
            "module.region-az.data.aws_availability_zones.available",
            "module.sg_app.aws_security_group.nodejs_app_sg",
            "module.subnet_private_1.aws_subnet.subnet_public",
            "module.subnet_private_2.aws_subnet.subnet_public",
            "module.vpc-app.aws_vpc.vpc_master"
          ]
        }
      ]
    },
    {
      "module": "module.region-az",
      "mode": "data",
      "type": "aws_availability_zones",
      "name": "available",
      "provider": "provider[\"registry.terraform.io/hashicorp/aws\"].region-master",
      "instances": [
        {
          "schema_version": 0,
          "attributes": {
            "all_availability_zones": null,
            "exclude_names": null,
            "exclude_zone_ids": null,
            "filter": null,
            "group_names": [
              "ap-southeast-1-zg-1"
            ],
            "id": "ap-southeast-1",
            "names": [
              "ap-southeast-1a",
              "ap-southeast-1b",
              "ap-southeast-1c"
            ],
            "state": "available",
            "timeouts": null,
            "zone_ids": [
              "apse1-az2",
              "apse1-az1",
              "apse1-az3"
            ]
          },
          "sensitive_attributes": []
        }
      ]
    },
    {
      "module": "module.route-table-natgateway-1",
      "mode": "managed",
      "type": "aws_route_table",
      "name": "private_rt_a",
      "provider": "provider[\"registry.terraform.io/hashicorp/aws\"].region-master",
      "instances": [
        {
          "schema_version": 0,
          "attributes": {
            "arn": "arn:aws:ec2:ap-southeast-1:160885258086:route-table/rtb-080c5522686d252ba",
            "id": "rtb-080c5522686d252ba",
            "owner_id": "160885258086",
            "propagating_vgws": [],
            "route": [
              {
                "carrier_gateway_id": "",
                "cidr_block": "0.0.0.0/0",
                "core_network_arn": "",
                "destination_prefix_list_id": "",
                "egress_only_gateway_id": "",
                "gateway_id": "",
                "ipv6_cidr_block": "",
                "local_gateway_id": "",
                "nat_gateway_id": "nat-0a338dddefd299d0f",
                "network_interface_id": "",
                "transit_gateway_id": "",
                "vpc_endpoint_id": "",
                "vpc_peering_connection_id": ""
              }
            ],
            "tags": {
              "Name": "routetable-ngw-1"
            },
            "tags_all": {
              "Name": "routetable-ngw-1"
            },
            "timeouts": null,
            "vpc_id": "vpc-00a1ca51d7a76ea1d"
          },
          "sensitive_attributes": [],
          "private": "eyJlMmJmYjczMC1lY2FhLTExZTYtOGY4OC0zNDM2M2JjN2M0YzAiOnsiY3JlYXRlIjozMDAwMDAwMDAwMDAsImRlbGV0ZSI6MzAwMDAwMDAwMDAwLCJ1cGRhdGUiOjEyMDAwMDAwMDAwMH19",
          "dependencies": [
            "module.eip_ngw_1.aws_eip.nat_eip_a",
            "module.igw.aws_internet_gateway.igw",
            "module.natgw_az_1.aws_nat_gateway.nat_gw",
            "module.region-az.data.aws_availability_zones.available",
            "module.subnet_public_1.aws_subnet.subnet_public",
            "module.vpc-app.aws_vpc.vpc_master"
          ]
        }
      ]
    },
    {
      "module": "module.route-table-natgateway-2",
      "mode": "managed",
      "type": "aws_route_table",
      "name": "private_rt_a",
      "provider": "provider[\"registry.terraform.io/hashicorp/aws\"].region-master",
      "instances": [
        {
          "schema_version": 0,
          "attributes": {
            "arn": "arn:aws:ec2:ap-southeast-1:160885258086:route-table/rtb-0797bbbcf370853e3",
            "id": "rtb-0797bbbcf370853e3",
            "owner_id": "160885258086",
            "propagating_vgws": [],
            "route": [
              {
                "carrier_gateway_id": "",
                "cidr_block": "0.0.0.0/0",
                "core_network_arn": "",
                "destination_prefix_list_id": "",
                "egress_only_gateway_id": "",
                "gateway_id": "",
                "ipv6_cidr_block": "",
                "local_gateway_id": "",
                "nat_gateway_id": "nat-0e60f15a4a6afc428",
                "network_interface_id": "",
                "transit_gateway_id": "",
                "vpc_endpoint_id": "",
                "vpc_peering_connection_id": ""
              }
            ],
            "tags": {
              "Name": "routetable-ngw-2"
            },
            "tags_all": {
              "Name": "routetable-ngw-2"
            },
            "timeouts": null,
            "vpc_id": "vpc-00a1ca51d7a76ea1d"
          },
          "sensitive_attributes": [],
          "private": "eyJlMmJmYjczMC1lY2FhLTExZTYtOGY4OC0zNDM2M2JjN2M0YzAiOnsiY3JlYXRlIjozMDAwMDAwMDAwMDAsImRlbGV0ZSI6MzAwMDAwMDAwMDAwLCJ1cGRhdGUiOjEyMDAwMDAwMDAwMH19",
          "dependencies": [
            "module.eip_ngw_2.aws_eip.nat_eip_a",
            "module.igw.aws_internet_gateway.igw",
            "module.natgw_az_2.aws_nat_gateway.nat_gw",
            "module.region-az.data.aws_availability_zones.available",
            "module.subnet_public_2.aws_subnet.subnet_public",
            "module.vpc-app.aws_vpc.vpc_master"
          ]
        }
      ]
    },
    {
      "module": "module.route-table-public",
      "mode": "managed",
      "type": "aws_route_table",
      "name": "route-table",
      "provider": "provider[\"registry.terraform.io/hashicorp/aws\"].region-master",
      "instances": [
        {
          "schema_version": 0,
          "attributes": {
            "arn": "arn:aws:ec2:ap-southeast-1:160885258086:route-table/rtb-0f42aae554c93e737",
            "id": "rtb-0f42aae554c93e737",
            "owner_id": "160885258086",
            "propagating_vgws": [],
            "route": [
              {
                "carrier_gateway_id": "",
                "cidr_block": "0.0.0.0/0",
                "core_network_arn": "",
                "destination_prefix_list_id": "",
                "egress_only_gateway_id": "",
                "gateway_id": "igw-0f68e65cf06e36918",
                "ipv6_cidr_block": "",
                "local_gateway_id": "",
                "nat_gateway_id": "",
                "network_interface_id": "",
                "transit_gateway_id": "",
                "vpc_endpoint_id": "",
                "vpc_peering_connection_id": ""
              }
            ],
            "tags": {
              "Name": "Routetable-public"
            },
            "tags_all": {
              "Name": "Routetable-public"
            },
            "timeouts": null,
            "vpc_id": "vpc-00a1ca51d7a76ea1d"
          },
          "sensitive_attributes": [],
          "private": "eyJlMmJmYjczMC1lY2FhLTExZTYtOGY4OC0zNDM2M2JjN2M0YzAiOnsiY3JlYXRlIjozMDAwMDAwMDAwMDAsImRlbGV0ZSI6MzAwMDAwMDAwMDAwLCJ1cGRhdGUiOjEyMDAwMDAwMDAwMH19",
          "dependencies": [
            "module.igw.aws_internet_gateway.igw",
            "module.vpc-app.aws_vpc.vpc_master"
          ]
        }
      ]
    },
    {
      "module": "module.route53-acm",
      "mode": "data",
      "type": "aws_route53_zone",
      "name": "dns",
      "provider": "provider[\"registry.terraform.io/hashicorp/aws\"].region-master",
      "instances": [
        {
          "schema_version": 0,
          "attributes": {
            "arn": "arn:aws:route53:::hostedzone/Z08683181V5KX9FUS2AW9",
            "caller_reference": "RISWorkflow-RD:9004c466-32df-4191-9bfa-f0bcbe829245",
            "comment": "HostedZone created by Route53 Registrar",
            "id": "Z08683181V5KX9FUS2AW9",
            "linked_service_description": null,
            "linked_service_principal": null,
            "name": "khacthienit.click",
            "name_servers": [
              "ns-423.awsdns-52.com",
              "ns-1069.awsdns-05.org",
              "ns-1871.awsdns-41.co.uk",
              "ns-932.awsdns-52.net"
            ],
            "primary_name_server": "ns-423.awsdns-52.com",
            "private_zone": false,
            "resource_record_set_count": 6,
            "tags": {},
            "vpc_id": null,
            "zone_id": "Z08683181V5KX9FUS2AW9"
          },
          "sensitive_attributes": []
        }
      ]
    },
    {
      "module": "module.route53-acm",
      "mode": "managed",
      "type": "aws_acm_certificate",
      "name": "aws-ssl-cert",
      "provider": "provider[\"registry.terraform.io/hashicorp/aws\"].region-master",
      "instances": [
        {
          "schema_version": 0,
          "attributes": {
            "arn": "arn:aws:acm:ap-southeast-1:160885258086:certificate/72718c99-5f67-456e-9f95-67f90fbaf60e",
            "certificate_authority_arn": "",
            "certificate_body": null,
            "certificate_chain": null,
            "domain_name": "todoapp-backend.khacthienit.click",
            "domain_validation_options": [
              {
                "domain_name": "todoapp-backend.khacthienit.click",
                "resource_record_name": "_89ee109f387d3b9ff73f26f79f029dcc.todoapp-backend.khacthienit.click.",
                "resource_record_type": "CNAME",
                "resource_record_value": "_24021492675f9a20e8b07d0442b68289.xlfgrmvvlj.acm-validations.aws."
              }
            ],
            "early_renewal_duration": "",
            "id": "arn:aws:acm:ap-southeast-1:160885258086:certificate/72718c99-5f67-456e-9f95-67f90fbaf60e",
            "key_algorithm": "RSA_2048",
            "not_after": "",
            "not_before": "",
            "options": [
              {
                "certificate_transparency_logging_preference": "ENABLED"
              }
            ],
            "pending_renewal": false,
            "private_key": null,
            "renewal_eligibility": "INELIGIBLE",
            "renewal_summary": [],
            "status": "PENDING_VALIDATION",
            "subject_alternative_names": [
              "todoapp-backend.khacthienit.click"
            ],
            "tags": {
              "Name": "Webservers-ACM"
            },
            "tags_all": {
              "Name": "Webservers-ACM"
            },
            "type": "AMAZON_ISSUED",
            "validation_emails": [],
            "validation_method": "DNS",
            "validation_option": []
          },
          "sensitive_attributes": [
            [
              {
                "type": "get_attr",
                "value": "private_key"
              }
            ]
          ],
          "private": "bnVsbA==",
          "dependencies": [
            "module.route53-acm.data.aws_route53_zone.dns"
          ]
        }
      ]
    },
    {
      "module": "module.route53-acm",
      "mode": "managed",
      "type": "aws_acm_certificate_validation",
      "name": "cert",
      "provider": "provider[\"registry.terraform.io/hashicorp/aws\"].region-master",
      "instances": [
        {
          "index_key": "todoapp-backend.khacthienit.click",
          "schema_version": 0,
          "attributes": {
            "certificate_arn": "arn:aws:acm:ap-southeast-1:160885258086:certificate/72718c99-5f67-456e-9f95-67f90fbaf60e",
            "id": "2025-04-15 12:21:04.171 +0000 UTC",
            "timeouts": null,
            "validation_record_fqdns": [
              "_89ee109f387d3b9ff73f26f79f029dcc.todoapp-backend.khacthienit.click"
            ]
          },
          "sensitive_attributes": [],
          "private": "eyJlMmJmYjczMC1lY2FhLTExZTYtOGY4OC0zNDM2M2JjN2M0YzAiOnsiY3JlYXRlIjo0NTAwMDAwMDAwMDAwfX0=",
          "dependencies": [
            "module.route53-acm.aws_acm_certificate.aws-ssl-cert",
            "module.route53-acm.aws_route53_record.cert_validation",
            "module.route53-acm.data.aws_route53_zone.dns"
          ]
        }
      ]
    },
    {
      "module": "module.route53-acm",
      "mode": "managed",
      "type": "aws_route53_record",
      "name": "app_alias",
      "provider": "provider[\"registry.terraform.io/hashicorp/aws\"].region-master",
      "instances": [
        {
          "schema_version": 2,
          "attributes": {
            "alias": [
              {
                "evaluate_target_health": false,
                "name": "webservers-lb-368348308.ap-southeast-1.elb.amazonaws.com",
                "zone_id": "Z1LMS91P8CMLE5"
              }
            ],
            "allow_overwrite": null,
            "cidr_routing_policy": [],
            "failover_routing_policy": [],
            "fqdn": "todoapp-backend.khacthienit.click",
            "geolocation_routing_policy": [],
            "geoproximity_routing_policy": [],
            "health_check_id": "",
            "id": "Z08683181V5KX9FUS2AW9_todoapp-backend.khacthienit.click_A",
            "latency_routing_policy": [],
            "multivalue_answer_routing_policy": false,
            "name": "todoapp-backend.khacthienit.click",
            "records": null,
            "set_identifier": "",
            "timeouts": null,
            "ttl": 0,
            "type": "A",
            "weighted_routing_policy": [],
            "zone_id": "Z08683181V5KX9FUS2AW9"
          },
          "sensitive_attributes": [],
          "private": "eyJlMmJmYjczMC1lY2FhLTExZTYtOGY4OC0zNDM2M2JjN2M0YzAiOnsiY3JlYXRlIjoxODAwMDAwMDAwMDAwLCJkZWxldGUiOjE4MDAwMDAwMDAwMDAsInVwZGF0ZSI6MTgwMDAwMDAwMDAwMH0sInNjaGVtYV92ZXJzaW9uIjoiMiJ9",
          "dependencies": [
            "module.lb.aws_lb.application-lb",
            "module.region-az.data.aws_availability_zones.available",
            "module.route53-acm.data.aws_route53_zone.dns",
            "module.sg-lb.aws_security_group.lb-sg",
            "module.subnet_public_1.aws_subnet.subnet_public",
            "module.subnet_public_2.aws_subnet.subnet_public",
            "module.vpc-app.aws_vpc.vpc_master"
          ]
        }
      ]
    },
    {
      "module": "module.route53-acm",
      "mode": "managed",
      "type": "aws_route53_record",
      "name": "cert_validation",
      "provider": "provider[\"registry.terraform.io/hashicorp/aws\"].region-master",
      "instances": [
        {
          "index_key": "todoapp-backend.khacthienit.click",
          "schema_version": 2,
          "attributes": {
            "alias": [],
            "allow_overwrite": null,
            "cidr_routing_policy": [],
            "failover_routing_policy": [],
            "fqdn": "_89ee109f387d3b9ff73f26f79f029dcc.todoapp-backend.khacthienit.click",
            "geolocation_routing_policy": [],
            "geoproximity_routing_policy": [],
            "health_check_id": "",
            "id": "Z08683181V5KX9FUS2AW9__89ee109f387d3b9ff73f26f79f029dcc.todoapp-backend.khacthienit.click._CNAME",
            "latency_routing_policy": [],
            "multivalue_answer_routing_policy": false,
            "name": "_89ee109f387d3b9ff73f26f79f029dcc.todoapp-backend.khacthienit.click",
            "records": [
              "_24021492675f9a20e8b07d0442b68289.xlfgrmvvlj.acm-validations.aws."
            ],
            "set_identifier": "",
            "timeouts": null,
            "ttl": 60,
            "type": "CNAME",
            "weighted_routing_policy": [],
            "zone_id": "Z08683181V5KX9FUS2AW9"
          },
          "sensitive_attributes": [],
          "private": "eyJlMmJmYjczMC1lY2FhLTExZTYtOGY4OC0zNDM2M2JjN2M0YzAiOnsiY3JlYXRlIjoxODAwMDAwMDAwMDAwLCJkZWxldGUiOjE4MDAwMDAwMDAwMDAsInVwZGF0ZSI6MTgwMDAwMDAwMDAwMH0sInNjaGVtYV92ZXJzaW9uIjoiMiJ9",
          "dependencies": [
            "module.route53-acm.aws_acm_certificate.aws-ssl-cert",
            "module.route53-acm.data.aws_route53_zone.dns"
          ]
        }
      ]
    },
    {
      "module": "module.rtb-associate-private-1",
      "mode": "managed",
      "type": "aws_route_table_association",
      "name": "public_a",
      "provider": "provider[\"registry.terraform.io/hashicorp/aws\"].region-master",
      "instances": [
        {
          "schema_version": 0,
          "attributes": {
            "gateway_id": "",
            "id": "rtbassoc-0a72f69dadba32310",
            "route_table_id": "rtb-080c5522686d252ba",
            "subnet_id": "subnet-029e6a9d7743ecd80",
            "timeouts": null
          },
          "sensitive_attributes": [],
          "private": "eyJlMmJmYjczMC1lY2FhLTExZTYtOGY4OC0zNDM2M2JjN2M0YzAiOnsiY3JlYXRlIjozMDAwMDAwMDAwMDAsImRlbGV0ZSI6MzAwMDAwMDAwMDAwLCJ1cGRhdGUiOjEyMDAwMDAwMDAwMH19",
          "dependencies": [
            "module.eip_ngw_1.aws_eip.nat_eip_a",
            "module.igw.aws_internet_gateway.igw",
            "module.natgw_az_1.aws_nat_gateway.nat_gw",
            "module.region-az.data.aws_availability_zones.available",
            "module.route-table-natgateway-1.aws_route_table.private_rt_a",
            "module.subnet_private_1.aws_subnet.subnet_public",
            "module.subnet_public_1.aws_subnet.subnet_public",
            "module.vpc-app.aws_vpc.vpc_master"
          ]
        }
      ]
    },
    {
      "module": "module.rtb-associate-private-2",
      "mode": "managed",
      "type": "aws_route_table_association",
      "name": "public_a",
      "provider": "provider[\"registry.terraform.io/hashicorp/aws\"].region-master",
      "instances": [
        {
          "schema_version": 0,
          "attributes": {
            "gateway_id": "",
            "id": "rtbassoc-07fa63f7211b2add5",
            "route_table_id": "rtb-0797bbbcf370853e3",
            "subnet_id": "subnet-0bc2021572a36d09e",
            "timeouts": null
          },
          "sensitive_attributes": [],
          "private": "eyJlMmJmYjczMC1lY2FhLTExZTYtOGY4OC0zNDM2M2JjN2M0YzAiOnsiY3JlYXRlIjozMDAwMDAwMDAwMDAsImRlbGV0ZSI6MzAwMDAwMDAwMDAwLCJ1cGRhdGUiOjEyMDAwMDAwMDAwMH19",
          "dependencies": [
            "module.eip_ngw_2.aws_eip.nat_eip_a",
            "module.igw.aws_internet_gateway.igw",
            "module.natgw_az_2.aws_nat_gateway.nat_gw",
            "module.region-az.data.aws_availability_zones.available",
            "module.route-table-natgateway-2.aws_route_table.private_rt_a",
            "module.subnet_private_2.aws_subnet.subnet_public",
            "module.subnet_public_2.aws_subnet.subnet_public",
            "module.vpc-app.aws_vpc.vpc_master"
          ]
        }
      ]
    },
    {
      "module": "module.rtb-associate-private-3",
      "mode": "managed",
      "type": "aws_route_table_association",
      "name": "public_a",
      "provider": "provider[\"registry.terraform.io/hashicorp/aws\"].region-master",
      "instances": [
        {
          "schema_version": 0,
          "attributes": {
            "gateway_id": "",
            "id": "rtbassoc-0705f89d4ac465c5d",
            "route_table_id": "rtb-080c5522686d252ba",
            "subnet_id": "subnet-049416046bae6bde0",
            "timeouts": null
          },
          "sensitive_attributes": [],
          "private": "eyJlMmJmYjczMC1lY2FhLTExZTYtOGY4OC0zNDM2M2JjN2M0YzAiOnsiY3JlYXRlIjozMDAwMDAwMDAwMDAsImRlbGV0ZSI6MzAwMDAwMDAwMDAwLCJ1cGRhdGUiOjEyMDAwMDAwMDAwMH19",
          "dependencies": [
            "module.eip_ngw_1.aws_eip.nat_eip_a",
            "module.igw.aws_internet_gateway.igw",
            "module.natgw_az_1.aws_nat_gateway.nat_gw",
            "module.region-az.data.aws_availability_zones.available",
            "module.route-table-natgateway-1.aws_route_table.private_rt_a",
            "module.subnet_private_3.aws_subnet.subnet_public",
            "module.subnet_public_1.aws_subnet.subnet_public",
            "module.vpc-app.aws_vpc.vpc_master"
          ]
        }
      ]
    },
    {
      "module": "module.rtb-associate-private-4",
      "mode": "managed",
      "type": "aws_route_table_association",
      "name": "public_a",
      "provider": "provider[\"registry.terraform.io/hashicorp/aws\"].region-master",
      "instances": [
        {
          "schema_version": 0,
          "attributes": {
            "gateway_id": "",
            "id": "rtbassoc-0f249d7c54cb4cd7d",
            "route_table_id": "rtb-0797bbbcf370853e3",
            "subnet_id": "subnet-05ec4b4914a8f6595",
            "timeouts": null
          },
          "sensitive_attributes": [],
          "private": "eyJlMmJmYjczMC1lY2FhLTExZTYtOGY4OC0zNDM2M2JjN2M0YzAiOnsiY3JlYXRlIjozMDAwMDAwMDAwMDAsImRlbGV0ZSI6MzAwMDAwMDAwMDAwLCJ1cGRhdGUiOjEyMDAwMDAwMDAwMH19",
          "dependencies": [
            "module.eip_ngw_2.aws_eip.nat_eip_a",
            "module.igw.aws_internet_gateway.igw",
            "module.natgw_az_2.aws_nat_gateway.nat_gw",
            "module.region-az.data.aws_availability_zones.available",
            "module.route-table-natgateway-2.aws_route_table.private_rt_a",
            "module.subnet_private_4.aws_subnet.subnet_public",
            "module.subnet_public_2.aws_subnet.subnet_public",
            "module.vpc-app.aws_vpc.vpc_master"
          ]
        }
      ]
    },
    {
      "module": "module.rtb-associate-public-1",
      "mode": "managed",
      "type": "aws_route_table_association",
      "name": "public_a",
      "provider": "provider[\"registry.terraform.io/hashicorp/aws\"].region-master",
      "instances": [
        {
          "schema_version": 0,
          "attributes": {
            "gateway_id": "",
            "id": "rtbassoc-06930d9c5fe84d81c",
            "route_table_id": "rtb-0f42aae554c93e737",
            "subnet_id": "subnet-0bea0934fb9dc7b9d",
            "timeouts": null
          },
          "sensitive_attributes": [],
          "private": "eyJlMmJmYjczMC1lY2FhLTExZTYtOGY4OC0zNDM2M2JjN2M0YzAiOnsiY3JlYXRlIjozMDAwMDAwMDAwMDAsImRlbGV0ZSI6MzAwMDAwMDAwMDAwLCJ1cGRhdGUiOjEyMDAwMDAwMDAwMH19",
          "dependencies": [
            "module.igw.aws_internet_gateway.igw",
            "module.region-az.data.aws_availability_zones.available",
            "module.route-table-public.aws_route_table.route-table",
            "module.subnet_public_1.aws_subnet.subnet_public",
            "module.vpc-app.aws_vpc.vpc_master"
          ]
        }
      ]
    },
    {
      "module": "module.rtb-associate-public-2",
      "mode": "managed",
      "type": "aws_route_table_association",
      "name": "public_a",
      "provider": "provider[\"registry.terraform.io/hashicorp/aws\"].region-master",
      "instances": [
        {
          "schema_version": 0,
          "attributes": {
            "gateway_id": "",
            "id": "rtbassoc-0a6e7f42d430d65a5",
            "route_table_id": "rtb-0f42aae554c93e737",
            "subnet_id": "subnet-0a5ae33dc853a5096",
            "timeouts": null
          },
          "sensitive_attributes": [],
          "private": "eyJlMmJmYjczMC1lY2FhLTExZTYtOGY4OC0zNDM2M2JjN2M0YzAiOnsiY3JlYXRlIjozMDAwMDAwMDAwMDAsImRlbGV0ZSI6MzAwMDAwMDAwMDAwLCJ1cGRhdGUiOjEyMDAwMDAwMDAwMH19",
          "dependencies": [
            "module.igw.aws_internet_gateway.igw",
            "module.region-az.data.aws_availability_zones.available",
            "module.route-table-public.aws_route_table.route-table",
            "module.subnet_public_2.aws_subnet.subnet_public",
            "module.vpc-app.aws_vpc.vpc_master"
          ]
        }
      ]
    },
    {
      "module": "module.s3-todo-cb-cd",
      "mode": "managed",
      "type": "aws_s3_bucket",
      "name": "build_artifacts",
      "provider": "provider[\"registry.terraform.io/hashicorp/aws\"].region-master",
      "instances": [
        {
          "schema_version": 0,
          "attributes": {
            "acceleration_status": "",
            "acl": null,
            "arn": "arn:aws:s3:::taskapp-cb-cd-cp",
            "bucket": "taskapp-cb-cd-cp",
            "bucket_domain_name": "taskapp-cb-cd-cp.s3.amazonaws.com",
            "bucket_prefix": "",
            "bucket_regional_domain_name": "taskapp-cb-cd-cp.s3.ap-southeast-1.amazonaws.com",
            "cors_rule": [],
            "force_destroy": true,
            "grant": [
              {
                "id": "3e5de21362c2bbee41ff909bb0d721f59565f7b9f709ab3ebe5ced303fd02e24",
                "permissions": [
                  "FULL_CONTROL"
                ],
                "type": "CanonicalUser",
                "uri": ""
              }
            ],
            "hosted_zone_id": "Z3O0J2DXBE1FTB",
            "id": "taskapp-cb-cd-cp",
            "lifecycle_rule": [],
            "logging": [],
            "object_lock_configuration": [],
            "object_lock_enabled": false,
            "policy": "",
            "region": "ap-southeast-1",
            "replication_configuration": [],
            "request_payer": "BucketOwner",
            "server_side_encryption_configuration": [
              {
                "rule": [
                  {
                    "apply_server_side_encryption_by_default": [
                      {
                        "kms_master_key_id": "",
                        "sse_algorithm": "AES256"
                      }
                    ],
                    "bucket_key_enabled": false
                  }
                ]
              }
            ],
            "tags": null,
            "tags_all": {},
            "timeouts": null,
            "versioning": [
              {
                "enabled": false,
                "mfa_delete": false
              }
            ],
            "website": [],
            "website_domain": null,
            "website_endpoint": null
          },
          "sensitive_attributes": [],
          "private": "eyJlMmJmYjczMC1lY2FhLTExZTYtOGY4OC0zNDM2M2JjN2M0YzAiOnsiY3JlYXRlIjoxMjAwMDAwMDAwMDAwLCJkZWxldGUiOjM2MDAwMDAwMDAwMDAsInJlYWQiOjEyMDAwMDAwMDAwMDAsInVwZGF0ZSI6MTIwMDAwMDAwMDAwMH19"
        }
      ]
    },
    {
      "module": "module.s3-todo-cb-cd",
      "mode": "managed",
      "type": "aws_s3_bucket_versioning",
      "name": "versioning",
      "provider": "provider[\"registry.terraform.io/hashicorp/aws\"].region-master",
      "instances": [
        {
          "schema_version": 0,
          "attributes": {
            "bucket": "taskapp-cb-cd-cp",
            "expected_bucket_owner": "",
            "id": "taskapp-cb-cd-cp",
            "mfa": null,
            "versioning_configuration": [
              {
                "mfa_delete": "",
                "status": "Enabled"
              }
            ]
          },
          "sensitive_attributes": [],
          "private": "bnVsbA==",
          "dependencies": [
            "module.s3-todo-cb-cd.aws_s3_bucket.build_artifacts"
          ]
        }
      ]
    },
    {
      "module": "module.set-master-default-router-associate",
      "mode": "managed",
      "type": "aws_main_route_table_association",
      "name": "set-master-default-router-associate",
      "provider": "provider[\"registry.terraform.io/hashicorp/aws\"].region-master",
      "instances": [
        {
          "schema_version": 0,
          "attributes": {
            "id": "rtbassoc-09f2576a030e3dd8a",
            "original_route_table_id": "rtb-034137f985170b97e",
            "route_table_id": "rtb-0f42aae554c93e737",
            "timeouts": null,
            "vpc_id": "vpc-00a1ca51d7a76ea1d"
          },
          "sensitive_attributes": [],
          "private": "eyJlMmJmYjczMC1lY2FhLTExZTYtOGY4OC0zNDM2M2JjN2M0YzAiOnsiY3JlYXRlIjozMDAwMDAwMDAwMDAsImRlbGV0ZSI6MzAwMDAwMDAwMDAwLCJ1cGRhdGUiOjEyMDAwMDAwMDAwMH19",
          "dependencies": [
            "module.igw.aws_internet_gateway.igw",
            "module.route-table-public.aws_route_table.route-table",
            "module.vpc-app.aws_vpc.vpc_master"
          ]
        }
      ]
    },
    {
      "module": "module.sg-db-rds",
      "mode": "managed",
      "type": "aws_security_group",
      "name": "rds_sg",
      "provider": "provider[\"registry.terraform.io/hashicorp/aws\"].region-master",
      "instances": [
        {
          "schema_version": 1,
          "attributes": {
            "arn": "arn:aws:ec2:ap-southeast-1:160885258086:security-group/sg-07bf59a1c19956143",
            "description": "Allow rds access",
            "egress": [
              {
                "cidr_blocks": [
                  "10.0.0.0/16"
                ],
                "description": "",
                "from_port": 0,
                "ipv6_cidr_blocks": [],
                "prefix_list_ids": [],
                "protocol": "-1",
                "security_groups": [],
                "self": false,
                "to_port": 0
              }
            ],
            "id": "sg-07bf59a1c19956143",
            "ingress": [
              {
                "cidr_blocks": [
                  "10.0.0.0/16"
                ],
                "description": "",
                "from_port": 3306,
                "ipv6_cidr_blocks": [],
                "prefix_list_ids": [],
                "protocol": "tcp",
                "security_groups": [],
                "self": false,
                "to_port": 3306
              }
            ],
            "name": "rds-mysql-sg",
            "name_prefix": "",
            "owner_id": "160885258086",
            "revoke_rules_on_delete": false,
            "tags": {
              "Name": "db-sg"
            },
            "tags_all": {
              "Name": "db-sg"
            },
            "timeouts": null,
            "vpc_id": "vpc-00a1ca51d7a76ea1d"
          },
          "sensitive_attributes": [],
          "private": "eyJlMmJmYjczMC1lY2FhLTExZTYtOGY4OC0zNDM2M2JjN2M0YzAiOnsiY3JlYXRlIjo2MDAwMDAwMDAwMDAsImRlbGV0ZSI6OTAwMDAwMDAwMDAwfSwic2NoZW1hX3ZlcnNpb24iOiIxIn0=",
          "dependencies": [
            "module.vpc-app.aws_vpc.vpc_master"
          ]
        }
      ]
    },
    {
      "module": "module.sg-lb",
      "mode": "managed",
      "type": "aws_security_group",
      "name": "lb-sg",
      "provider": "provider[\"registry.terraform.io/hashicorp/aws\"].region-master",
      "instances": [
        {
          "schema_version": 1,
          "attributes": {
            "arn": "arn:aws:ec2:ap-southeast-1:160885258086:security-group/sg-0fb63c88b7a84a2ad",
            "description": "Managed by Terraform",
            "egress": [
              {
                "cidr_blocks": [
                  "0.0.0.0/0"
                ],
                "description": "",
                "from_port": 0,
                "ipv6_cidr_blocks": [],
                "prefix_list_ids": [],
                "protocol": "-1",
                "security_groups": [],
                "self": false,
                "to_port": 0
              },
              {
                "cidr_blocks": [
                  "0.0.0.0/0"
                ],
                "description": "",
                "from_port": 443,
                "ipv6_cidr_blocks": [],
                "prefix_list_ids": [],
                "protocol": "tcp",
                "security_groups": [],
                "self": false,
                "to_port": 443
              },
              {
                "cidr_blocks": [
                  "0.0.0.0/0"
                ],
                "description": "",
                "from_port": 80,
                "ipv6_cidr_blocks": [],
                "prefix_list_ids": [],
                "protocol": "tcp",
                "security_groups": [],
                "self": false,
                "to_port": 80
              }
            ],
            "id": "sg-0fb63c88b7a84a2ad",
            "ingress": [
              {
                "cidr_blocks": [
                  "0.0.0.0/0"
                ],
                "description": "Allow 443 from anywhere",
                "from_port": 443,
                "ipv6_cidr_blocks": [],
                "prefix_list_ids": [],
                "protocol": "tcp",
                "security_groups": [],
                "self": false,
                "to_port": 443
              },
              {
                "cidr_blocks": [
                  "0.0.0.0/0"
                ],
                "description": "Allow 80 from anywhere for redirection",
                "from_port": 5000,
                "ipv6_cidr_blocks": [],
                "prefix_list_ids": [],
                "protocol": "tcp",
                "security_groups": [],
                "self": false,
                "to_port": 5000
              },
              {
                "cidr_blocks": [
                  "0.0.0.0/0"
                ],
                "description": "Allow 80 from anywhere for redirection",
                "from_port": 80,
                "ipv6_cidr_blocks": [],
                "prefix_list_ids": [],
                "protocol": "tcp",
                "security_groups": [],
                "self": false,
                "to_port": 80
              }
            ],
            "name": "lb-sg",
            "name_prefix": "",
            "owner_id": "160885258086",
            "revoke_rules_on_delete": false,
            "tags": null,
            "tags_all": {},
            "timeouts": null,
            "vpc_id": "vpc-00a1ca51d7a76ea1d"
          },
          "sensitive_attributes": [],
          "private": "eyJlMmJmYjczMC1lY2FhLTExZTYtOGY4OC0zNDM2M2JjN2M0YzAiOnsiY3JlYXRlIjo2MDAwMDAwMDAwMDAsImRlbGV0ZSI6OTAwMDAwMDAwMDAwfSwic2NoZW1hX3ZlcnNpb24iOiIxIn0=",
          "dependencies": [
            "module.vpc-app.aws_vpc.vpc_master"
          ]
        }
      ]
    },
    {
      "module": "module.sg_app",
      "mode": "managed",
      "type": "aws_security_group",
      "name": "nodejs_app_sg",
      "provider": "provider[\"registry.terraform.io/hashicorp/aws\"].region-master",
      "instances": [
        {
          "schema_version": 1,
          "attributes": {
            "arn": "arn:aws:ec2:ap-southeast-1:160885258086:security-group/sg-0bfa87999d3ad7023",
            "description": "Security group for Node.js app",
            "egress": [
              {
                "cidr_blocks": [
                  "0.0.0.0/0"
                ],
                "description": "",
                "from_port": 0,
                "ipv6_cidr_blocks": [],
                "prefix_list_ids": [],
                "protocol": "-1",
                "security_groups": [],
                "self": false,
                "to_port": 0
              }
            ],
            "id": "sg-0bfa87999d3ad7023",
            "ingress": [
              {
                "cidr_blocks": [
                  "10.0.0.0/16"
                ],
                "description": "",
                "from_port": 22,
                "ipv6_cidr_blocks": [],
                "prefix_list_ids": [],
                "protocol": "tcp",
                "security_groups": [],
                "self": false,
                "to_port": 22
              },
              {
                "cidr_blocks": [
                  "10.0.0.0/16"
                ],
                "description": "",
                "from_port": 5000,
                "ipv6_cidr_blocks": [],
                "prefix_list_ids": [],
                "protocol": "tcp",
                "security_groups": [],
                "self": false,
                "to_port": 5000
              }
            ],
            "name": "nodejs-app-sg",
            "name_prefix": "",
            "owner_id": "160885258086",
            "revoke_rules_on_delete": false,
            "tags": {
              "Name": "nodejs-app-sg"
            },
            "tags_all": {
              "Name": "nodejs-app-sg"
            },
            "timeouts": null,
            "vpc_id": "vpc-00a1ca51d7a76ea1d"
          },
          "sensitive_attributes": [],
          "private": "eyJlMmJmYjczMC1lY2FhLTExZTYtOGY4OC0zNDM2M2JjN2M0YzAiOnsiY3JlYXRlIjo2MDAwMDAwMDAwMDAsImRlbGV0ZSI6OTAwMDAwMDAwMDAwfSwic2NoZW1hX3ZlcnNpb24iOiIxIn0=",
          "dependencies": [
            "module.vpc-app.aws_vpc.vpc_master"
          ]
        }
      ]
    },
    {
      "module": "module.sg_bastion",
      "mode": "managed",
      "type": "aws_security_group",
      "name": "bastion_host_sg",
      "provider": "provider[\"registry.terraform.io/hashicorp/aws\"].region-master",
      "instances": [
        {
          "schema_version": 1,
          "attributes": {
            "arn": "arn:aws:ec2:ap-southeast-1:160885258086:security-group/sg-0381d663401abf592",
            "description": "Security group for Bastion host",
            "egress": [
              {
                "cidr_blocks": [
                  "0.0.0.0/0"
                ],
                "description": "",
                "from_port": 0,
                "ipv6_cidr_blocks": [],
                "prefix_list_ids": [],
                "protocol": "-1",
                "security_groups": [],
                "self": false,
                "to_port": 0
              }
            ],
            "id": "sg-0381d663401abf592",
            "ingress": [
              {
                "cidr_blocks": [
                  "0.0.0.0/0"
                ],
                "description": "",
                "from_port": 22,
                "ipv6_cidr_blocks": [],
                "prefix_list_ids": [],
                "protocol": "tcp",
                "security_groups": [],
                "self": false,
                "to_port": 22
              },
              {
                "cidr_blocks": [
                  "0.0.0.0/0"
                ],
                "description": "",
                "from_port": 443,
                "ipv6_cidr_blocks": [],
                "prefix_list_ids": [],
                "protocol": "tcp",
                "security_groups": [],
                "self": false,
                "to_port": 443
              },
              {
                "cidr_blocks": [
                  "0.0.0.0/0"
                ],
                "description": "",
                "from_port": 80,
                "ipv6_cidr_blocks": [],
                "prefix_list_ids": [],
                "protocol": "tcp",
                "security_groups": [],
                "self": false,
                "to_port": 80
              }
            ],
            "name": "bastion-host-sg",
            "name_prefix": "",
            "owner_id": "160885258086",
            "revoke_rules_on_delete": false,
            "tags": {
              "Name": "bastion-host-sg"
            },
            "tags_all": {
              "Name": "bastion-host-sg"
            },
            "timeouts": null,
            "vpc_id": "vpc-00a1ca51d7a76ea1d"
          },
          "sensitive_attributes": [],
          "private": "eyJlMmJmYjczMC1lY2FhLTExZTYtOGY4OC0zNDM2M2JjN2M0YzAiOnsiY3JlYXRlIjo2MDAwMDAwMDAwMDAsImRlbGV0ZSI6OTAwMDAwMDAwMDAwfSwic2NoZW1hX3ZlcnNpb24iOiIxIn0=",
          "dependencies": [
            "module.vpc-app.aws_vpc.vpc_master"
          ]
        }
      ]
    },
    {
      "module": "module.sns",
      "mode": "managed",
      "type": "aws_sns_topic",
      "name": "build_failure",
      "provider": "provider[\"registry.terraform.io/hashicorp/aws\"].region-master",
      "instances": [
        {
          "schema_version": 0,
          "attributes": {
            "application_failure_feedback_role_arn": "",
            "application_success_feedback_role_arn": "",
            "application_success_feedback_sample_rate": 0,
            "archive_policy": "",
            "arn": "arn:aws:sns:ap-southeast-1:160885258086:codepipeline-failure-notifications",
            "beginning_archive_time": "",
            "content_based_deduplication": false,
            "delivery_policy": "",
            "display_name": "",
            "fifo_topic": false,
            "firehose_failure_feedback_role_arn": "",
            "firehose_success_feedback_role_arn": "",
            "firehose_success_feedback_sample_rate": 0,
            "http_failure_feedback_role_arn": "",
            "http_success_feedback_role_arn": "",
            "http_success_feedback_sample_rate": 0,
            "id": "arn:aws:sns:ap-southeast-1:160885258086:codepipeline-failure-notifications",
            "kms_master_key_id": "",
            "lambda_failure_feedback_role_arn": "",
            "lambda_success_feedback_role_arn": "",
            "lambda_success_feedback_sample_rate": 0,
            "name": "codepipeline-failure-notifications",
            "name_prefix": "",
            "owner": "160885258086",
            "policy": "{\"Id\":\"__default_policy_ID\",\"Statement\":[{\"Action\":[\"SNS:GetTopicAttributes\",\"SNS:SetTopicAttributes\",\"SNS:AddPermission\",\"SNS:RemovePermission\",\"SNS:DeleteTopic\",\"SNS:Subscribe\",\"SNS:ListSubscriptionsByTopic\",\"SNS:Publish\"],\"Condition\":{\"StringEquals\":{\"AWS:SourceOwner\":\"160885258086\"}},\"Effect\":\"Allow\",\"Principal\":{\"AWS\":\"*\"},\"Resource\":\"arn:aws:sns:ap-southeast-1:160885258086:codepipeline-failure-notifications\",\"Sid\":\"__default_statement_ID\"}],\"Version\":\"2008-10-17\"}",
            "signature_version": 0,
            "sqs_failure_feedback_role_arn": "",
            "sqs_success_feedback_role_arn": "",
            "sqs_success_feedback_sample_rate": 0,
            "tags": null,
            "tags_all": {},
            "tracing_config": ""
          },
          "sensitive_attributes": [],
          "private": "bnVsbA=="
        }
      ]
    },
    {
      "module": "module.sns",
      "mode": "managed",
      "type": "aws_sns_topic_subscription",
      "name": "user_subscription",
      "provider": "provider[\"registry.terraform.io/hashicorp/aws\"].region-master",
      "instances": [
        {
          "schema_version": 0,
          "attributes": {
            "arn": "arn:aws:sns:ap-southeast-1:160885258086:codepipeline-failure-notifications:78d7458d-71d9-4f35-924a-1329be02fa4c",
            "confirmation_timeout_in_minutes": 1,
            "confirmation_was_authenticated": false,
            "delivery_policy": "",
            "endpoint": "KTeightop1512@gmail.com",
            "endpoint_auto_confirms": false,
            "filter_policy": "",
            "filter_policy_scope": "",
            "id": "arn:aws:sns:ap-southeast-1:160885258086:codepipeline-failure-notifications:78d7458d-71d9-4f35-924a-1329be02fa4c",
            "owner_id": "160885258086",
            "pending_confirmation": true,
            "protocol": "email",
            "raw_message_delivery": false,
            "redrive_policy": "",
            "replay_policy": "",
            "subscription_role_arn": "",
            "topic_arn": "arn:aws:sns:ap-southeast-1:160885258086:codepipeline-failure-notifications"
          },
          "sensitive_attributes": [],
          "private": "bnVsbA==",
          "dependencies": [
            "module.sns.aws_sns_topic.build_failure"
          ]
        }
      ]
    },
    {
      "module": "module.subnet_private_1",
      "mode": "managed",
      "type": "aws_subnet",
      "name": "subnet_public",
      "provider": "provider[\"registry.terraform.io/hashicorp/aws\"].region-master",
      "instances": [
        {
          "schema_version": 1,
          "attributes": {
            "arn": "arn:aws:ec2:ap-southeast-1:160885258086:subnet/subnet-029e6a9d7743ecd80",
            "assign_ipv6_address_on_creation": false,
            "availability_zone": "ap-southeast-1a",
            "availability_zone_id": "apse1-az2",
            "cidr_block": "10.0.2.0/24",
            "customer_owned_ipv4_pool": "",
            "enable_dns64": false,
            "enable_lni_at_device_index": 0,
            "enable_resource_name_dns_a_record_on_launch": false,
            "enable_resource_name_dns_aaaa_record_on_launch": false,
            "id": "subnet-029e6a9d7743ecd80",
            "ipv6_cidr_block": "",
            "ipv6_cidr_block_association_id": "",
            "ipv6_native": false,
            "map_customer_owned_ip_on_launch": false,
            "map_public_ip_on_launch": false,
            "outpost_arn": "",
            "owner_id": "160885258086",
            "private_dns_hostname_type_on_launch": "ip-name",
            "tags": {
              "Name": "private-subnet-az-1"
            },
            "tags_all": {
              "Name": "private-subnet-az-1"
            },
            "timeouts": null,
            "vpc_id": "vpc-00a1ca51d7a76ea1d"
          },
          "sensitive_attributes": [],
          "private": "eyJlMmJmYjczMC1lY2FhLTExZTYtOGY4OC0zNDM2M2JjN2M0YzAiOnsiY3JlYXRlIjo2MDAwMDAwMDAwMDAsImRlbGV0ZSI6MTIwMDAwMDAwMDAwMH0sInNjaGVtYV92ZXJzaW9uIjoiMSJ9",
          "dependencies": [
            "module.region-az.data.aws_availability_zones.available",
            "module.vpc-app.aws_vpc.vpc_master"
          ]
        }
      ]
    },
    {
      "module": "module.subnet_private_2",
      "mode": "managed",
      "type": "aws_subnet",
      "name": "subnet_public",
      "provider": "provider[\"registry.terraform.io/hashicorp/aws\"].region-master",
      "instances": [
        {
          "schema_version": 1,
          "attributes": {
            "arn": "arn:aws:ec2:ap-southeast-1:160885258086:subnet/subnet-0bc2021572a36d09e",
            "assign_ipv6_address_on_creation": false,
            "availability_zone": "ap-southeast-1b",
            "availability_zone_id": "apse1-az1",
            "cidr_block": "10.0.3.0/24",
            "customer_owned_ipv4_pool": "",
            "enable_dns64": false,
            "enable_lni_at_device_index": 0,
            "enable_resource_name_dns_a_record_on_launch": false,
            "enable_resource_name_dns_aaaa_record_on_launch": false,
            "id": "subnet-0bc2021572a36d09e",
            "ipv6_cidr_block": "",
            "ipv6_cidr_block_association_id": "",
            "ipv6_native": false,
            "map_customer_owned_ip_on_launch": false,
            "map_public_ip_on_launch": false,
            "outpost_arn": "",
            "owner_id": "160885258086",
            "private_dns_hostname_type_on_launch": "ip-name",
            "tags": {
              "Name": "private-subnet-az-1"
            },
            "tags_all": {
              "Name": "private-subnet-az-1"
            },
            "timeouts": null,
            "vpc_id": "vpc-00a1ca51d7a76ea1d"
          },
          "sensitive_attributes": [],
          "private": "eyJlMmJmYjczMC1lY2FhLTExZTYtOGY4OC0zNDM2M2JjN2M0YzAiOnsiY3JlYXRlIjo2MDAwMDAwMDAwMDAsImRlbGV0ZSI6MTIwMDAwMDAwMDAwMH0sInNjaGVtYV92ZXJzaW9uIjoiMSJ9",
          "dependencies": [
            "module.region-az.data.aws_availability_zones.available",
            "module.vpc-app.aws_vpc.vpc_master"
          ]
        }
      ]
    },
    {
      "module": "module.subnet_private_3",
      "mode": "managed",
      "type": "aws_subnet",
      "name": "subnet_public",
      "provider": "provider[\"registry.terraform.io/hashicorp/aws\"].region-master",
      "instances": [
        {
          "schema_version": 1,
          "attributes": {
            "arn": "arn:aws:ec2:ap-southeast-1:160885258086:subnet/subnet-049416046bae6bde0",
            "assign_ipv6_address_on_creation": false,
            "availability_zone": "ap-southeast-1a",
            "availability_zone_id": "apse1-az2",
            "cidr_block": "10.0.4.0/24",
            "customer_owned_ipv4_pool": "",
            "enable_dns64": false,
            "enable_lni_at_device_index": 0,
            "enable_resource_name_dns_a_record_on_launch": false,
            "enable_resource_name_dns_aaaa_record_on_launch": false,
            "id": "subnet-049416046bae6bde0",
            "ipv6_cidr_block": "",
            "ipv6_cidr_block_association_id": "",
            "ipv6_native": false,
            "map_customer_owned_ip_on_launch": false,
            "map_public_ip_on_launch": false,
            "outpost_arn": "",
            "owner_id": "160885258086",
            "private_dns_hostname_type_on_launch": "ip-name",
            "tags": {
              "Name": "private-subnet-az-1"
            },
            "tags_all": {
              "Name": "private-subnet-az-1"
            },
            "timeouts": null,
            "vpc_id": "vpc-00a1ca51d7a76ea1d"
          },
          "sensitive_attributes": [],
          "private": "eyJlMmJmYjczMC1lY2FhLTExZTYtOGY4OC0zNDM2M2JjN2M0YzAiOnsiY3JlYXRlIjo2MDAwMDAwMDAwMDAsImRlbGV0ZSI6MTIwMDAwMDAwMDAwMH0sInNjaGVtYV92ZXJzaW9uIjoiMSJ9",
          "dependencies": [
            "module.region-az.data.aws_availability_zones.available",
            "module.vpc-app.aws_vpc.vpc_master"
          ]
        }
      ]
    },
    {
      "module": "module.subnet_private_4",
      "mode": "managed",
      "type": "aws_subnet",
      "name": "subnet_public",
      "provider": "provider[\"registry.terraform.io/hashicorp/aws\"].region-master",
      "instances": [
        {
          "schema_version": 1,
          "attributes": {
            "arn": "arn:aws:ec2:ap-southeast-1:160885258086:subnet/subnet-05ec4b4914a8f6595",
            "assign_ipv6_address_on_creation": false,
            "availability_zone": "ap-southeast-1b",
            "availability_zone_id": "apse1-az1",
            "cidr_block": "10.0.5.0/24",
            "customer_owned_ipv4_pool": "",
            "enable_dns64": false,
            "enable_lni_at_device_index": 0,
            "enable_resource_name_dns_a_record_on_launch": false,
            "enable_resource_name_dns_aaaa_record_on_launch": false,
            "id": "subnet-05ec4b4914a8f6595",
            "ipv6_cidr_block": "",
            "ipv6_cidr_block_association_id": "",
            "ipv6_native": false,
            "map_customer_owned_ip_on_launch": false,
            "map_public_ip_on_launch": false,
            "outpost_arn": "",
            "owner_id": "160885258086",
            "private_dns_hostname_type_on_launch": "ip-name",
            "tags": {
              "Name": "private-subnet-az-1"
            },
            "tags_all": {
              "Name": "private-subnet-az-1"
            },
            "timeouts": null,
            "vpc_id": "vpc-00a1ca51d7a76ea1d"
          },
          "sensitive_attributes": [],
          "private": "eyJlMmJmYjczMC1lY2FhLTExZTYtOGY4OC0zNDM2M2JjN2M0YzAiOnsiY3JlYXRlIjo2MDAwMDAwMDAwMDAsImRlbGV0ZSI6MTIwMDAwMDAwMDAwMH0sInNjaGVtYV92ZXJzaW9uIjoiMSJ9",
          "dependencies": [
            "module.region-az.data.aws_availability_zones.available",
            "module.vpc-app.aws_vpc.vpc_master"
          ]
        }
      ]
    },
    {
      "module": "module.subnet_public_1",
      "mode": "managed",
      "type": "aws_subnet",
      "name": "subnet_public",
      "provider": "provider[\"registry.terraform.io/hashicorp/aws\"].region-master",
      "instances": [
        {
          "schema_version": 1,
          "attributes": {
            "arn": "arn:aws:ec2:ap-southeast-1:160885258086:subnet/subnet-0bea0934fb9dc7b9d",
            "assign_ipv6_address_on_creation": false,
            "availability_zone": "ap-southeast-1a",
            "availability_zone_id": "apse1-az2",
            "cidr_block": "10.0.0.0/24",
            "customer_owned_ipv4_pool": "",
            "enable_dns64": false,
            "enable_lni_at_device_index": 0,
            "enable_resource_name_dns_a_record_on_launch": false,
            "enable_resource_name_dns_aaaa_record_on_launch": false,
            "id": "subnet-0bea0934fb9dc7b9d",
            "ipv6_cidr_block": "",
            "ipv6_cidr_block_association_id": "",
            "ipv6_native": false,
            "map_customer_owned_ip_on_launch": false,
            "map_public_ip_on_launch": false,
            "outpost_arn": "",
            "owner_id": "160885258086",
            "private_dns_hostname_type_on_launch": "ip-name",
            "tags": {
              "Name": "public-subnet-az-1"
            },
            "tags_all": {
              "Name": "public-subnet-az-1"
            },
            "timeouts": null,
            "vpc_id": "vpc-00a1ca51d7a76ea1d"
          },
          "sensitive_attributes": [],
          "private": "eyJlMmJmYjczMC1lY2FhLTExZTYtOGY4OC0zNDM2M2JjN2M0YzAiOnsiY3JlYXRlIjo2MDAwMDAwMDAwMDAsImRlbGV0ZSI6MTIwMDAwMDAwMDAwMH0sInNjaGVtYV92ZXJzaW9uIjoiMSJ9",
          "dependencies": [
            "module.region-az.data.aws_availability_zones.available",
            "module.vpc-app.aws_vpc.vpc_master"
          ]
        }
      ]
    },
    {
      "module": "module.subnet_public_2",
      "mode": "managed",
      "type": "aws_subnet",
      "name": "subnet_public",
      "provider": "provider[\"registry.terraform.io/hashicorp/aws\"].region-master",
      "instances": [
        {
          "schema_version": 1,
          "attributes": {
            "arn": "arn:aws:ec2:ap-southeast-1:160885258086:subnet/subnet-0a5ae33dc853a5096",
            "assign_ipv6_address_on_creation": false,
            "availability_zone": "ap-southeast-1b",
            "availability_zone_id": "apse1-az1",
            "cidr_block": "10.0.1.0/24",
            "customer_owned_ipv4_pool": "",
            "enable_dns64": false,
            "enable_lni_at_device_index": 0,
            "enable_resource_name_dns_a_record_on_launch": false,
            "enable_resource_name_dns_aaaa_record_on_launch": false,
            "id": "subnet-0a5ae33dc853a5096",
            "ipv6_cidr_block": "",
            "ipv6_cidr_block_association_id": "",
            "ipv6_native": false,
            "map_customer_owned_ip_on_launch": false,
            "map_public_ip_on_launch": false,
            "outpost_arn": "",
            "owner_id": "160885258086",
            "private_dns_hostname_type_on_launch": "ip-name",
            "tags": {
              "Name": "public-subnet-az-2"
            },
            "tags_all": {
              "Name": "public-subnet-az-2"
            },
            "timeouts": null,
            "vpc_id": "vpc-00a1ca51d7a76ea1d"
          },
          "sensitive_attributes": [],
          "private": "eyJlMmJmYjczMC1lY2FhLTExZTYtOGY4OC0zNDM2M2JjN2M0YzAiOnsiY3JlYXRlIjo2MDAwMDAwMDAwMDAsImRlbGV0ZSI6MTIwMDAwMDAwMDAwMH0sInNjaGVtYV92ZXJzaW9uIjoiMSJ9",
          "dependencies": [
            "module.region-az.data.aws_availability_zones.available",
            "module.vpc-app.aws_vpc.vpc_master"
          ]
        }
      ]
    },
    {
      "module": "module.vpc-app",
      "mode": "managed",
      "type": "aws_vpc",
      "name": "vpc_master",
      "provider": "provider[\"registry.terraform.io/hashicorp/aws\"].region-master",
      "instances": [
        {
          "schema_version": 1,
          "attributes": {
            "arn": "arn:aws:ec2:ap-southeast-1:160885258086:vpc/vpc-00a1ca51d7a76ea1d",
            "assign_generated_ipv6_cidr_block": false,
            "cidr_block": "10.0.0.0/16",
            "default_network_acl_id": "acl-03a8905209d4c4def",
            "default_route_table_id": "rtb-034137f985170b97e",
            "default_security_group_id": "sg-0447c306e01ba7100",
            "dhcp_options_id": "dopt-01767abecb0dde5c1",
            "enable_dns_hostnames": true,
            "enable_dns_support": true,
            "enable_network_address_usage_metrics": false,
            "id": "vpc-00a1ca51d7a76ea1d",
            "instance_tenancy": "default",
            "ipv4_ipam_pool_id": null,
            "ipv4_netmask_length": null,
            "ipv6_association_id": "",
            "ipv6_cidr_block": "",
            "ipv6_cidr_block_network_border_group": "",
            "ipv6_ipam_pool_id": "",
            "ipv6_netmask_length": 0,
            "main_route_table_id": "rtb-034137f985170b97e",
            "owner_id": "160885258086",
            "tags": {
              "Name": "lab01-vpc"
            },
            "tags_all": {
              "Name": "lab01-vpc"
            }
          },
          "sensitive_attributes": [],
          "private": "eyJzY2hlbWFfdmVyc2lvbiI6IjEifQ=="
        }
      ]
    }
  ],
  "check_results": null
}
