{
  "version": 4,
  "terraform_version": "1.10.5",
  "serial": 1168,
  "lineage": "ece58a5f-06af-43ff-8fb5-beb910f9b7fc",
  "outputs": {
    "alb_arn": {
      "value": "arn:aws:elasticloadbalancing:ap-southeast-1:160885258086:loadbalancer/app/webservers-lb/1447fd6c1aeafc3e",
      "type": "string"
    }
  },
  "resources": [
    {
      "module": "module.asg_group",
      "mode": "managed",
      "type": "aws_autoscaling_group",
      "name": "todoapp_asg",
      "provider": "provider[\"registry.terraform.io/hashicorp/aws\"].region-master",
      "instances": [
        {
          "schema_version": 1,
          "attributes": {
            "arn": "arn:aws:autoscaling:ap-southeast-1:160885258086:autoScalingGroup:fee61d99-470f-46a7-b5d6-9266a269eff6:autoScalingGroupName/todoapp-asg",
            "availability_zone_distribution": [
              {
                "capacity_distribution_strategy": "balanced-best-effort"
              }
            ],
            "availability_zones": [
              "ap-southeast-1a",
              "ap-southeast-1b"
            ],
            "capacity_rebalance": false,
            "context": "",
            "default_cooldown": 300,
            "default_instance_warmup": 0,
            "desired_capacity": 2,
            "desired_capacity_type": "",
            "enabled_metrics": null,
            "force_delete": false,
            "force_delete_warm_pool": false,
            "health_check_grace_period": 300,
            "health_check_type": "EC2",
            "id": "todoapp-asg",
            "ignore_failed_scaling_activities": false,
            "initial_lifecycle_hook": [],
            "instance_maintenance_policy": [],
            "instance_refresh": [],
            "launch_configuration": "",
            "launch_template": [
              {
                "id": "lt-06f9a1cbd6281aa9c",
                "name": "todoapp-lt",
                "version": "$Latest"
              }
            ],
            "load_balancers": [],
            "max_instance_lifetime": 0,
            "max_size": 6,
            "metrics_granularity": "1Minute",
            "min_elb_capacity": null,
            "min_size": 2,
            "mixed_instances_policy": [],
            "name": "todoapp-asg",
            "name_prefix": "",
            "placement_group": "",
            "predicted_capacity": 0,
            "protect_from_scale_in": false,
            "service_linked_role_arn": "arn:aws:iam::160885258086:role/aws-service-role/autoscaling.amazonaws.com/AWSServiceRoleForAutoScaling",
            "suspended_processes": null,
            "tag": [
              {
                "key": "Name",
                "propagate_at_launch": true,
                "value": "codedeploy-instance"
              }
            ],
            "target_group_arns": [
              "arn:aws:elasticloadbalancing:ap-southeast-1:160885258086:targetgroup/app-lb-tg/680c9f0560396556"
            ],
            "termination_policies": null,
            "timeouts": null,
            "traffic_source": [
              {
                "identifier": "arn:aws:elasticloadbalancing:ap-southeast-1:160885258086:targetgroup/app-lb-tg/680c9f0560396556",
                "type": "elbv2"
              }
            ],
            "vpc_zone_identifier": [
              "subnet-0413f2155d87f2f52",
              "subnet-072ade009d734ca22"
            ],
            "wait_for_capacity_timeout": "10m",
            "wait_for_elb_capacity": null,
            "warm_pool": [],
            "warm_pool_size": 0
          },
          "sensitive_attributes": [],
          "private": "eyJlMmJmYjczMC1lY2FhLTExZTYtOGY4OC0zNDM2M2JjN2M0YzAiOnsiZGVsZXRlIjo2MDAwMDAwMDAwMDAsInVwZGF0ZSI6NjAwMDAwMDAwMDAwfSwic2NoZW1hX3ZlcnNpb24iOiIxIn0=",
          "dependencies": [
            "module.iamrole-ec2.aws_iam_instance_profile.ec2_instance_profile",
            "module.iamrole-ec2.aws_iam_role.ec2_instance_role",
            "module.key-pair.aws_key_pair.master-key",
            "module.lb-target-groups.aws_lb_target_group.app-lb-tg",
            "module.lc.aws_launch_template.todoapp_lt",
            "module.region-az.data.aws_availability_zones.available",
            "module.sg_app.aws_security_group.nodejs_app_sg",
            "module.subnet_private_1.aws_subnet.subnet_public",
            "module.subnet_private_2.aws_subnet.subnet_public",
            "module.vpc-app.aws_vpc.vpc_master"
          ]
        }
      ]
    },
    {
      "module": "module.bastion_host",
      "mode": "managed",
      "type": "aws_instance",
      "name": "bastion-master",
      "provider": "provider[\"registry.terraform.io/hashicorp/aws\"].region-master",
      "instances": [
        {
          "schema_version": 1,
          "attributes": {
            "ami": "ami-065a492fef70f84b1",
            "arn": "arn:aws:ec2:ap-southeast-1:160885258086:instance/i-00107a414c9f5a54d",
            "associate_public_ip_address": true,
            "availability_zone": "ap-southeast-1a",
            "capacity_reservation_specification": [
              {
                "capacity_reservation_preference": "open",
                "capacity_reservation_target": []
              }
            ],
            "cpu_core_count": 1,
            "cpu_options": [
              {
                "amd_sev_snp": "",
                "core_count": 1,
                "threads_per_core": 1
              }
            ],
            "cpu_threads_per_core": 1,
            "credit_specification": [
              {
                "cpu_credits": "standard"
              }
            ],
            "disable_api_stop": false,
            "disable_api_termination": false,
            "ebs_block_device": [],
            "ebs_optimized": false,
            "enable_primary_ipv6": null,
            "enclave_options": [
              {
                "enabled": false
              }
            ],
            "ephemeral_block_device": [],
            "get_password_data": false,
            "hibernation": false,
            "host_id": "",
            "host_resource_group_arn": null,
            "iam_instance_profile": "",
            "id": "i-00107a414c9f5a54d",
            "instance_initiated_shutdown_behavior": "stop",
            "instance_lifecycle": "",
            "instance_market_options": [],
            "instance_state": "running",
            "instance_type": "t2.micro",
            "ipv6_address_count": 0,
            "ipv6_addresses": [],
            "key_name": "ssh_asg_bastion",
            "launch_template": [],
            "maintenance_options": [
              {
                "auto_recovery": "default"
              }
            ],
            "metadata_options": [
              {
                "http_endpoint": "enabled",
                "http_protocol_ipv6": "disabled",
                "http_put_response_hop_limit": 2,
                "http_tokens": "required",
                "instance_metadata_tags": "disabled"
              }
            ],
            "monitoring": false,
            "network_interface": [],
            "outpost_arn": "",
            "password_data": "",
            "placement_group": "",
            "placement_partition_number": 0,
            "primary_network_interface_id": "eni-06705c7dc73dc47d1",
            "private_dns": "ip-10-0-0-78.ap-southeast-1.compute.internal",
            "private_dns_name_options": [
              {
                "enable_resource_name_dns_a_record": false,
                "enable_resource_name_dns_aaaa_record": false,
                "hostname_type": "ip-name"
              }
            ],
            "private_ip": "10.0.0.78",
            "public_dns": "ec2-54-251-159-208.ap-southeast-1.compute.amazonaws.com",
            "public_ip": "54.251.159.208",
            "root_block_device": [
              {
                "delete_on_termination": true,
                "device_name": "/dev/xvda",
                "encrypted": false,
                "iops": 100,
                "kms_key_id": "",
                "tags": null,
                "tags_all": {},
                "throughput": 0,
                "volume_id": "vol-0da839fe1fa66210f",
                "volume_size": 30,
                "volume_type": "gp2"
              }
            ],
            "secondary_private_ips": [],
            "security_groups": [],
            "source_dest_check": true,
            "spot_instance_request_id": "",
            "subnet_id": "subnet-0f6db4b990acf80ba",
            "tags": {
              "Name": "bastion-master"
            },
            "tags_all": {
              "Name": "bastion-master"
            },
            "tenancy": "default",
            "timeouts": null,
            "user_data": null,
            "user_data_base64": null,
            "user_data_replace_on_change": false,
            "volume_tags": null,
            "vpc_security_group_ids": [
              "sg-085d9ca2662a5b8bd"
            ]
          },
          "sensitive_attributes": [],
          "private": "eyJlMmJmYjczMC1lY2FhLTExZTYtOGY4OC0zNDM2M2JjN2M0YzAiOnsiY3JlYXRlIjo2MDAwMDAwMDAwMDAsImRlbGV0ZSI6MTIwMDAwMDAwMDAwMCwicmVhZCI6OTAwMDAwMDAwMDAwLCJ1cGRhdGUiOjYwMDAwMDAwMDAwMH0sInNjaGVtYV92ZXJzaW9uIjoiMSJ9",
          "dependencies": [
            "module.key-pair.aws_key_pair.master-key",
            "module.region-az.data.aws_availability_zones.available",
            "module.sg_bastion.aws_security_group.bastion_host_sg",
            "module.subnet_public_1.aws_subnet.subnet_public",
            "module.vpc-app.aws_vpc.vpc_master"
          ]
        }
      ]
    },
    {
      "module": "module.codebuild",
      "mode": "managed",
      "type": "aws_codebuild_project",
      "name": "app_build",
      "provider": "provider[\"registry.terraform.io/hashicorp/aws\"].region-master",
      "instances": [
        {
          "schema_version": 0,
          "attributes": {
            "arn": "arn:aws:codebuild:ap-southeast-1:160885258086:project/build-output",
            "artifacts": [
              {
                "artifact_identifier": "",
                "bucket_owner_access": "",
                "encryption_disabled": false,
                "location": "taskapp-cb-cd-cp",
                "name": "build-output",
                "namespace_type": "NONE",
                "override_artifact_name": false,
                "packaging": "ZIP",
                "path": "artifacts",
                "type": "S3"
              }
            ],
            "badge_enabled": false,
            "badge_url": "",
            "build_batch_config": [],
            "build_timeout": 60,
            "cache": [
              {
                "location": "",
                "modes": [],
                "type": "NO_CACHE"
              }
            ],
            "concurrent_build_limit": 0,
            "description": "Build application for deployment",
            "encryption_key": "arn:aws:kms:ap-southeast-1:160885258086:alias/aws/s3",
            "environment": [
              {
                "certificate": "",
                "compute_type": "BUILD_GENERAL1_SMALL",
                "environment_variable": [],
                "fleet": [],
                "image": "aws/codebuild/amazonlinux-x86_64-standard:5.0",
                "image_pull_credentials_type": "CODEBUILD",
                "privileged_mode": false,
                "registry_credential": [],
                "type": "LINUX_CONTAINER"
              }
            ],
            "file_system_locations": [],
            "id": "arn:aws:codebuild:ap-southeast-1:160885258086:project/build-output",
            "logs_config": [
              {
                "cloudwatch_logs": [
                  {
                    "group_name": "",
                    "status": "ENABLED",
                    "stream_name": ""
                  }
                ],
                "s3_logs": [
                  {
                    "bucket_owner_access": "",
                    "encryption_disabled": false,
                    "location": "",
                    "status": "DISABLED"
                  }
                ]
              }
            ],
            "name": "build-output",
            "project_visibility": "PRIVATE",
            "public_project_alias": "",
            "queued_timeout": 480,
            "resource_access_role": "",
            "secondary_artifacts": [],
            "secondary_source_version": [],
            "secondary_sources": [],
            "service_role": "arn:aws:iam::160885258086:role/codebuild-role",
            "source": [
              {
                "auth": [],
                "build_status_config": [],
                "buildspec": "",
                "git_clone_depth": 1,
                "git_submodules_config": [
                  {
                    "fetch_submodules": true
                  }
                ],
                "insecure_ssl": false,
                "location": "https://github.com/KhacThien88/CloudHCMUS_Lab01_BE",
                "report_build_status": false,
                "type": "GITHUB"
              }
            ],
            "source_version": "",
            "tags": null,
            "tags_all": {},
            "vpc_config": []
          },
          "sensitive_attributes": [],
          "private": "bnVsbA==",
          "dependencies": [
            "module.iamrole-codebuild.aws_iam_role.codebuild_role",
            "module.s3-todo-cb-cd.aws_s3_bucket.build_artifacts"
          ]
        }
      ]
    },
    {
      "module": "module.codedeploy",
      "mode": "managed",
      "type": "aws_codedeploy_app",
      "name": "app_deploy",
      "provider": "provider[\"registry.terraform.io/hashicorp/aws\"].region-master",
      "instances": [
        {
          "schema_version": 0,
          "attributes": {
            "application_id": "a5b65a26-97c7-4b4b-9c88-e452ee1c7125",
            "arn": "arn:aws:codedeploy:ap-southeast-1:160885258086:application:app-deploy-application",
            "compute_platform": "Server",
            "github_account_name": "",
            "id": "a5b65a26-97c7-4b4b-9c88-e452ee1c7125:app-deploy-application",
            "linked_to_github": false,
            "name": "app-deploy-application",
            "tags": null,
            "tags_all": {}
          },
          "sensitive_attributes": [],
          "private": "bnVsbA=="
        }
      ]
    },
    {
      "module": "module.codedeploy",
      "mode": "managed",
      "type": "aws_codedeploy_deployment_group",
      "name": "app_dg",
      "provider": "provider[\"registry.terraform.io/hashicorp/aws\"].region-master",
      "instances": [
        {
          "schema_version": 0,
          "attributes": {
            "alarm_configuration": [],
            "app_name": "app-deploy-application",
            "arn": "arn:aws:codedeploy:ap-southeast-1:160885258086:deploymentgroup:app-deploy-application/app-deployment-group",
            "auto_rollback_configuration": [
              {
                "enabled": true,
                "events": [
                  "DEPLOYMENT_FAILURE"
                ]
              }
            ],
            "autoscaling_groups": [
              "todoapp-asg"
            ],
            "blue_green_deployment_config": [],
            "compute_platform": "Server",
            "deployment_config_name": "CodeDeployDefault.AllAtOnce",
            "deployment_group_id": "131aa4ae-5ace-4c40-bb5e-67d2ad98b659",
            "deployment_group_name": "app-deployment-group",
            "deployment_style": [
              {
                "deployment_option": "WITHOUT_TRAFFIC_CONTROL",
                "deployment_type": "IN_PLACE"
              }
            ],
            "ec2_tag_filter": [],
            "ec2_tag_set": [
              {
                "ec2_tag_filter": [
                  {
                    "key": "Name",
                    "type": "KEY_AND_VALUE",
                    "value": "codedeploy-instance"
                  }
                ]
              }
            ],
            "ecs_service": [],
            "id": "131aa4ae-5ace-4c40-bb5e-67d2ad98b659",
            "load_balancer_info": [],
            "on_premises_instance_tag_filter": [],
            "outdated_instances_strategy": "UPDATE",
            "service_role_arn": "arn:aws:iam::160885258086:role/codedeploy-role",
            "tags": null,
            "tags_all": {},
            "termination_hook_enabled": false,
            "trigger_configuration": []
          },
          "sensitive_attributes": [],
          "private": "bnVsbA==",
          "dependencies": [
            "module.asg_group.aws_autoscaling_group.todoapp_asg",
            "module.codedeploy.aws_codedeploy_app.app_deploy",
            "module.iamrole-codedeploy.aws_iam_role.codedeploy_role",
            "module.iamrole-ec2.aws_iam_instance_profile.ec2_instance_profile",
            "module.iamrole-ec2.aws_iam_role.ec2_instance_role",
            "module.key-pair.aws_key_pair.master-key",
            "module.lb-target-groups.aws_lb_target_group.app-lb-tg",
            "module.lc.aws_launch_template.todoapp_lt",
            "module.region-az.data.aws_availability_zones.available",
            "module.sg_app.aws_security_group.nodejs_app_sg",
            "module.subnet_private_1.aws_subnet.subnet_public",
            "module.subnet_private_2.aws_subnet.subnet_public",
            "module.vpc-app.aws_vpc.vpc_master"
          ]
        }
      ]
    },
    {
      "module": "module.codepipeline",
      "mode": "managed",
      "type": "aws_codepipeline",
      "name": "app_pipeline",
      "provider": "provider[\"registry.terraform.io/hashicorp/aws\"].region-master",
      "instances": [
        {
          "schema_version": 0,
          "attributes": {
            "arn": "arn:aws:codepipeline:ap-southeast-1:160885258086:app-deploy-pipeline",
            "artifact_store": [
              {
                "encryption_key": [],
                "location": "taskapp-cb-cd-cp",
                "region": "",
                "type": "S3"
              }
            ],
            "execution_mode": "SUPERSEDED",
            "id": "app-deploy-pipeline",
            "name": "app-deploy-pipeline",
            "pipeline_type": "V1",
            "role_arn": "arn:aws:iam::160885258086:role/codepipeline-role",
            "stage": [
              {
                "action": [
                  {
                    "category": "Source",
                    "configuration": {
                      "S3Bucket": "taskapp-cb-cd-cp",
                      "S3ObjectKey": "artifacts/build-output"
                    },
                    "input_artifacts": null,
                    "name": "Source",
                    "namespace": "",
                    "output_artifacts": [
                      "source_output"
                    ],
                    "owner": "AWS",
                    "provider": "S3",
                    "region": "",
                    "role_arn": "",
                    "run_order": 1,
                    "timeout_in_minutes": 0,
                    "version": "1"
                  }
                ],
                "before_entry": [],
                "name": "Source",
                "on_failure": [],
                "on_success": []
              },
              {
                "action": [
                  {
                    "category": "Deploy",
                    "configuration": {
                      "ApplicationName": "app-deploy-application",
                      "DeploymentGroupName": "app-deployment-group"
                    },
                    "input_artifacts": [
                      "source_output"
                    ],
                    "name": "CodeDeploy",
                    "namespace": "",
                    "output_artifacts": null,
                    "owner": "AWS",
                    "provider": "CodeDeploy",
                    "region": "",
                    "role_arn": "",
                    "run_order": 1,
                    "timeout_in_minutes": 0,
                    "version": "1"
                  }
                ],
                "before_entry": [],
                "name": "Deploy",
                "on_failure": [],
                "on_success": []
              }
            ],
            "tags": null,
            "tags_all": {},
            "trigger": [],
            "trigger_all": [],
            "variable": []
          },
          "sensitive_attributes": [],
          "private": "bnVsbA==",
          "dependencies": [
            "module.codedeploy.aws_codedeploy_app.app_deploy",
            "module.iamrole-codepipeline.aws_iam_role.codepipeline_role",
            "module.s3-todo-cb-cd.aws_s3_bucket.build_artifacts"
          ]
        }
      ]
    },
    {
      "module": "module.db_rds",
      "mode": "managed",
      "type": "aws_db_instance",
      "name": "mysql",
      "provider": "provider[\"registry.terraform.io/hashicorp/aws\"].region-master",
      "instances": [
        {
          "schema_version": 2,
          "attributes": {
            "address": "terraform-20250411170633640400000009.cvq6em6w07f8.ap-southeast-1.rds.amazonaws.com",
            "allocated_storage": 20,
            "allow_major_version_upgrade": null,
            "apply_immediately": false,
            "arn": "arn:aws:rds:ap-southeast-1:160885258086:db:terraform-20250411170633640400000009",
            "auto_minor_version_upgrade": true,
            "availability_zone": "ap-southeast-1a",
            "backup_retention_period": 0,
            "backup_target": "region",
            "backup_window": "19:02-19:32",
            "blue_green_update": [],
            "ca_cert_identifier": "rds-ca-rsa2048-g1",
            "character_set_name": "",
            "copy_tags_to_snapshot": false,
            "custom_iam_instance_profile": "",
            "customer_owned_ip_enabled": false,
            "database_insights_mode": "standard",
            "db_name": "task_manager",
            "db_subnet_group_name": "mysql-subnet-group",
            "dedicated_log_volume": false,
            "delete_automated_backups": true,
            "deletion_protection": false,
            "domain": "",
            "domain_auth_secret_arn": "",
            "domain_dns_ips": null,
            "domain_fqdn": "",
            "domain_iam_role_name": "",
            "domain_ou": "",
            "enabled_cloudwatch_logs_exports": null,
            "endpoint": "terraform-20250411170633640400000009.cvq6em6w07f8.ap-southeast-1.rds.amazonaws.com:3306",
            "engine": "mysql",
            "engine_lifecycle_support": "open-source-rds-extended-support",
            "engine_version": "8.0",
            "engine_version_actual": "8.0.40",
            "final_snapshot_identifier": null,
            "hosted_zone_id": "Z2G0U3KFCY8NZ5",
            "iam_database_authentication_enabled": false,
            "id": "db-J2DRUQ2YP4XJS2KZJRIEMMNTYQ",
            "identifier": "terraform-20250411170633640400000009",
            "identifier_prefix": "terraform-",
            "instance_class": "db.t3.micro",
            "iops": 0,
            "kms_key_id": "",
            "latest_restorable_time": "",
            "license_model": "general-public-license",
            "listener_endpoint": [],
            "maintenance_window": "tue:17:38-tue:18:08",
            "manage_master_user_password": null,
            "master_user_secret": [],
            "master_user_secret_kms_key_id": null,
            "max_allocated_storage": 100,
            "monitoring_interval": 0,
            "monitoring_role_arn": "",
            "multi_az": false,
            "nchar_character_set_name": "",
            "network_type": "IPV4",
            "option_group_name": "default:mysql-8-0",
            "parameter_group_name": "default.mysql8.0",
            "password": "MySecurePassw0rd123!",
            "password_wo": null,
            "password_wo_version": null,
            "performance_insights_enabled": false,
            "performance_insights_kms_key_id": "",
            "performance_insights_retention_period": 0,
            "port": 3306,
            "publicly_accessible": false,
            "replica_mode": "",
            "replicas": [],
            "replicate_source_db": "",
            "resource_id": "db-J2DRUQ2YP4XJS2KZJRIEMMNTYQ",
            "restore_to_point_in_time": [],
            "s3_import": [],
            "skip_final_snapshot": true,
            "snapshot_identifier": null,
            "status": "available",
            "storage_encrypted": false,
            "storage_throughput": 0,
            "storage_type": "gp2",
            "tags": {
              "Name": "mysql-instance"
            },
            "tags_all": {
              "Name": "mysql-instance"
            },
            "timeouts": null,
            "timezone": "",
            "upgrade_storage_config": null,
            "username": "admin",
            "vpc_security_group_ids": [
              "sg-02b94012129d0d044"
            ]
          },
          "sensitive_attributes": [
            [
              {
                "type": "get_attr",
                "value": "password"
              }
            ],
            [
              {
                "type": "get_attr",
                "value": "username"
              }
            ],
            [
              {
                "type": "get_attr",
                "value": "password_wo"
              }
            ],
            [
              {
                "type": "get_attr",
                "value": "db_name"
              }
            ]
          ],
          "private": "eyJlMmJmYjczMC1lY2FhLTExZTYtOGY4OC0zNDM2M2JjN2M0YzAiOnsiY3JlYXRlIjozMDAwMDAwMDAwMDAwLCJkZWxldGUiOjM2MDAwMDAwMDAwMDAsInVwZGF0ZSI6NDgwMDAwMDAwMDAwMH0sInNjaGVtYV92ZXJzaW9uIjoiMiJ9",
          "dependencies": [
            "module.db_subnet_group.aws_db_subnet_group.main",
            "module.region-az.data.aws_availability_zones.available",
            "module.sg-db-rds.aws_security_group.rds_sg",
            "module.subnet_private_3.aws_subnet.subnet_public",
            "module.subnet_private_4.aws_subnet.subnet_public",
            "module.vpc-app.aws_vpc.vpc_master"
          ]
        }
      ]
    },
    {
      "module": "module.db_secret",
      "mode": "managed",
      "type": "aws_secretsmanager_secret",
      "name": "db_secret",
      "provider": "provider[\"registry.terraform.io/hashicorp/aws\"].region-master",
      "instances": [
        {
          "schema_version": 0,
          "attributes": {
            "arn": "arn:aws:secretsmanager:ap-southeast-1:160885258086:secret:secrett_db_mysql_2-W5VNwm",
            "description": "MySQL database credentials",
            "force_overwrite_replica_secret": false,
            "id": "arn:aws:secretsmanager:ap-southeast-1:160885258086:secret:secrett_db_mysql_2-W5VNwm",
            "kms_key_id": "",
            "name": "secrett_db_mysql_2",
            "name_prefix": "",
            "policy": "",
            "recovery_window_in_days": 30,
            "replica": [],
            "tags": {
              "Name": "mysql-db-secret"
            },
            "tags_all": {
              "Name": "mysql-db-secret"
            }
          },
          "sensitive_attributes": [
            [
              {
                "type": "get_attr",
                "value": "name"
              }
            ]
          ],
          "private": "bnVsbA==",
          "dependencies": [
            "module.db_rds.aws_db_instance.mysql",
            "module.db_subnet_group.aws_db_subnet_group.main",
            "module.region-az.data.aws_availability_zones.available",
            "module.sg-db-rds.aws_security_group.rds_sg",
            "module.subnet_private_3.aws_subnet.subnet_public",
            "module.subnet_private_4.aws_subnet.subnet_public",
            "module.vpc-app.aws_vpc.vpc_master"
          ]
        }
      ]
    },
    {
      "module": "module.db_secret",
      "mode": "managed",
      "type": "aws_secretsmanager_secret_version",
      "name": "db_secret_version",
      "provider": "provider[\"registry.terraform.io/hashicorp/aws\"].region-master",
      "instances": [
        {
          "schema_version": 0,
          "attributes": {
            "arn": "arn:aws:secretsmanager:ap-southeast-1:160885258086:secret:secrett_db_mysql_2-W5VNwm",
            "has_secret_string_wo": null,
            "id": "arn:aws:secretsmanager:ap-southeast-1:160885258086:secret:secrett_db_mysql_2-W5VNwm|terraform-2025041117101898840000000f",
            "secret_binary": "",
            "secret_id": "arn:aws:secretsmanager:ap-southeast-1:160885258086:secret:secrett_db_mysql_2-W5VNwm",
            "secret_string": "{\"db_name\":\"task_manager\",\"host\":\"terraform-20250411170633640400000009.cvq6em6w07f8.ap-southeast-1.rds.amazonaws.com\",\"password\":\"MySecurePassw0rd123!\",\"port\":\"3306\",\"username\":\"admin\"}",
            "secret_string_wo": null,
            "secret_string_wo_version": null,
            "version_id": "terraform-2025041117101898840000000f",
            "version_stages": [
              "AWSCURRENT"
            ]
          },
          "sensitive_attributes": [
            [
              {
                "type": "get_attr",
                "value": "secret_binary"
              }
            ],
            [
              {
                "type": "get_attr",
                "value": "secret_string"
              }
            ],
            [
              {
                "type": "get_attr",
                "value": "secret_string_wo"
              }
            ]
          ],
          "private": "bnVsbA==",
          "dependencies": [
            "module.db_rds.aws_db_instance.mysql",
            "module.db_secret.aws_secretsmanager_secret.db_secret",
            "module.db_subnet_group.aws_db_subnet_group.main",
            "module.region-az.data.aws_availability_zones.available",
            "module.sg-db-rds.aws_security_group.rds_sg",
            "module.subnet_private_3.aws_subnet.subnet_public",
            "module.subnet_private_4.aws_subnet.subnet_public",
            "module.vpc-app.aws_vpc.vpc_master"
          ]
        }
      ]
    },
    {
      "module": "module.db_subnet_group",
      "mode": "managed",
      "type": "aws_db_subnet_group",
      "name": "main",
      "provider": "provider[\"registry.terraform.io/hashicorp/aws\"].region-master",
      "instances": [
        {
          "schema_version": 0,
          "attributes": {
            "arn": "arn:aws:rds:ap-southeast-1:160885258086:subgrp:mysql-subnet-group",
            "description": "Managed by Terraform",
            "id": "mysql-subnet-group",
            "name": "mysql-subnet-group",
            "name_prefix": "",
            "subnet_ids": [
              "subnet-04815b1b32aaf3ad7",
              "subnet-0bf006d3f74ae95c6"
            ],
            "supported_network_types": [
              "IPV4"
            ],
            "tags": {
              "Name": "mysql-subnet-group"
            },
            "tags_all": {
              "Name": "mysql-subnet-group"
            },
            "vpc_id": "vpc-0e04611ab8c2db8a3"
          },
          "sensitive_attributes": [],
          "private": "bnVsbA==",
          "dependencies": [
            "module.region-az.data.aws_availability_zones.available",
            "module.subnet_private_3.aws_subnet.subnet_public",
            "module.subnet_private_4.aws_subnet.subnet_public",
            "module.vpc-app.aws_vpc.vpc_master"
          ]
        }
      ]
    },
    {
      "module": "module.eip_ngw_1",
      "mode": "managed",
      "type": "aws_eip",
      "name": "nat_eip_a",
      "provider": "provider[\"registry.terraform.io/hashicorp/aws\"].region-master",
      "instances": [
        {
          "schema_version": 0,
          "attributes": {
            "address": null,
            "allocation_id": "eipalloc-0510e0d49761e1a4f",
            "arn": "arn:aws:ec2:ap-southeast-1:160885258086:elastic-ip/eipalloc-0510e0d49761e1a4f",
            "associate_with_private_ip": null,
            "association_id": "",
            "carrier_ip": "",
            "customer_owned_ip": "",
            "customer_owned_ipv4_pool": "",
            "domain": "vpc",
            "id": "eipalloc-0510e0d49761e1a4f",
            "instance": "",
            "ipam_pool_id": null,
            "network_border_group": "ap-southeast-1",
            "network_interface": "",
            "private_dns": null,
            "private_ip": "",
            "ptr_record": "",
            "public_dns": "ec2-3-0-162-233.ap-southeast-1.compute.amazonaws.com",
            "public_ip": "3.0.162.233",
            "public_ipv4_pool": "amazon",
            "tags": {
              "Name": "eip_ngw_1"
            },
            "tags_all": {
              "Name": "eip_ngw_1"
            },
            "timeouts": null,
            "vpc": true
          },
          "sensitive_attributes": [],
          "private": "eyJlMmJmYjczMC1lY2FhLTExZTYtOGY4OC0zNDM2M2JjN2M0YzAiOnsiZGVsZXRlIjoxODAwMDAwMDAwMDAsInJlYWQiOjkwMDAwMDAwMDAwMCwidXBkYXRlIjozMDAwMDAwMDAwMDB9fQ=="
        }
      ]
    },
    {
      "module": "module.eip_ngw_2",
      "mode": "managed",
      "type": "aws_eip",
      "name": "nat_eip_a",
      "provider": "provider[\"registry.terraform.io/hashicorp/aws\"].region-master",
      "instances": [
        {
          "schema_version": 0,
          "attributes": {
            "address": null,
            "allocation_id": "eipalloc-05e855529897c6bbe",
            "arn": "arn:aws:ec2:ap-southeast-1:160885258086:elastic-ip/eipalloc-05e855529897c6bbe",
            "associate_with_private_ip": null,
            "association_id": "",
            "carrier_ip": "",
            "customer_owned_ip": "",
            "customer_owned_ipv4_pool": "",
            "domain": "vpc",
            "id": "eipalloc-05e855529897c6bbe",
            "instance": "",
            "ipam_pool_id": null,
            "network_border_group": "ap-southeast-1",
            "network_interface": "",
            "private_dns": null,
            "private_ip": "",
            "ptr_record": "",
            "public_dns": "ec2-52-220-247-76.ap-southeast-1.compute.amazonaws.com",
            "public_ip": "52.220.247.76",
            "public_ipv4_pool": "amazon",
            "tags": {
              "Name": "eip_ngw_2"
            },
            "tags_all": {
              "Name": "eip_ngw_2"
            },
            "timeouts": null,
            "vpc": true
          },
          "sensitive_attributes": [],
          "private": "eyJlMmJmYjczMC1lY2FhLTExZTYtOGY4OC0zNDM2M2JjN2M0YzAiOnsiZGVsZXRlIjoxODAwMDAwMDAwMDAsInJlYWQiOjkwMDAwMDAwMDAwMCwidXBkYXRlIjozMDAwMDAwMDAwMDB9fQ=="
        }
      ]
    },
    {
      "module": "module.iamrole-codebuild",
      "mode": "managed",
      "type": "aws_iam_policy",
      "name": "codebuild_autoscaling_policy",
      "provider": "provider[\"registry.terraform.io/hashicorp/aws\"].region-master",
      "instances": [
        {
          "schema_version": 0,
          "attributes": {
            "arn": "arn:aws:iam::160885258086:policy/CodeBuildAutoScalingPolicy",
            "attachment_count": 0,
            "description": "Grants CodeBuild permission to manage Auto Scaling lifecycle",
            "id": "arn:aws:iam::160885258086:policy/CodeBuildAutoScalingPolicy",
            "name": "CodeBuildAutoScalingPolicy",
            "name_prefix": "",
            "path": "/",
            "policy": "{\"Statement\":[{\"Action\":[\"autoscaling:CompleteLifecycleAction\",\"autoscaling:DeleteLifecycleHook\",\"autoscaling:DescribeAutoScalingGroups\",\"autoscaling:DescribeLifecycleHooks\",\"autoscaling:PutLifecycleHook\",\"autoscaling:RecordLifecycleActionHeartbeat\",\"autoscaling:UpdateAutoScalingGroup\",\"autoscaling:AttachInstances\",\"autoscaling:DetachInstances\",\"autoscaling:TerminateInstanceInAutoScalingGroup\",\"autoscaling:SetDesiredCapacity\",\"autoscaling:CreateOrUpdateTags\",\"autoscaling:SuspendProcesses\",\"autoscaling:ResumeProcesses\"],\"Effect\":\"Allow\",\"Resource\":\"*\"}],\"Version\":\"2012-10-17\"}",
            "policy_id": "ANPASK5MCG5TKFGO733FJ",
            "tags": null,
            "tags_all": {}
          },
          "sensitive_attributes": [],
          "private": "bnVsbA=="
        }
      ]
    },
    {
      "module": "module.iamrole-codebuild",
      "mode": "managed",
      "type": "aws_iam_policy_attachment",
      "name": "codebuild_autoscaling_attach",
      "provider": "provider[\"registry.terraform.io/hashicorp/aws\"].region-master",
      "instances": [
        {
          "schema_version": 0,
          "attributes": {
            "groups": null,
            "id": "codebuild-autoscaling-policy-attachment",
            "name": "codebuild-autoscaling-policy-attachment",
            "policy_arn": "arn:aws:iam::160885258086:policy/CodeBuildAutoScalingPolicy",
            "roles": [
              "codebuild-role"
            ],
            "users": null
          },
          "sensitive_attributes": [],
          "private": "bnVsbA==",
          "dependencies": [
            "module.iamrole-codebuild.aws_iam_policy.codebuild_autoscaling_policy",
            "module.iamrole-codebuild.aws_iam_role.codebuild_role"
          ]
        }
      ]
    },
    {
      "module": "module.iamrole-codebuild",
      "mode": "managed",
      "type": "aws_iam_role",
      "name": "codebuild_role",
      "provider": "provider[\"registry.terraform.io/hashicorp/aws\"].region-master",
      "instances": [
        {
          "schema_version": 0,
          "attributes": {
            "arn": "arn:aws:iam::160885258086:role/codebuild-role",
            "assume_role_policy": "{\"Statement\":[{\"Action\":\"sts:AssumeRole\",\"Effect\":\"Allow\",\"Principal\":{\"Service\":\"codebuild.amazonaws.com\"}}],\"Version\":\"2012-10-17\"}",
            "create_date": "2025-04-11T17:06:18Z",
            "description": "",
            "force_detach_policies": false,
            "id": "codebuild-role",
            "inline_policy": [],
            "managed_policy_arns": [],
            "max_session_duration": 3600,
            "name": "codebuild-role",
            "name_prefix": "",
            "path": "/",
            "permissions_boundary": "",
            "tags": null,
            "tags_all": {},
            "unique_id": "AROASK5MCG5TLQUHD6RCW"
          },
          "sensitive_attributes": [],
          "private": "bnVsbA=="
        }
      ]
    },
    {
      "module": "module.iamrole-codebuild",
      "mode": "managed",
      "type": "aws_iam_role_policy_attachment",
      "name": "codebuild_policy",
      "provider": "provider[\"registry.terraform.io/hashicorp/aws\"].region-master",
      "instances": [
        {
          "schema_version": 0,
          "attributes": {
            "id": "codebuild-role-20250411170619683100000002",
            "policy_arn": "arn:aws:iam::aws:policy/AdministratorAccess",
            "role": "codebuild-role"
          },
          "sensitive_attributes": [],
          "private": "bnVsbA==",
          "dependencies": [
            "module.iamrole-codebuild.aws_iam_role.codebuild_role"
          ]
        }
      ]
    },
    {
      "module": "module.iamrole-codedeploy",
      "mode": "managed",
      "type": "aws_iam_role",
      "name": "codedeploy_role",
      "provider": "provider[\"registry.terraform.io/hashicorp/aws\"].region-master",
      "instances": [
        {
          "schema_version": 0,
          "attributes": {
            "arn": "arn:aws:iam::160885258086:role/codedeploy-role",
            "assume_role_policy": "{\"Statement\":[{\"Action\":\"sts:AssumeRole\",\"Effect\":\"Allow\",\"Principal\":{\"Service\":\"codedeploy.amazonaws.com\"}}],\"Version\":\"2012-10-17\"}",
            "create_date": "2025-04-11T17:06:18Z",
            "description": "",
            "force_detach_policies": false,
            "id": "codedeploy-role",
            "inline_policy": [],
            "managed_policy_arns": [],
            "max_session_duration": 3600,
            "name": "codedeploy-role",
            "name_prefix": "",
            "path": "/",
            "permissions_boundary": "",
            "tags": null,
            "tags_all": {},
            "unique_id": "AROASK5MCG5TN24L77VEQ"
          },
          "sensitive_attributes": [],
          "private": "bnVsbA=="
        }
      ]
    },
    {
      "module": "module.iamrole-codedeploy",
      "mode": "managed",
      "type": "aws_iam_role_policy_attachment",
      "name": "codedeploy_policy",
      "provider": "provider[\"registry.terraform.io/hashicorp/aws\"].region-master",
      "instances": [
        {
          "schema_version": 0,
          "attributes": {
            "id": "codedeploy-role-20250411170620038900000005",
            "policy_arn": "arn:aws:iam::aws:policy/AdministratorAccess",
            "role": "codedeploy-role"
          },
          "sensitive_attributes": [],
          "private": "bnVsbA==",
          "dependencies": [
            "module.iamrole-codedeploy.aws_iam_role.codedeploy_role"
          ]
        }
      ]
    },
    {
      "module": "module.iamrole-codepipeline",
      "mode": "managed",
      "type": "aws_iam_role",
      "name": "codepipeline_role",
      "provider": "provider[\"registry.terraform.io/hashicorp/aws\"].region-master",
      "instances": [
        {
          "schema_version": 0,
          "attributes": {
            "arn": "arn:aws:iam::160885258086:role/codepipeline-role",
            "assume_role_policy": "{\"Statement\":[{\"Action\":\"sts:AssumeRole\",\"Effect\":\"Allow\",\"Principal\":{\"Service\":\"codepipeline.amazonaws.com\"}}],\"Version\":\"2012-10-17\"}",
            "create_date": "2025-04-11T17:06:18Z",
            "description": "",
            "force_detach_policies": false,
            "id": "codepipeline-role",
            "inline_policy": [],
            "managed_policy_arns": [],
            "max_session_duration": 3600,
            "name": "codepipeline-role",
            "name_prefix": "",
            "path": "/",
            "permissions_boundary": "",
            "tags": null,
            "tags_all": {},
            "unique_id": "AROASK5MCG5TJZQVSDPR7"
          },
          "sensitive_attributes": [],
          "private": "bnVsbA=="
        }
      ]
    },
    {
      "module": "module.iamrole-codepipeline",
      "mode": "managed",
      "type": "aws_iam_role_policy_attachment",
      "name": "codepipeline_policy",
      "provider": "provider[\"registry.terraform.io/hashicorp/aws\"].region-master",
      "instances": [
        {
          "schema_version": 0,
          "attributes": {
            "id": "codepipeline-role-20250411170619819400000004",
            "policy_arn": "arn:aws:iam::aws:policy/AdministratorAccess",
            "role": "codepipeline-role"
          },
          "sensitive_attributes": [],
          "private": "bnVsbA==",
          "dependencies": [
            "module.iamrole-codepipeline.aws_iam_role.codepipeline_role"
          ]
        }
      ]
    },
    {
      "module": "module.iamrole-ec2",
      "mode": "managed",
      "type": "aws_iam_instance_profile",
      "name": "ec2_instance_profile",
      "provider": "provider[\"registry.terraform.io/hashicorp/aws\"].region-master",
      "instances": [
        {
          "schema_version": 0,
          "attributes": {
            "arn": "arn:aws:iam::160885258086:instance-profile/ec2-instance-profile",
            "create_date": "2025-04-11T17:06:19Z",
            "id": "ec2-instance-profile",
            "name": "ec2-instance-profile",
            "name_prefix": "",
            "path": "/",
            "role": "ec2-instance-role",
            "tags": null,
            "tags_all": {},
            "unique_id": "AIPASK5MCG5TBS7O4HLLT"
          },
          "sensitive_attributes": [],
          "private": "bnVsbA==",
          "dependencies": [
            "module.iamrole-ec2.aws_iam_role.ec2_instance_role"
          ]
        }
      ]
    },
    {
      "module": "module.iamrole-ec2",
      "mode": "managed",
      "type": "aws_iam_role",
      "name": "ec2_instance_role",
      "provider": "provider[\"registry.terraform.io/hashicorp/aws\"].region-master",
      "instances": [
        {
          "schema_version": 0,
          "attributes": {
            "arn": "arn:aws:iam::160885258086:role/ec2-instance-role",
            "assume_role_policy": "{\"Statement\":[{\"Action\":\"sts:AssumeRole\",\"Effect\":\"Allow\",\"Principal\":{\"Service\":\"ec2.amazonaws.com\"}}],\"Version\":\"2012-10-17\"}",
            "create_date": "2025-04-11T17:06:18Z",
            "description": "",
            "force_detach_policies": false,
            "id": "ec2-instance-role",
            "inline_policy": [],
            "managed_policy_arns": [],
            "max_session_duration": 3600,
            "name": "ec2-instance-role",
            "name_prefix": "",
            "path": "/",
            "permissions_boundary": "",
            "tags": null,
            "tags_all": {},
            "unique_id": "AROASK5MCG5TKQID6VRNY"
          },
          "sensitive_attributes": [],
          "private": "bnVsbA=="
        }
      ]
    },
    {
      "module": "module.iamrole-ec2",
      "mode": "managed",
      "type": "aws_iam_role_policy_attachment",
      "name": "ec2_policy",
      "provider": "provider[\"registry.terraform.io/hashicorp/aws\"].region-master",
      "instances": [
        {
          "schema_version": 0,
          "attributes": {
            "id": "ec2-instance-role-20250411170619803400000003",
            "policy_arn": "arn:aws:iam::aws:policy/AdministratorAccess",
            "role": "ec2-instance-role"
          },
          "sensitive_attributes": [],
          "private": "bnVsbA==",
          "dependencies": [
            "module.iamrole-ec2.aws_iam_role.ec2_instance_role"
          ]
        }
      ]
    },
    {
      "module": "module.iamrole-s3",
      "mode": "managed",
      "type": "aws_iam_role_policy",
      "name": "codebuild_s3",
      "provider": "provider[\"registry.terraform.io/hashicorp/aws\"].region-master",
      "instances": [
        {
          "schema_version": 0,
          "attributes": {
            "id": "codebuild-role:codebuild-s3-policy",
            "name": "codebuild-s3-policy",
            "name_prefix": "",
            "policy": "{\"Version\":\"2012-10-17\",\"Statement\":[{\"Action\":[\"s3:GetObject\",\"s3:GetObjectVersion\",\"s3:PutObject\",\"s3:GetBucketAcl\",\"s3:GetBucketLocation\"],\"Effect\":\"Allow\",\"Resource\":[\"arn:aws:s3:::taskapp-cb-cd-cp\",\"arn:aws:s3:::taskapp-cb-cd-cp/*\"]}]}",
            "role": "codebuild-role"
          },
          "sensitive_attributes": [],
          "private": "bnVsbA==",
          "dependencies": [
            "module.iamrole-codebuild.aws_iam_role.codebuild_role",
            "module.s3-todo-cb-cd.aws_s3_bucket.build_artifacts"
          ]
        }
      ]
    },
    {
      "module": "module.igw",
      "mode": "managed",
      "type": "aws_internet_gateway",
      "name": "igw",
      "provider": "provider[\"registry.terraform.io/hashicorp/aws\"].region-master",
      "instances": [
        {
          "schema_version": 0,
          "attributes": {
            "arn": "arn:aws:ec2:ap-southeast-1:160885258086:internet-gateway/igw-09dcecdbeaafa4512",
            "id": "igw-09dcecdbeaafa4512",
            "owner_id": "160885258086",
            "tags": {
              "Name": "igw-vpc-lab01"
            },
            "tags_all": {
              "Name": "igw-vpc-lab01"
            },
            "timeouts": null,
            "vpc_id": "vpc-0e04611ab8c2db8a3"
          },
          "sensitive_attributes": [],
          "private": "eyJlMmJmYjczMC1lY2FhLTExZTYtOGY4OC0zNDM2M2JjN2M0YzAiOnsiY3JlYXRlIjoxMjAwMDAwMDAwMDAwLCJkZWxldGUiOjEyMDAwMDAwMDAwMDAsInVwZGF0ZSI6MTIwMDAwMDAwMDAwMH19",
          "dependencies": [
            "module.vpc-app.aws_vpc.vpc_master"
          ]
        }
      ]
    },
    {
      "module": "module.key-pair",
      "mode": "managed",
      "type": "aws_key_pair",
      "name": "master-key",
      "provider": "provider[\"registry.terraform.io/hashicorp/aws\"].region-master",
      "instances": [
        {
          "schema_version": 1,
          "attributes": {
            "arn": "arn:aws:ec2:ap-southeast-1:160885258086:key-pair/ssh_asg_bastion",
            "fingerprint": "1c:2f:3c:a4:92:11:a9:b6:58:f6:01:4f:25:34:cd:2a",
            "id": "ssh_asg_bastion",
            "key_name": "ssh_asg_bastion",
            "key_name_prefix": "",
            "key_pair_id": "key-05b7935671474b7c9",
            "key_type": "rsa",
            "public_key": "ssh-rsa AAAAB3NzaC1yc2EAAAADAQABAAACAQCxd8DTQzyLHzRm4HsTzWvkLyoWdmLOG8T3fnMoJQF598zjgiHZkiv2ZvGX9NVxk/kUqcNvzth6uiJJSbeahQHbHl0q2S0dujJ+LJiyUNEd+z3DDNyw6CvWZim7viEkIWzoDDqIa2RyGu4M1YKwJOyt+AOSHvzxNTj5cG/Y4+57JrVEWE4mo/pkHn3VUhvAxxkkgrNkSeWDvGsp9spy6r5bHXzkMSXgYCZqbkzQpQw2eU1ixgKwr4Y9SPIOnSdlOEU0SpVZ6YYLpZvZbLCQN8gYf3B54Psp68gkZcUkwceFyf+6SUOoWyStUmNCpnGyRqcENt4fgc9A5sdCMLLA/S9VgZoosfzYUTks25Gk1ia5M91QdVj701kgNB17rHxpIUOM8T1QE9t/iwoVJYeYGGvow8g8bzLqBzah+Lds7hPfiH+UK7W/VaeqGIVGOVR3LyDQXwcuAJFEVdopNfIeiL1ADO6azZxoIyRfI2ISHrBnO/n4WO5QXEs/bqYX/P4Z5g8NawTNH4mlWzU3PjB7kRHbF+TxBi7xN4f6e2Qn255pESw4vokkyb4ZYmZtVhs2fmlQ6YxTx9SXNAH3vmbue0jYQBZ4QB/pdFxF6pPsrDREps4ZcNIV87vImxiD4cw/ApnjRrq3xosV72aPUm4xPLm79Wfn5aAdyrsUpSnA3Hx91Q==",
            "tags": null,
            "tags_all": {}
          },
          "sensitive_attributes": [],
          "private": "eyJzY2hlbWFfdmVyc2lvbiI6IjEifQ=="
        }
      ]
    },
    {
      "module": "module.lb",
      "mode": "managed",
      "type": "aws_lb",
      "name": "application-lb",
      "provider": "provider[\"registry.terraform.io/hashicorp/aws\"].region-master",
      "instances": [
        {
          "schema_version": 0,
          "attributes": {
            "access_logs": [
              {
                "bucket": "",
                "enabled": false,
                "prefix": ""
              }
            ],
            "arn": "arn:aws:elasticloadbalancing:ap-southeast-1:160885258086:loadbalancer/app/webservers-lb/1447fd6c1aeafc3e",
            "arn_suffix": "app/webservers-lb/1447fd6c1aeafc3e",
            "client_keep_alive": 3600,
            "connection_logs": [
              {
                "bucket": "",
                "enabled": false,
                "prefix": ""
              }
            ],
            "customer_owned_ipv4_pool": "",
            "desync_mitigation_mode": "defensive",
            "dns_name": "webservers-lb-1198375038.ap-southeast-1.elb.amazonaws.com",
            "dns_record_client_routing_policy": null,
            "drop_invalid_header_fields": false,
            "enable_cross_zone_load_balancing": true,
            "enable_deletion_protection": false,
            "enable_http2": true,
            "enable_tls_version_and_cipher_suite_headers": false,
            "enable_waf_fail_open": false,
            "enable_xff_client_port": false,
            "enable_zonal_shift": false,
            "enforce_security_group_inbound_rules_on_private_link_traffic": "",
            "id": "arn:aws:elasticloadbalancing:ap-southeast-1:160885258086:loadbalancer/app/webservers-lb/1447fd6c1aeafc3e",
            "idle_timeout": 60,
            "internal": false,
            "ip_address_type": "ipv4",
            "ipam_pools": [],
            "load_balancer_type": "application",
            "name": "webservers-lb",
            "name_prefix": "",
            "preserve_host_header": false,
            "security_groups": [
              "sg-0b6ac0efdc367550d"
            ],
            "subnet_mapping": [
              {
                "allocation_id": "",
                "ipv6_address": "",
                "outpost_id": "",
                "private_ipv4_address": "",
                "subnet_id": "subnet-0b10572ab85ded85c"
              },
              {
                "allocation_id": "",
                "ipv6_address": "",
                "outpost_id": "",
                "private_ipv4_address": "",
                "subnet_id": "subnet-0f6db4b990acf80ba"
              }
            ],
            "subnets": [
              "subnet-0b10572ab85ded85c",
              "subnet-0f6db4b990acf80ba"
            ],
            "tags": {
              "Name": "Webservers-LB"
            },
            "tags_all": {
              "Name": "Webservers-LB"
            },
            "timeouts": null,
            "vpc_id": "vpc-0e04611ab8c2db8a3",
            "xff_header_processing_mode": "append",
            "zone_id": "Z1LMS91P8CMLE5"
          },
          "sensitive_attributes": [],
          "private": "eyJlMmJmYjczMC1lY2FhLTExZTYtOGY4OC0zNDM2M2JjN2M0YzAiOnsiY3JlYXRlIjo2MDAwMDAwMDAwMDAsImRlbGV0ZSI6NjAwMDAwMDAwMDAwLCJ1cGRhdGUiOjYwMDAwMDAwMDAwMH19",
          "dependencies": [
            "module.region-az.data.aws_availability_zones.available",
            "module.sg-lb.aws_security_group.lb-sg",
            "module.subnet_public_1.aws_subnet.subnet_public",
            "module.subnet_public_2.aws_subnet.subnet_public",
            "module.vpc-app.aws_vpc.vpc_master"
          ]
        }
      ]
    },
    {
      "module": "module.lb-listener",
      "mode": "managed",
      "type": "aws_lb_listener",
      "name": "lb-http-listener",
      "provider": "provider[\"registry.terraform.io/hashicorp/aws\"].region-master",
      "instances": [
        {
          "schema_version": 0,
          "attributes": {
            "alpn_policy": null,
            "arn": "arn:aws:elasticloadbalancing:ap-southeast-1:160885258086:listener/app/webservers-lb/1447fd6c1aeafc3e/1a97491971b15481",
            "certificate_arn": null,
            "default_action": [
              {
                "authenticate_cognito": [],
                "authenticate_oidc": [],
                "fixed_response": [],
                "forward": [],
                "order": 1,
                "redirect": [
                  {
                    "host": "#{host}",
                    "path": "/#{path}",
                    "port": "443",
                    "protocol": "HTTPS",
                    "query": "#{query}",
                    "status_code": "HTTP_301"
                  }
                ],
                "target_group_arn": "",
                "type": "redirect"
              }
            ],
            "id": "arn:aws:elasticloadbalancing:ap-southeast-1:160885258086:listener/app/webservers-lb/1447fd6c1aeafc3e/1a97491971b15481",
            "load_balancer_arn": "arn:aws:elasticloadbalancing:ap-southeast-1:160885258086:loadbalancer/app/webservers-lb/1447fd6c1aeafc3e",
            "mutual_authentication": [],
            "port": 80,
            "protocol": "HTTP",
            "routing_http_request_x_amzn_mtls_clientcert_header_name": null,
            "routing_http_request_x_amzn_mtls_clientcert_issuer_header_name": null,
            "routing_http_request_x_amzn_mtls_clientcert_leaf_header_name": null,
            "routing_http_request_x_amzn_mtls_clientcert_serial_number_header_name": null,
            "routing_http_request_x_amzn_mtls_clientcert_subject_header_name": null,
            "routing_http_request_x_amzn_mtls_clientcert_validity_header_name": null,
            "routing_http_request_x_amzn_tls_cipher_suite_header_name": null,
            "routing_http_request_x_amzn_tls_version_header_name": null,
            "routing_http_response_access_control_allow_credentials_header_value": "",
            "routing_http_response_access_control_allow_headers_header_value": "",
            "routing_http_response_access_control_allow_methods_header_value": "",
            "routing_http_response_access_control_allow_origin_header_value": "",
            "routing_http_response_access_control_expose_headers_header_value": "",
            "routing_http_response_access_control_max_age_header_value": "",
            "routing_http_response_content_security_policy_header_value": "",
            "routing_http_response_server_enabled": false,
            "routing_http_response_strict_transport_security_header_value": "",
            "routing_http_response_x_content_type_options_header_value": "",
            "routing_http_response_x_frame_options_header_value": "",
            "ssl_policy": "",
            "tags": null,
            "tags_all": {},
            "tcp_idle_timeout_seconds": null,
            "timeouts": null
          },
          "sensitive_attributes": [],
          "private": "eyJlMmJmYjczMC1lY2FhLTExZTYtOGY4OC0zNDM2M2JjN2M0YzAiOnsiY3JlYXRlIjozMDAwMDAwMDAwMDAsInVwZGF0ZSI6MzAwMDAwMDAwMDAwfX0=",
          "dependencies": [
            "module.lb.aws_lb.application-lb",
            "module.region-az.data.aws_availability_zones.available",
            "module.sg-lb.aws_security_group.lb-sg",
            "module.subnet_public_1.aws_subnet.subnet_public",
            "module.subnet_public_2.aws_subnet.subnet_public",
            "module.vpc-app.aws_vpc.vpc_master"
          ]
        }
      ]
    },
    {
      "module": "module.lb-listener",
      "mode": "managed",
      "type": "aws_lb_listener",
      "name": "lb-https-listener",
      "provider": "provider[\"registry.terraform.io/hashicorp/aws\"].region-master",
      "instances": [
        {
          "schema_version": 0,
          "attributes": {
            "alpn_policy": null,
            "arn": "arn:aws:elasticloadbalancing:ap-southeast-1:160885258086:listener/app/webservers-lb/1447fd6c1aeafc3e/d29bed34cba9e584",
            "certificate_arn": "arn:aws:acm:ap-southeast-1:160885258086:certificate/423d71fb-0cd1-49ad-8eca-efabce12e3a0",
            "default_action": [
              {
                "authenticate_cognito": [],
                "authenticate_oidc": [],
                "fixed_response": [],
                "forward": [],
                "order": 1,
                "redirect": [],
                "target_group_arn": "arn:aws:elasticloadbalancing:ap-southeast-1:160885258086:targetgroup/app-lb-tg/680c9f0560396556",
                "type": "forward"
              }
            ],
            "id": "arn:aws:elasticloadbalancing:ap-southeast-1:160885258086:listener/app/webservers-lb/1447fd6c1aeafc3e/d29bed34cba9e584",
            "load_balancer_arn": "arn:aws:elasticloadbalancing:ap-southeast-1:160885258086:loadbalancer/app/webservers-lb/1447fd6c1aeafc3e",
            "mutual_authentication": [
              {
                "advertise_trust_store_ca_names": "",
                "ignore_client_certificate_expiry": false,
                "mode": "off",
                "trust_store_arn": ""
              }
            ],
            "port": 443,
            "protocol": "HTTPS",
            "routing_http_request_x_amzn_mtls_clientcert_header_name": "",
            "routing_http_request_x_amzn_mtls_clientcert_issuer_header_name": "",
            "routing_http_request_x_amzn_mtls_clientcert_leaf_header_name": "",
            "routing_http_request_x_amzn_mtls_clientcert_serial_number_header_name": "",
            "routing_http_request_x_amzn_mtls_clientcert_subject_header_name": "",
            "routing_http_request_x_amzn_mtls_clientcert_validity_header_name": "",
            "routing_http_request_x_amzn_tls_cipher_suite_header_name": "",
            "routing_http_request_x_amzn_tls_version_header_name": "",
            "routing_http_response_access_control_allow_credentials_header_value": "",
            "routing_http_response_access_control_allow_headers_header_value": "",
            "routing_http_response_access_control_allow_methods_header_value": "",
            "routing_http_response_access_control_allow_origin_header_value": "",
            "routing_http_response_access_control_expose_headers_header_value": "",
            "routing_http_response_access_control_max_age_header_value": "",
            "routing_http_response_content_security_policy_header_value": "",
            "routing_http_response_server_enabled": false,
            "routing_http_response_strict_transport_security_header_value": "",
            "routing_http_response_x_content_type_options_header_value": "",
            "routing_http_response_x_frame_options_header_value": "",
            "ssl_policy": "ELBSecurityPolicy-2016-08",
            "tags": null,
            "tags_all": {},
            "tcp_idle_timeout_seconds": null,
            "timeouts": null
          },
          "sensitive_attributes": [],
          "private": "eyJlMmJmYjczMC1lY2FhLTExZTYtOGY4OC0zNDM2M2JjN2M0YzAiOnsiY3JlYXRlIjozMDAwMDAwMDAwMDAsInVwZGF0ZSI6MzAwMDAwMDAwMDAwfX0=",
          "dependencies": [
            "module.lb-target-groups.aws_lb_target_group.app-lb-tg",
            "module.lb.aws_lb.application-lb",
            "module.region-az.data.aws_availability_zones.available",
            "module.route53-acm.aws_acm_certificate.aws-ssl-cert",
            "module.route53-acm.data.aws_route53_zone.dns",
            "module.sg-lb.aws_security_group.lb-sg",
            "module.subnet_public_1.aws_subnet.subnet_public",
            "module.subnet_public_2.aws_subnet.subnet_public",
            "module.vpc-app.aws_vpc.vpc_master"
          ]
        }
      ]
    },
    {
      "module": "module.lb-target-groups",
      "mode": "managed",
      "type": "aws_lb_target_group",
      "name": "app-lb-tg",
      "provider": "provider[\"registry.terraform.io/hashicorp/aws\"].region-master",
      "instances": [
        {
          "schema_version": 0,
          "attributes": {
            "arn": "arn:aws:elasticloadbalancing:ap-southeast-1:160885258086:targetgroup/app-lb-tg/680c9f0560396556",
            "arn_suffix": "targetgroup/app-lb-tg/680c9f0560396556",
            "connection_termination": null,
            "deregistration_delay": "300",
            "health_check": [
              {
                "enabled": true,
                "healthy_threshold": 3,
                "interval": 10,
                "matcher": "200-399",
                "path": "/tasks",
                "port": "5000",
                "protocol": "HTTP",
                "timeout": 5,
                "unhealthy_threshold": 3
              }
            ],
            "id": "arn:aws:elasticloadbalancing:ap-southeast-1:160885258086:targetgroup/app-lb-tg/680c9f0560396556",
            "ip_address_type": "ipv4",
            "lambda_multi_value_headers_enabled": false,
            "load_balancer_arns": [],
            "load_balancing_algorithm_type": "round_robin",
            "load_balancing_anomaly_mitigation": "off",
            "load_balancing_cross_zone_enabled": "use_load_balancer_configuration",
            "name": "app-lb-tg",
            "name_prefix": "",
            "port": 5000,
            "preserve_client_ip": null,
            "protocol": "HTTP",
            "protocol_version": "HTTP1",
            "proxy_protocol_v2": false,
            "slow_start": 0,
            "stickiness": [
              {
                "cookie_duration": 86400,
                "cookie_name": "",
                "enabled": false,
                "type": "lb_cookie"
              }
            ],
            "tags": {
              "Name": "webserver-target-group"
            },
            "tags_all": {
              "Name": "webserver-target-group"
            },
            "target_failover": [
              {
                "on_deregistration": null,
                "on_unhealthy": null
              }
            ],
            "target_group_health": [
              {
                "dns_failover": [
                  {
                    "minimum_healthy_targets_count": "1",
                    "minimum_healthy_targets_percentage": "off"
                  }
                ],
                "unhealthy_state_routing": [
                  {
                    "minimum_healthy_targets_count": 1,
                    "minimum_healthy_targets_percentage": "off"
                  }
                ]
              }
            ],
            "target_health_state": [
              {
                "enable_unhealthy_connection_termination": null,
                "unhealthy_draining_interval": null
              }
            ],
            "target_type": "instance",
            "vpc_id": "vpc-0e04611ab8c2db8a3"
          },
          "sensitive_attributes": [],
          "private": "bnVsbA==",
          "dependencies": [
            "module.vpc-app.aws_vpc.vpc_master"
          ]
        }
      ]
    },
    {
      "module": "module.lc",
      "mode": "managed",
      "type": "aws_launch_template",
      "name": "todoapp_lt",
      "provider": "provider[\"registry.terraform.io/hashicorp/aws\"].region-master",
      "instances": [
        {
          "schema_version": 0,
          "attributes": {
            "arn": "arn:aws:ec2:ap-southeast-1:160885258086:launch-template/lt-06f9a1cbd6281aa9c",
            "block_device_mappings": [],
            "capacity_reservation_specification": [],
            "cpu_options": [],
            "credit_specification": [],
            "default_version": 1,
            "description": "",
            "disable_api_stop": false,
            "disable_api_termination": false,
            "ebs_optimized": "",
            "elastic_gpu_specifications": [],
            "elastic_inference_accelerator": [],
            "enclave_options": [],
            "hibernation_options": [],
            "iam_instance_profile": [
              {
                "arn": "",
                "name": "ec2-instance-profile"
              }
            ],
            "id": "lt-06f9a1cbd6281aa9c",
            "image_id": "ami-065a492fef70f84b1",
            "instance_initiated_shutdown_behavior": "",
            "instance_market_options": [],
            "instance_requirements": [],
            "instance_type": "t3.small",
            "kernel_id": "",
            "key_name": "ssh_asg_bastion",
            "latest_version": 1,
            "license_specification": [],
            "maintenance_options": [],
            "metadata_options": [],
            "monitoring": [],
            "name": "todoapp-lt",
            "name_prefix": "",
            "network_interfaces": [],
            "placement": [],
            "private_dns_name_options": [],
            "ram_disk_id": "",
            "security_group_names": null,
            "tag_specifications": [
              {
                "resource_type": "instance",
                "tags": {
                  "Name": "todoapp-instance"
                }
              }
            ],
            "tags": null,
            "tags_all": {},
            "update_default_version": null,
            "user_data": "IyEvYmluL2Jhc2gKCiMgVXBkYXRlIHBhY2thZ2VzCnN1ZG8gYXB0IHVwZGF0ZSAteQpzdWRvIGFwdCBpbnN0YWxsIC15IHJ1YnktZnVsbCBhd3NjbGkKCiMgU2V0IHJlZ2lvbiB2YXJpYWJsZQpSRUdJT049YXAtc291dGhlYXN0LTEKCiMgU3RvcCBhbmQgcmVtb3ZlIENvZGVEZXBsb3kgYWdlbnQgaWYgaXQgZXhpc3RzCkNPREVERVBMT1lfQklOPSIvb3B0L2NvZGVkZXBsb3ktYWdlbnQvYmluL2NvZGVkZXBsb3ktYWdlbnQiCmlmIFsgLWYgIiRDT0RFREVQTE9ZX0JJTiIgXTsgdGhlbgogICAgc3VkbyAkQ09ERURFUExPWV9CSU4gc3RvcApmaQpzdWRvIGFwdCByZW1vdmUgLXkgY29kZWRlcGxveS1hZ2VudAoKIyBEb3dubG9hZCBhbmQgaW5zdGFsbCBDb2RlRGVwbG95IGFnZW50CmF3cyBzMyBjcCBzMzovL2F3cy1jb2RlZGVwbG95LSRSRUdJT04vbGF0ZXN0L2luc3RhbGwgLiAtLXJlZ2lvbiAkUkVHSU9OCmNobW9kICt4IC4vaW5zdGFsbApzdWRvIC4vaW5zdGFsbCBhdXRvCgojIFN0YXJ0IGFnZW50CnN1ZG8gc3lzdGVtY3RsIHN0YXJ0IGNvZGVkZXBsb3ktYWdlbnQKc3VkbyBzeXN0ZW1jdGwgZW5hYmxlIGNvZGVkZXBsb3ktYWdlbnQKCiMgT3B0aW9uYWw6IGNoZWNrIHN0YXR1cwpzdWRvIHN5c3RlbWN0bCBzdGF0dXMgY29kZWRlcGxveS1hZ2VudAoKIyBXYWl0IHRvIGVuc3VyZSBhZ2VudCBpcyBmdWxseSB1cApzbGVlcCAyMAoKIyBDbGVhbiB1cApybSAtZiAuL2luc3RhbGwK",
            "vpc_security_group_ids": [
              "sg-045351e945d6abf71"
            ]
          },
          "sensitive_attributes": [],
          "private": "bnVsbA==",
          "dependencies": [
            "module.iamrole-ec2.aws_iam_instance_profile.ec2_instance_profile",
            "module.iamrole-ec2.aws_iam_role.ec2_instance_role",
            "module.key-pair.aws_key_pair.master-key",
            "module.sg_app.aws_security_group.nodejs_app_sg",
            "module.vpc-app.aws_vpc.vpc_master"
          ]
        }
      ]
    },
    {
      "module": "module.natgw_az_1",
      "mode": "managed",
      "type": "aws_nat_gateway",
      "name": "nat_gw",
      "provider": "provider[\"registry.terraform.io/hashicorp/aws\"].region-master",
      "instances": [
        {
          "schema_version": 0,
          "attributes": {
            "allocation_id": "eipalloc-0510e0d49761e1a4f",
            "association_id": "eipassoc-0a10dbfc65d0055b7",
            "connectivity_type": "public",
            "id": "nat-0280ef7497ae20f90",
            "network_interface_id": "eni-0fba4e768896d5c22",
            "private_ip": "10.0.0.131",
            "public_ip": "3.0.162.233",
            "secondary_allocation_ids": null,
            "secondary_private_ip_address_count": 0,
            "secondary_private_ip_addresses": [],
            "subnet_id": "subnet-0f6db4b990acf80ba",
            "tags": {
              "Name": "ngw_az_1"
            },
            "tags_all": {
              "Name": "ngw_az_1"
            },
            "timeouts": null
          },
          "sensitive_attributes": [],
          "private": "eyJlMmJmYjczMC1lY2FhLTExZTYtOGY4OC0zNDM2M2JjN2M0YzAiOnsiY3JlYXRlIjo2MDAwMDAwMDAwMDAsImRlbGV0ZSI6MTgwMDAwMDAwMDAwMCwidXBkYXRlIjo2MDAwMDAwMDAwMDB9fQ==",
          "dependencies": [
            "module.eip_ngw_1.aws_eip.nat_eip_a",
            "module.igw.aws_internet_gateway.igw",
            "module.region-az.data.aws_availability_zones.available",
            "module.subnet_public_1.aws_subnet.subnet_public",
            "module.vpc-app.aws_vpc.vpc_master"
          ]
        }
      ]
    },
    {
      "module": "module.natgw_az_2",
      "mode": "managed",
      "type": "aws_nat_gateway",
      "name": "nat_gw",
      "provider": "provider[\"registry.terraform.io/hashicorp/aws\"].region-master",
      "instances": [
        {
          "schema_version": 0,
          "attributes": {
            "allocation_id": "eipalloc-05e855529897c6bbe",
            "association_id": "eipassoc-0b2fb19735dd2d142",
            "connectivity_type": "public",
            "id": "nat-0c219cd8fc814af1f",
            "network_interface_id": "eni-0ff800d4c63899dc7",
            "private_ip": "10.0.1.19",
            "public_ip": "52.220.247.76",
            "secondary_allocation_ids": null,
            "secondary_private_ip_address_count": 0,
            "secondary_private_ip_addresses": [],
            "subnet_id": "subnet-0b10572ab85ded85c",
            "tags": {
              "Name": "ngw_az_2"
            },
            "tags_all": {
              "Name": "ngw_az_2"
            },
            "timeouts": null
          },
          "sensitive_attributes": [],
          "private": "eyJlMmJmYjczMC1lY2FhLTExZTYtOGY4OC0zNDM2M2JjN2M0YzAiOnsiY3JlYXRlIjo2MDAwMDAwMDAwMDAsImRlbGV0ZSI6MTgwMDAwMDAwMDAwMCwidXBkYXRlIjo2MDAwMDAwMDAwMDB9fQ==",
          "dependencies": [
            "module.eip_ngw_2.aws_eip.nat_eip_a",
            "module.igw.aws_internet_gateway.igw",
            "module.region-az.data.aws_availability_zones.available",
            "module.subnet_public_2.aws_subnet.subnet_public",
            "module.vpc-app.aws_vpc.vpc_master"
          ]
        }
      ]
    },
    {
      "module": "module.policy_scale",
      "mode": "managed",
      "type": "aws_autoscaling_policy",
      "name": "scale_down",
      "provider": "provider[\"registry.terraform.io/hashicorp/aws\"].region-master",
      "instances": [
        {
          "schema_version": 0,
          "attributes": {
            "adjustment_type": "ChangeInCapacity",
            "arn": "arn:aws:autoscaling:ap-southeast-1:160885258086:scalingPolicy:9d1e4a2f-b208-43df-8319-502595f32f8d:autoScalingGroupName/todoapp-asg:policyName/scale-in-on-low-cpu",
            "autoscaling_group_name": "todoapp-asg",
            "cooldown": 300,
            "enabled": true,
            "estimated_instance_warmup": 0,
            "id": "scale-in-on-low-cpu",
            "metric_aggregation_type": "",
            "min_adjustment_magnitude": 0,
            "name": "scale-in-on-low-cpu",
            "policy_type": "SimpleScaling",
            "predictive_scaling_configuration": [],
            "scaling_adjustment": -1,
            "step_adjustment": [],
            "target_tracking_configuration": []
          },
          "sensitive_attributes": [],
          "private": "bnVsbA==",
          "dependencies": [
            "module.asg_group.aws_autoscaling_group.todoapp_asg",
            "module.iamrole-ec2.aws_iam_instance_profile.ec2_instance_profile",
            "module.iamrole-ec2.aws_iam_role.ec2_instance_role",
            "module.key-pair.aws_key_pair.master-key",
            "module.lb-target-groups.aws_lb_target_group.app-lb-tg",
            "module.lc.aws_launch_template.todoapp_lt",
            "module.region-az.data.aws_availability_zones.available",
            "module.sg_app.aws_security_group.nodejs_app_sg",
            "module.subnet_private_1.aws_subnet.subnet_public",
            "module.subnet_private_2.aws_subnet.subnet_public",
            "module.vpc-app.aws_vpc.vpc_master"
          ]
        }
      ]
    },
    {
      "module": "module.policy_scale",
      "mode": "managed",
      "type": "aws_autoscaling_policy",
      "name": "scale_up",
      "provider": "provider[\"registry.terraform.io/hashicorp/aws\"].region-master",
      "instances": [
        {
          "schema_version": 0,
          "attributes": {
            "adjustment_type": "ChangeInCapacity",
            "arn": "arn:aws:autoscaling:ap-southeast-1:160885258086:scalingPolicy:60fd1d9f-61b0-4bc0-982a-96aaee48a497:autoScalingGroupName/todoapp-asg:policyName/scale-out-on-high-cpu",
            "autoscaling_group_name": "todoapp-asg",
            "cooldown": 60,
            "enabled": true,
            "estimated_instance_warmup": 0,
            "id": "scale-out-on-high-cpu",
            "metric_aggregation_type": "",
            "min_adjustment_magnitude": 0,
            "name": "scale-out-on-high-cpu",
            "policy_type": "SimpleScaling",
            "predictive_scaling_configuration": [],
            "scaling_adjustment": 1,
            "step_adjustment": [],
            "target_tracking_configuration": []
          },
          "sensitive_attributes": [],
          "private": "bnVsbA==",
          "dependencies": [
            "module.asg_group.aws_autoscaling_group.todoapp_asg",
            "module.iamrole-ec2.aws_iam_instance_profile.ec2_instance_profile",
            "module.iamrole-ec2.aws_iam_role.ec2_instance_role",
            "module.key-pair.aws_key_pair.master-key",
            "module.lb-target-groups.aws_lb_target_group.app-lb-tg",
            "module.lc.aws_launch_template.todoapp_lt",
            "module.region-az.data.aws_availability_zones.available",
            "module.sg_app.aws_security_group.nodejs_app_sg",
            "module.subnet_private_1.aws_subnet.subnet_public",
            "module.subnet_private_2.aws_subnet.subnet_public",
            "module.vpc-app.aws_vpc.vpc_master"
          ]
        }
      ]
    },
    {
      "module": "module.policy_scale",
      "mode": "managed",
      "type": "aws_cloudwatch_metric_alarm",
      "name": "cpu_high",
      "provider": "provider[\"registry.terraform.io/hashicorp/aws\"].region-master",
      "instances": [
        {
          "schema_version": 1,
          "attributes": {
            "actions_enabled": true,
            "alarm_actions": [
              "arn:aws:autoscaling:ap-southeast-1:160885258086:scalingPolicy:60fd1d9f-61b0-4bc0-982a-96aaee48a497:autoScalingGroupName/todoapp-asg:policyName/scale-out-on-high-cpu"
            ],
            "alarm_description": "Kích hoạt khi CPU vượt quá 70%",
            "alarm_name": "cpu_high",
            "arn": "arn:aws:cloudwatch:ap-southeast-1:160885258086:alarm:cpu_high",
            "comparison_operator": "GreaterThanThreshold",
            "datapoints_to_alarm": 0,
            "dimensions": {
              "AutoScalingGroupName": "todoapp-asg"
            },
            "evaluate_low_sample_count_percentiles": "",
            "evaluation_periods": 2,
            "extended_statistic": "",
            "id": "cpu_high",
            "insufficient_data_actions": null,
            "metric_name": "CPUUtilization",
            "metric_query": [],
            "namespace": "AWS/EC2",
            "ok_actions": null,
            "period": 60,
            "statistic": "Average",
            "tags": null,
            "tags_all": {},
            "threshold": 70,
            "threshold_metric_id": "",
            "treat_missing_data": "missing",
            "unit": ""
          },
          "sensitive_attributes": [],
          "private": "eyJzY2hlbWFfdmVyc2lvbiI6IjEifQ==",
          "dependencies": [
            "module.asg_group.aws_autoscaling_group.todoapp_asg",
            "module.iamrole-ec2.aws_iam_instance_profile.ec2_instance_profile",
            "module.iamrole-ec2.aws_iam_role.ec2_instance_role",
            "module.key-pair.aws_key_pair.master-key",
            "module.lb-target-groups.aws_lb_target_group.app-lb-tg",
            "module.lc.aws_launch_template.todoapp_lt",
            "module.policy_scale.aws_autoscaling_policy.scale_up",
            "module.region-az.data.aws_availability_zones.available",
            "module.sg_app.aws_security_group.nodejs_app_sg",
            "module.subnet_private_1.aws_subnet.subnet_public",
            "module.subnet_private_2.aws_subnet.subnet_public",
            "module.vpc-app.aws_vpc.vpc_master"
          ]
        }
      ]
    },
    {
      "module": "module.policy_scale",
      "mode": "managed",
      "type": "aws_cloudwatch_metric_alarm",
      "name": "cpu_low",
      "provider": "provider[\"registry.terraform.io/hashicorp/aws\"].region-master",
      "instances": [
        {
          "schema_version": 1,
          "attributes": {
            "actions_enabled": true,
            "alarm_actions": [
              "arn:aws:autoscaling:ap-southeast-1:160885258086:scalingPolicy:9d1e4a2f-b208-43df-8319-502595f32f8d:autoScalingGroupName/todoapp-asg:policyName/scale-in-on-low-cpu"
            ],
            "alarm_description": "Kích hoạt khi CPU dưới 30%",
            "alarm_name": "cpu_low",
            "arn": "arn:aws:cloudwatch:ap-southeast-1:160885258086:alarm:cpu_low",
            "comparison_operator": "LessThanThreshold",
            "datapoints_to_alarm": 0,
            "dimensions": {
              "AutoScalingGroupName": "todoapp-asg"
            },
            "evaluate_low_sample_count_percentiles": "",
            "evaluation_periods": 2,
            "extended_statistic": "",
            "id": "cpu_low",
            "insufficient_data_actions": null,
            "metric_name": "CPUUtilization",
            "metric_query": [],
            "namespace": "AWS/EC2",
            "ok_actions": null,
            "period": 60,
            "statistic": "Average",
            "tags": null,
            "tags_all": {},
            "threshold": 30,
            "threshold_metric_id": "",
            "treat_missing_data": "missing",
            "unit": ""
          },
          "sensitive_attributes": [],
          "private": "eyJzY2hlbWFfdmVyc2lvbiI6IjEifQ==",
          "dependencies": [
            "module.asg_group.aws_autoscaling_group.todoapp_asg",
            "module.iamrole-ec2.aws_iam_instance_profile.ec2_instance_profile",
            "module.iamrole-ec2.aws_iam_role.ec2_instance_role",
            "module.key-pair.aws_key_pair.master-key",
            "module.lb-target-groups.aws_lb_target_group.app-lb-tg",
            "module.lc.aws_launch_template.todoapp_lt",
            "module.policy_scale.aws_autoscaling_policy.scale_down",
            "module.region-az.data.aws_availability_zones.available",
            "module.sg_app.aws_security_group.nodejs_app_sg",
            "module.subnet_private_1.aws_subnet.subnet_public",
            "module.subnet_private_2.aws_subnet.subnet_public",
            "module.vpc-app.aws_vpc.vpc_master"
          ]
        }
      ]
    },
    {
      "module": "module.region-az",
      "mode": "data",
      "type": "aws_availability_zones",
      "name": "available",
      "provider": "provider[\"registry.terraform.io/hashicorp/aws\"].region-master",
      "instances": [
        {
          "schema_version": 0,
          "attributes": {
            "all_availability_zones": null,
            "exclude_names": null,
            "exclude_zone_ids": null,
            "filter": null,
            "group_names": [
              "ap-southeast-1-zg-1"
            ],
            "id": "ap-southeast-1",
            "names": [
              "ap-southeast-1a",
              "ap-southeast-1b",
              "ap-southeast-1c"
            ],
            "state": "available",
            "timeouts": null,
            "zone_ids": [
              "apse1-az2",
              "apse1-az1",
              "apse1-az3"
            ]
          },
          "sensitive_attributes": []
        }
      ]
    },
    {
      "module": "module.route-table-natgateway-1",
      "mode": "managed",
      "type": "aws_route_table",
      "name": "private_rt_a",
      "provider": "provider[\"registry.terraform.io/hashicorp/aws\"].region-master",
      "instances": [
        {
          "schema_version": 0,
          "attributes": {
            "arn": "arn:aws:ec2:ap-southeast-1:160885258086:route-table/rtb-0e93fc8453414fdd7",
            "id": "rtb-0e93fc8453414fdd7",
            "owner_id": "160885258086",
            "propagating_vgws": [],
            "route": [
              {
                "carrier_gateway_id": "",
                "cidr_block": "0.0.0.0/0",
                "core_network_arn": "",
                "destination_prefix_list_id": "",
                "egress_only_gateway_id": "",
                "gateway_id": "",
                "ipv6_cidr_block": "",
                "local_gateway_id": "",
                "nat_gateway_id": "nat-0280ef7497ae20f90",
                "network_interface_id": "",
                "transit_gateway_id": "",
                "vpc_endpoint_id": "",
                "vpc_peering_connection_id": ""
              }
            ],
            "tags": {
              "Name": "routetable-ngw-1"
            },
            "tags_all": {
              "Name": "routetable-ngw-1"
            },
            "timeouts": null,
            "vpc_id": "vpc-0e04611ab8c2db8a3"
          },
          "sensitive_attributes": [],
          "private": "eyJlMmJmYjczMC1lY2FhLTExZTYtOGY4OC0zNDM2M2JjN2M0YzAiOnsiY3JlYXRlIjozMDAwMDAwMDAwMDAsImRlbGV0ZSI6MzAwMDAwMDAwMDAwLCJ1cGRhdGUiOjEyMDAwMDAwMDAwMH19",
          "dependencies": [
            "module.eip_ngw_1.aws_eip.nat_eip_a",
            "module.igw.aws_internet_gateway.igw",
            "module.natgw_az_1.aws_nat_gateway.nat_gw",
            "module.region-az.data.aws_availability_zones.available",
            "module.subnet_public_1.aws_subnet.subnet_public",
            "module.vpc-app.aws_vpc.vpc_master"
          ]
        }
      ]
    },
    {
      "module": "module.route-table-natgateway-2",
      "mode": "managed",
      "type": "aws_route_table",
      "name": "private_rt_a",
      "provider": "provider[\"registry.terraform.io/hashicorp/aws\"].region-master",
      "instances": [
        {
          "schema_version": 0,
          "attributes": {
            "arn": "arn:aws:ec2:ap-southeast-1:160885258086:route-table/rtb-095f94ab4a81ca32c",
            "id": "rtb-095f94ab4a81ca32c",
            "owner_id": "160885258086",
            "propagating_vgws": [],
            "route": [
              {
                "carrier_gateway_id": "",
                "cidr_block": "0.0.0.0/0",
                "core_network_arn": "",
                "destination_prefix_list_id": "",
                "egress_only_gateway_id": "",
                "gateway_id": "",
                "ipv6_cidr_block": "",
                "local_gateway_id": "",
                "nat_gateway_id": "nat-0c219cd8fc814af1f",
                "network_interface_id": "",
                "transit_gateway_id": "",
                "vpc_endpoint_id": "",
                "vpc_peering_connection_id": ""
              }
            ],
            "tags": {
              "Name": "routetable-ngw-2"
            },
            "tags_all": {
              "Name": "routetable-ngw-2"
            },
            "timeouts": null,
            "vpc_id": "vpc-0e04611ab8c2db8a3"
          },
          "sensitive_attributes": [],
          "private": "eyJlMmJmYjczMC1lY2FhLTExZTYtOGY4OC0zNDM2M2JjN2M0YzAiOnsiY3JlYXRlIjozMDAwMDAwMDAwMDAsImRlbGV0ZSI6MzAwMDAwMDAwMDAwLCJ1cGRhdGUiOjEyMDAwMDAwMDAwMH19",
          "dependencies": [
            "module.eip_ngw_2.aws_eip.nat_eip_a",
            "module.igw.aws_internet_gateway.igw",
            "module.natgw_az_2.aws_nat_gateway.nat_gw",
            "module.region-az.data.aws_availability_zones.available",
            "module.subnet_public_2.aws_subnet.subnet_public",
            "module.vpc-app.aws_vpc.vpc_master"
          ]
        }
      ]
    },
    {
      "module": "module.route-table-public",
      "mode": "managed",
      "type": "aws_route_table",
      "name": "route-table",
      "provider": "provider[\"registry.terraform.io/hashicorp/aws\"].region-master",
      "instances": [
        {
          "schema_version": 0,
          "attributes": {
            "arn": "arn:aws:ec2:ap-southeast-1:160885258086:route-table/rtb-0338f9024059a2863",
            "id": "rtb-0338f9024059a2863",
            "owner_id": "160885258086",
            "propagating_vgws": [],
            "route": [
              {
                "carrier_gateway_id": "",
                "cidr_block": "0.0.0.0/0",
                "core_network_arn": "",
                "destination_prefix_list_id": "",
                "egress_only_gateway_id": "",
                "gateway_id": "igw-09dcecdbeaafa4512",
                "ipv6_cidr_block": "",
                "local_gateway_id": "",
                "nat_gateway_id": "",
                "network_interface_id": "",
                "transit_gateway_id": "",
                "vpc_endpoint_id": "",
                "vpc_peering_connection_id": ""
              }
            ],
            "tags": {
              "Name": "Routetable-public"
            },
            "tags_all": {
              "Name": "Routetable-public"
            },
            "timeouts": null,
            "vpc_id": "vpc-0e04611ab8c2db8a3"
          },
          "sensitive_attributes": [],
          "private": "eyJlMmJmYjczMC1lY2FhLTExZTYtOGY4OC0zNDM2M2JjN2M0YzAiOnsiY3JlYXRlIjozMDAwMDAwMDAwMDAsImRlbGV0ZSI6MzAwMDAwMDAwMDAwLCJ1cGRhdGUiOjEyMDAwMDAwMDAwMH19",
          "dependencies": [
            "module.igw.aws_internet_gateway.igw",
            "module.vpc-app.aws_vpc.vpc_master"
          ]
        }
      ]
    },
    {
      "module": "module.route53-acm",
      "mode": "data",
      "type": "aws_route53_zone",
      "name": "dns",
      "provider": "provider[\"registry.terraform.io/hashicorp/aws\"].region-master",
      "instances": [
        {
          "schema_version": 0,
          "attributes": {
            "arn": "arn:aws:route53:::hostedzone/Z08683181V5KX9FUS2AW9",
            "caller_reference": "RISWorkflow-RD:9004c466-32df-4191-9bfa-f0bcbe829245",
            "comment": "HostedZone created by Route53 Registrar",
            "id": "Z08683181V5KX9FUS2AW9",
            "linked_service_description": null,
            "linked_service_principal": null,
            "name": "khacthienit.click",
            "name_servers": [
              "ns-423.awsdns-52.com",
              "ns-1069.awsdns-05.org",
              "ns-1871.awsdns-41.co.uk",
              "ns-932.awsdns-52.net"
            ],
            "primary_name_server": "ns-423.awsdns-52.com",
            "private_zone": false,
            "resource_record_set_count": 6,
            "tags": {},
            "vpc_id": null,
            "zone_id": "Z08683181V5KX9FUS2AW9"
          },
          "sensitive_attributes": []
        }
      ]
    },
    {
      "module": "module.route53-acm",
      "mode": "managed",
      "type": "aws_acm_certificate",
      "name": "aws-ssl-cert",
      "provider": "provider[\"registry.terraform.io/hashicorp/aws\"].region-master",
      "instances": [
        {
          "schema_version": 0,
          "attributes": {
            "arn": "arn:aws:acm:ap-southeast-1:160885258086:certificate/423d71fb-0cd1-49ad-8eca-efabce12e3a0",
            "certificate_authority_arn": "",
            "certificate_body": null,
            "certificate_chain": null,
            "domain_name": "todoapp-backend.khacthienit.click",
            "domain_validation_options": [
              {
                "domain_name": "todoapp-backend.khacthienit.click",
                "resource_record_name": "_89ee109f387d3b9ff73f26f79f029dcc.todoapp-backend.khacthienit.click.",
                "resource_record_type": "CNAME",
                "resource_record_value": "_24021492675f9a20e8b07d0442b68289.xlfgrmvvlj.acm-validations.aws."
              }
            ],
            "early_renewal_duration": "",
            "id": "arn:aws:acm:ap-southeast-1:160885258086:certificate/423d71fb-0cd1-49ad-8eca-efabce12e3a0",
            "key_algorithm": "RSA_2048",
            "not_after": "",
            "not_before": "",
            "options": [
              {
                "certificate_transparency_logging_preference": "ENABLED"
              }
            ],
            "pending_renewal": false,
            "private_key": null,
            "renewal_eligibility": "INELIGIBLE",
            "renewal_summary": [],
            "status": "PENDING_VALIDATION",
            "subject_alternative_names": [
              "todoapp-backend.khacthienit.click"
            ],
            "tags": {
              "Name": "Webservers-ACM"
            },
            "tags_all": {
              "Name": "Webservers-ACM"
            },
            "type": "AMAZON_ISSUED",
            "validation_emails": [],
            "validation_method": "DNS",
            "validation_option": []
          },
          "sensitive_attributes": [
            [
              {
                "type": "get_attr",
                "value": "private_key"
              }
            ]
          ],
          "private": "bnVsbA==",
          "dependencies": [
            "module.route53-acm.data.aws_route53_zone.dns"
          ]
        }
      ]
    },
    {
      "module": "module.route53-acm",
      "mode": "managed",
      "type": "aws_acm_certificate_validation",
      "name": "cert",
      "provider": "provider[\"registry.terraform.io/hashicorp/aws\"].region-master",
      "instances": [
        {
          "index_key": "todoapp-backend.khacthienit.click",
          "schema_version": 0,
          "attributes": {
            "certificate_arn": "arn:aws:acm:ap-southeast-1:160885258086:certificate/423d71fb-0cd1-49ad-8eca-efabce12e3a0",
            "id": "2025-04-11 17:06:34.248 +0000 UTC",
            "timeouts": null,
            "validation_record_fqdns": [
              "_89ee109f387d3b9ff73f26f79f029dcc.todoapp-backend.khacthienit.click"
            ]
          },
          "sensitive_attributes": [],
          "private": "eyJlMmJmYjczMC1lY2FhLTExZTYtOGY4OC0zNDM2M2JjN2M0YzAiOnsiY3JlYXRlIjo0NTAwMDAwMDAwMDAwfX0=",
          "dependencies": [
            "module.route53-acm.aws_acm_certificate.aws-ssl-cert",
            "module.route53-acm.aws_route53_record.cert_validation",
            "module.route53-acm.data.aws_route53_zone.dns"
          ]
        }
      ]
    },
    {
      "module": "module.route53-acm",
      "mode": "managed",
      "type": "aws_route53_record",
      "name": "app_alias",
      "provider": "provider[\"registry.terraform.io/hashicorp/aws\"].region-master",
      "instances": [
        {
          "schema_version": 2,
          "attributes": {
            "alias": [
              {
                "evaluate_target_health": false,
                "name": "webservers-lb-1198375038.ap-southeast-1.elb.amazonaws.com",
                "zone_id": "Z1LMS91P8CMLE5"
              }
            ],
            "allow_overwrite": null,
            "cidr_routing_policy": [],
            "failover_routing_policy": [],
            "fqdn": "todoapp-backend.khacthienit.click",
            "geolocation_routing_policy": [],
            "geoproximity_routing_policy": [],
            "health_check_id": "",
            "id": "Z08683181V5KX9FUS2AW9_todoapp-backend.khacthienit.click_A",
            "latency_routing_policy": [],
            "multivalue_answer_routing_policy": false,
            "name": "todoapp-backend.khacthienit.click",
            "records": null,
            "set_identifier": "",
            "timeouts": null,
            "ttl": 0,
            "type": "A",
            "weighted_routing_policy": [],
            "zone_id": "Z08683181V5KX9FUS2AW9"
          },
          "sensitive_attributes": [],
          "private": "eyJlMmJmYjczMC1lY2FhLTExZTYtOGY4OC0zNDM2M2JjN2M0YzAiOnsiY3JlYXRlIjoxODAwMDAwMDAwMDAwLCJkZWxldGUiOjE4MDAwMDAwMDAwMDAsInVwZGF0ZSI6MTgwMDAwMDAwMDAwMH0sInNjaGVtYV92ZXJzaW9uIjoiMiJ9",
          "dependencies": [
            "module.lb.aws_lb.application-lb",
            "module.region-az.data.aws_availability_zones.available",
            "module.route53-acm.data.aws_route53_zone.dns",
            "module.sg-lb.aws_security_group.lb-sg",
            "module.subnet_public_1.aws_subnet.subnet_public",
            "module.subnet_public_2.aws_subnet.subnet_public",
            "module.vpc-app.aws_vpc.vpc_master"
          ]
        }
      ]
    },
    {
      "module": "module.route53-acm",
      "mode": "managed",
      "type": "aws_route53_record",
      "name": "cert_validation",
      "provider": "provider[\"registry.terraform.io/hashicorp/aws\"].region-master",
      "instances": [
        {
          "index_key": "todoapp-backend.khacthienit.click",
          "schema_version": 2,
          "attributes": {
            "alias": [],
            "allow_overwrite": null,
            "cidr_routing_policy": [],
            "failover_routing_policy": [],
            "fqdn": "_89ee109f387d3b9ff73f26f79f029dcc.todoapp-backend.khacthienit.click",
            "geolocation_routing_policy": [],
            "geoproximity_routing_policy": [],
            "health_check_id": "",
            "id": "Z08683181V5KX9FUS2AW9__89ee109f387d3b9ff73f26f79f029dcc.todoapp-backend.khacthienit.click._CNAME",
            "latency_routing_policy": [],
            "multivalue_answer_routing_policy": false,
            "name": "_89ee109f387d3b9ff73f26f79f029dcc.todoapp-backend.khacthienit.click",
            "records": [
              "_24021492675f9a20e8b07d0442b68289.xlfgrmvvlj.acm-validations.aws."
            ],
            "set_identifier": "",
            "timeouts": null,
            "ttl": 60,
            "type": "CNAME",
            "weighted_routing_policy": [],
            "zone_id": "Z08683181V5KX9FUS2AW9"
          },
          "sensitive_attributes": [],
          "private": "eyJlMmJmYjczMC1lY2FhLTExZTYtOGY4OC0zNDM2M2JjN2M0YzAiOnsiY3JlYXRlIjoxODAwMDAwMDAwMDAwLCJkZWxldGUiOjE4MDAwMDAwMDAwMDAsInVwZGF0ZSI6MTgwMDAwMDAwMDAwMH0sInNjaGVtYV92ZXJzaW9uIjoiMiJ9",
          "dependencies": [
            "module.route53-acm.aws_acm_certificate.aws-ssl-cert",
            "module.route53-acm.data.aws_route53_zone.dns"
          ]
        }
      ]
    },
    {
      "module": "module.rtb-associate-private-1",
      "mode": "managed",
      "type": "aws_route_table_association",
      "name": "public_a",
      "provider": "provider[\"registry.terraform.io/hashicorp/aws\"].region-master",
      "instances": [
        {
          "schema_version": 0,
          "attributes": {
            "gateway_id": "",
            "id": "rtbassoc-0a368402ed28bb095",
            "route_table_id": "rtb-0e93fc8453414fdd7",
            "subnet_id": "subnet-0413f2155d87f2f52",
            "timeouts": null
          },
          "sensitive_attributes": [],
          "private": "eyJlMmJmYjczMC1lY2FhLTExZTYtOGY4OC0zNDM2M2JjN2M0YzAiOnsiY3JlYXRlIjozMDAwMDAwMDAwMDAsImRlbGV0ZSI6MzAwMDAwMDAwMDAwLCJ1cGRhdGUiOjEyMDAwMDAwMDAwMH19",
          "dependencies": [
            "module.eip_ngw_1.aws_eip.nat_eip_a",
            "module.igw.aws_internet_gateway.igw",
            "module.natgw_az_1.aws_nat_gateway.nat_gw",
            "module.region-az.data.aws_availability_zones.available",
            "module.route-table-natgateway-1.aws_route_table.private_rt_a",
            "module.subnet_private_1.aws_subnet.subnet_public",
            "module.subnet_public_1.aws_subnet.subnet_public",
            "module.vpc-app.aws_vpc.vpc_master"
          ]
        }
      ]
    },
    {
      "module": "module.rtb-associate-private-2",
      "mode": "managed",
      "type": "aws_route_table_association",
      "name": "public_a",
      "provider": "provider[\"registry.terraform.io/hashicorp/aws\"].region-master",
      "instances": [
        {
          "schema_version": 0,
          "attributes": {
            "gateway_id": "",
            "id": "rtbassoc-0cd76482ab82d22ab",
            "route_table_id": "rtb-095f94ab4a81ca32c",
            "subnet_id": "subnet-072ade009d734ca22",
            "timeouts": null
          },
          "sensitive_attributes": [],
          "private": "eyJlMmJmYjczMC1lY2FhLTExZTYtOGY4OC0zNDM2M2JjN2M0YzAiOnsiY3JlYXRlIjozMDAwMDAwMDAwMDAsImRlbGV0ZSI6MzAwMDAwMDAwMDAwLCJ1cGRhdGUiOjEyMDAwMDAwMDAwMH19",
          "dependencies": [
            "module.eip_ngw_2.aws_eip.nat_eip_a",
            "module.igw.aws_internet_gateway.igw",
            "module.natgw_az_2.aws_nat_gateway.nat_gw",
            "module.region-az.data.aws_availability_zones.available",
            "module.route-table-natgateway-2.aws_route_table.private_rt_a",
            "module.subnet_private_2.aws_subnet.subnet_public",
            "module.subnet_public_2.aws_subnet.subnet_public",
            "module.vpc-app.aws_vpc.vpc_master"
          ]
        }
      ]
    },
    {
      "module": "module.rtb-associate-private-3",
      "mode": "managed",
      "type": "aws_route_table_association",
      "name": "public_a",
      "provider": "provider[\"registry.terraform.io/hashicorp/aws\"].region-master",
      "instances": [
        {
          "schema_version": 0,
          "attributes": {
            "gateway_id": "",
            "id": "rtbassoc-0e14d2c082f6edeb6",
            "route_table_id": "rtb-0e93fc8453414fdd7",
            "subnet_id": "subnet-0bf006d3f74ae95c6",
            "timeouts": null
          },
          "sensitive_attributes": [],
          "private": "eyJlMmJmYjczMC1lY2FhLTExZTYtOGY4OC0zNDM2M2JjN2M0YzAiOnsiY3JlYXRlIjozMDAwMDAwMDAwMDAsImRlbGV0ZSI6MzAwMDAwMDAwMDAwLCJ1cGRhdGUiOjEyMDAwMDAwMDAwMH19",
          "dependencies": [
            "module.eip_ngw_1.aws_eip.nat_eip_a",
            "module.igw.aws_internet_gateway.igw",
            "module.natgw_az_1.aws_nat_gateway.nat_gw",
            "module.region-az.data.aws_availability_zones.available",
            "module.route-table-natgateway-1.aws_route_table.private_rt_a",
            "module.subnet_private_3.aws_subnet.subnet_public",
            "module.subnet_public_1.aws_subnet.subnet_public",
            "module.vpc-app.aws_vpc.vpc_master"
          ]
        }
      ]
    },
    {
      "module": "module.rtb-associate-private-4",
      "mode": "managed",
      "type": "aws_route_table_association",
      "name": "public_a",
      "provider": "provider[\"registry.terraform.io/hashicorp/aws\"].region-master",
      "instances": [
        {
          "schema_version": 0,
          "attributes": {
            "gateway_id": "",
            "id": "rtbassoc-07de5bd616006a556",
            "route_table_id": "rtb-095f94ab4a81ca32c",
            "subnet_id": "subnet-04815b1b32aaf3ad7",
            "timeouts": null
          },
          "sensitive_attributes": [],
          "private": "eyJlMmJmYjczMC1lY2FhLTExZTYtOGY4OC0zNDM2M2JjN2M0YzAiOnsiY3JlYXRlIjozMDAwMDAwMDAwMDAsImRlbGV0ZSI6MzAwMDAwMDAwMDAwLCJ1cGRhdGUiOjEyMDAwMDAwMDAwMH19",
          "dependencies": [
            "module.eip_ngw_2.aws_eip.nat_eip_a",
            "module.igw.aws_internet_gateway.igw",
            "module.natgw_az_2.aws_nat_gateway.nat_gw",
            "module.region-az.data.aws_availability_zones.available",
            "module.route-table-natgateway-2.aws_route_table.private_rt_a",
            "module.subnet_private_4.aws_subnet.subnet_public",
            "module.subnet_public_2.aws_subnet.subnet_public",
            "module.vpc-app.aws_vpc.vpc_master"
          ]
        }
      ]
    },
    {
      "module": "module.rtb-associate-public-1",
      "mode": "managed",
      "type": "aws_route_table_association",
      "name": "public_a",
      "provider": "provider[\"registry.terraform.io/hashicorp/aws\"].region-master",
      "instances": [
        {
          "schema_version": 0,
          "attributes": {
            "gateway_id": "",
            "id": "rtbassoc-06c14c7cb017fdaeb",
            "route_table_id": "rtb-0338f9024059a2863",
            "subnet_id": "subnet-0f6db4b990acf80ba",
            "timeouts": null
          },
          "sensitive_attributes": [],
          "private": "eyJlMmJmYjczMC1lY2FhLTExZTYtOGY4OC0zNDM2M2JjN2M0YzAiOnsiY3JlYXRlIjozMDAwMDAwMDAwMDAsImRlbGV0ZSI6MzAwMDAwMDAwMDAwLCJ1cGRhdGUiOjEyMDAwMDAwMDAwMH19",
          "dependencies": [
            "module.igw.aws_internet_gateway.igw",
            "module.region-az.data.aws_availability_zones.available",
            "module.route-table-public.aws_route_table.route-table",
            "module.subnet_public_1.aws_subnet.subnet_public",
            "module.vpc-app.aws_vpc.vpc_master"
          ]
        }
      ]
    },
    {
      "module": "module.rtb-associate-public-2",
      "mode": "managed",
      "type": "aws_route_table_association",
      "name": "public_a",
      "provider": "provider[\"registry.terraform.io/hashicorp/aws\"].region-master",
      "instances": [
        {
          "schema_version": 0,
          "attributes": {
            "gateway_id": "",
            "id": "rtbassoc-058da66e0eb99cd83",
            "route_table_id": "rtb-0338f9024059a2863",
            "subnet_id": "subnet-0b10572ab85ded85c",
            "timeouts": null
          },
          "sensitive_attributes": [],
          "private": "eyJlMmJmYjczMC1lY2FhLTExZTYtOGY4OC0zNDM2M2JjN2M0YzAiOnsiY3JlYXRlIjozMDAwMDAwMDAwMDAsImRlbGV0ZSI6MzAwMDAwMDAwMDAwLCJ1cGRhdGUiOjEyMDAwMDAwMDAwMH19",
          "dependencies": [
            "module.igw.aws_internet_gateway.igw",
            "module.region-az.data.aws_availability_zones.available",
            "module.route-table-public.aws_route_table.route-table",
            "module.subnet_public_2.aws_subnet.subnet_public",
            "module.vpc-app.aws_vpc.vpc_master"
          ]
        }
      ]
    },
    {
      "module": "module.s3-todo-cb-cd",
      "mode": "managed",
      "type": "aws_s3_bucket",
      "name": "build_artifacts",
      "provider": "provider[\"registry.terraform.io/hashicorp/aws\"].region-master",
      "instances": [
        {
          "schema_version": 0,
          "attributes": {
            "acceleration_status": "",
            "acl": null,
            "arn": "arn:aws:s3:::taskapp-cb-cd-cp",
            "bucket": "taskapp-cb-cd-cp",
            "bucket_domain_name": "taskapp-cb-cd-cp.s3.amazonaws.com",
            "bucket_prefix": "",
            "bucket_regional_domain_name": "taskapp-cb-cd-cp.s3.ap-southeast-1.amazonaws.com",
            "cors_rule": [],
            "force_destroy": true,
            "grant": [
              {
                "id": "3e5de21362c2bbee41ff909bb0d721f59565f7b9f709ab3ebe5ced303fd02e24",
                "permissions": [
                  "FULL_CONTROL"
                ],
                "type": "CanonicalUser",
                "uri": ""
              }
            ],
            "hosted_zone_id": "Z3O0J2DXBE1FTB",
            "id": "taskapp-cb-cd-cp",
            "lifecycle_rule": [],
            "logging": [],
            "object_lock_configuration": [],
            "object_lock_enabled": false,
            "policy": "",
            "region": "ap-southeast-1",
            "replication_configuration": [],
            "request_payer": "BucketOwner",
            "server_side_encryption_configuration": [
              {
                "rule": [
                  {
                    "apply_server_side_encryption_by_default": [
                      {
                        "kms_master_key_id": "",
                        "sse_algorithm": "AES256"
                      }
                    ],
                    "bucket_key_enabled": false
                  }
                ]
              }
            ],
            "tags": null,
            "tags_all": {},
            "timeouts": null,
            "versioning": [
              {
                "enabled": false,
                "mfa_delete": false
              }
            ],
            "website": [],
            "website_domain": null,
            "website_endpoint": null
          },
          "sensitive_attributes": [],
          "private": "eyJlMmJmYjczMC1lY2FhLTExZTYtOGY4OC0zNDM2M2JjN2M0YzAiOnsiY3JlYXRlIjoxMjAwMDAwMDAwMDAwLCJkZWxldGUiOjM2MDAwMDAwMDAwMDAsInJlYWQiOjEyMDAwMDAwMDAwMDAsInVwZGF0ZSI6MTIwMDAwMDAwMDAwMH19"
        }
      ]
    },
    {
      "module": "module.set-master-default-router-associate",
      "mode": "managed",
      "type": "aws_main_route_table_association",
      "name": "set-master-default-router-associate",
      "provider": "provider[\"registry.terraform.io/hashicorp/aws\"].region-master",
      "instances": [
        {
          "schema_version": 0,
          "attributes": {
            "id": "rtbassoc-0c7a210a10a6f3489",
            "original_route_table_id": "rtb-074a9b61361735520",
            "route_table_id": "rtb-0338f9024059a2863",
            "timeouts": null,
            "vpc_id": "vpc-0e04611ab8c2db8a3"
          },
          "sensitive_attributes": [],
          "private": "eyJlMmJmYjczMC1lY2FhLTExZTYtOGY4OC0zNDM2M2JjN2M0YzAiOnsiY3JlYXRlIjozMDAwMDAwMDAwMDAsImRlbGV0ZSI6MzAwMDAwMDAwMDAwLCJ1cGRhdGUiOjEyMDAwMDAwMDAwMH19",
          "dependencies": [
            "module.igw.aws_internet_gateway.igw",
            "module.route-table-public.aws_route_table.route-table",
            "module.vpc-app.aws_vpc.vpc_master"
          ]
        }
      ]
    },
    {
      "module": "module.sg-db-rds",
      "mode": "managed",
      "type": "aws_security_group",
      "name": "rds_sg",
      "provider": "provider[\"registry.terraform.io/hashicorp/aws\"].region-master",
      "instances": [
        {
          "schema_version": 1,
          "attributes": {
            "arn": "arn:aws:ec2:ap-southeast-1:160885258086:security-group/sg-02b94012129d0d044",
            "description": "Allow rds access",
            "egress": [
              {
                "cidr_blocks": [
                  "10.0.0.0/16"
                ],
                "description": "",
                "from_port": 0,
                "ipv6_cidr_blocks": [],
                "prefix_list_ids": [],
                "protocol": "-1",
                "security_groups": [],
                "self": false,
                "to_port": 0
              }
            ],
            "id": "sg-02b94012129d0d044",
            "ingress": [
              {
                "cidr_blocks": [
                  "10.0.0.0/16"
                ],
                "description": "",
                "from_port": 3306,
                "ipv6_cidr_blocks": [],
                "prefix_list_ids": [],
                "protocol": "tcp",
                "security_groups": [],
                "self": false,
                "to_port": 3306
              }
            ],
            "name": "rds-mysql-sg",
            "name_prefix": "",
            "owner_id": "160885258086",
            "revoke_rules_on_delete": false,
            "tags": {
              "Name": "db-sg"
            },
            "tags_all": {
              "Name": "db-sg"
            },
            "timeouts": null,
            "vpc_id": "vpc-0e04611ab8c2db8a3"
          },
          "sensitive_attributes": [],
          "private": "eyJlMmJmYjczMC1lY2FhLTExZTYtOGY4OC0zNDM2M2JjN2M0YzAiOnsiY3JlYXRlIjo2MDAwMDAwMDAwMDAsImRlbGV0ZSI6OTAwMDAwMDAwMDAwfSwic2NoZW1hX3ZlcnNpb24iOiIxIn0=",
          "dependencies": [
            "module.vpc-app.aws_vpc.vpc_master"
          ]
        }
      ]
    },
    {
      "module": "module.sg-lb",
      "mode": "managed",
      "type": "aws_security_group",
      "name": "lb-sg",
      "provider": "provider[\"registry.terraform.io/hashicorp/aws\"].region-master",
      "instances": [
        {
          "schema_version": 1,
          "attributes": {
            "arn": "arn:aws:ec2:ap-southeast-1:160885258086:security-group/sg-0b6ac0efdc367550d",
            "description": "Managed by Terraform",
            "egress": [
              {
                "cidr_blocks": [
                  "0.0.0.0/0"
                ],
                "description": "",
                "from_port": 0,
                "ipv6_cidr_blocks": [],
                "prefix_list_ids": [],
                "protocol": "-1",
                "security_groups": [],
                "self": false,
                "to_port": 0
              },
              {
                "cidr_blocks": [
                  "0.0.0.0/0"
                ],
                "description": "",
                "from_port": 443,
                "ipv6_cidr_blocks": [],
                "prefix_list_ids": [],
                "protocol": "tcp",
                "security_groups": [],
                "self": false,
                "to_port": 443
              },
              {
                "cidr_blocks": [
                  "0.0.0.0/0"
                ],
                "description": "",
                "from_port": 80,
                "ipv6_cidr_blocks": [],
                "prefix_list_ids": [],
                "protocol": "tcp",
                "security_groups": [],
                "self": false,
                "to_port": 80
              }
            ],
            "id": "sg-0b6ac0efdc367550d",
            "ingress": [
              {
                "cidr_blocks": [
                  "0.0.0.0/0"
                ],
                "description": "Allow 443 from anywhere",
                "from_port": 443,
                "ipv6_cidr_blocks": [],
                "prefix_list_ids": [],
                "protocol": "tcp",
                "security_groups": [],
                "self": false,
                "to_port": 443
              },
              {
                "cidr_blocks": [
                  "0.0.0.0/0"
                ],
                "description": "Allow 80 from anywhere for redirection",
                "from_port": 5000,
                "ipv6_cidr_blocks": [],
                "prefix_list_ids": [],
                "protocol": "tcp",
                "security_groups": [],
                "self": false,
                "to_port": 5000
              },
              {
                "cidr_blocks": [
                  "0.0.0.0/0"
                ],
                "description": "Allow 80 from anywhere for redirection",
                "from_port": 80,
                "ipv6_cidr_blocks": [],
                "prefix_list_ids": [],
                "protocol": "tcp",
                "security_groups": [],
                "self": false,
                "to_port": 80
              }
            ],
            "name": "lb-sg",
            "name_prefix": "",
            "owner_id": "160885258086",
            "revoke_rules_on_delete": false,
            "tags": null,
            "tags_all": {},
            "timeouts": null,
            "vpc_id": "vpc-0e04611ab8c2db8a3"
          },
          "sensitive_attributes": [],
          "private": "eyJlMmJmYjczMC1lY2FhLTExZTYtOGY4OC0zNDM2M2JjN2M0YzAiOnsiY3JlYXRlIjo2MDAwMDAwMDAwMDAsImRlbGV0ZSI6OTAwMDAwMDAwMDAwfSwic2NoZW1hX3ZlcnNpb24iOiIxIn0=",
          "dependencies": [
            "module.vpc-app.aws_vpc.vpc_master"
          ]
        }
      ]
    },
    {
      "module": "module.sg_app",
      "mode": "managed",
      "type": "aws_security_group",
      "name": "nodejs_app_sg",
      "provider": "provider[\"registry.terraform.io/hashicorp/aws\"].region-master",
      "instances": [
        {
          "schema_version": 1,
          "attributes": {
            "arn": "arn:aws:ec2:ap-southeast-1:160885258086:security-group/sg-045351e945d6abf71",
            "description": "Security group for Node.js app",
            "egress": [
              {
                "cidr_blocks": [
                  "0.0.0.0/0"
                ],
                "description": "",
                "from_port": 0,
                "ipv6_cidr_blocks": [],
                "prefix_list_ids": [],
                "protocol": "-1",
                "security_groups": [],
                "self": false,
                "to_port": 0
              }
            ],
            "id": "sg-045351e945d6abf71",
            "ingress": [
              {
                "cidr_blocks": [
                  "10.0.0.0/16"
                ],
                "description": "",
                "from_port": 22,
                "ipv6_cidr_blocks": [],
                "prefix_list_ids": [],
                "protocol": "tcp",
                "security_groups": [],
                "self": false,
                "to_port": 22
              },
              {
                "cidr_blocks": [
                  "10.0.0.0/16"
                ],
                "description": "",
                "from_port": 5000,
                "ipv6_cidr_blocks": [],
                "prefix_list_ids": [],
                "protocol": "tcp",
                "security_groups": [],
                "self": false,
                "to_port": 5000
              }
            ],
            "name": "nodejs-app-sg",
            "name_prefix": "",
            "owner_id": "160885258086",
            "revoke_rules_on_delete": false,
            "tags": {
              "Name": "nodejs-app-sg"
            },
            "tags_all": {
              "Name": "nodejs-app-sg"
            },
            "timeouts": null,
            "vpc_id": "vpc-0e04611ab8c2db8a3"
          },
          "sensitive_attributes": [],
          "private": "eyJlMmJmYjczMC1lY2FhLTExZTYtOGY4OC0zNDM2M2JjN2M0YzAiOnsiY3JlYXRlIjo2MDAwMDAwMDAwMDAsImRlbGV0ZSI6OTAwMDAwMDAwMDAwfSwic2NoZW1hX3ZlcnNpb24iOiIxIn0=",
          "dependencies": [
            "module.vpc-app.aws_vpc.vpc_master"
          ]
        }
      ]
    },
    {
      "module": "module.sg_bastion",
      "mode": "managed",
      "type": "aws_security_group",
      "name": "bastion_host_sg",
      "provider": "provider[\"registry.terraform.io/hashicorp/aws\"].region-master",
      "instances": [
        {
          "schema_version": 1,
          "attributes": {
            "arn": "arn:aws:ec2:ap-southeast-1:160885258086:security-group/sg-085d9ca2662a5b8bd",
            "description": "Security group for Bastion host",
            "egress": [
              {
                "cidr_blocks": [
                  "0.0.0.0/0"
                ],
                "description": "",
                "from_port": 0,
                "ipv6_cidr_blocks": [],
                "prefix_list_ids": [],
                "protocol": "-1",
                "security_groups": [],
                "self": false,
                "to_port": 0
              }
            ],
            "id": "sg-085d9ca2662a5b8bd",
            "ingress": [
              {
                "cidr_blocks": [
                  "0.0.0.0/0"
                ],
                "description": "",
                "from_port": 22,
                "ipv6_cidr_blocks": [],
                "prefix_list_ids": [],
                "protocol": "tcp",
                "security_groups": [],
                "self": false,
                "to_port": 22
              },
              {
                "cidr_blocks": [
                  "0.0.0.0/0"
                ],
                "description": "",
                "from_port": 443,
                "ipv6_cidr_blocks": [],
                "prefix_list_ids": [],
                "protocol": "tcp",
                "security_groups": [],
                "self": false,
                "to_port": 443
              },
              {
                "cidr_blocks": [
                  "0.0.0.0/0"
                ],
                "description": "",
                "from_port": 80,
                "ipv6_cidr_blocks": [],
                "prefix_list_ids": [],
                "protocol": "tcp",
                "security_groups": [],
                "self": false,
                "to_port": 80
              }
            ],
            "name": "bastion-host-sg",
            "name_prefix": "",
            "owner_id": "160885258086",
            "revoke_rules_on_delete": false,
            "tags": {
              "Name": "bastion-host-sg"
            },
            "tags_all": {
              "Name": "bastion-host-sg"
            },
            "timeouts": null,
            "vpc_id": "vpc-0e04611ab8c2db8a3"
          },
          "sensitive_attributes": [],
          "private": "eyJlMmJmYjczMC1lY2FhLTExZTYtOGY4OC0zNDM2M2JjN2M0YzAiOnsiY3JlYXRlIjo2MDAwMDAwMDAwMDAsImRlbGV0ZSI6OTAwMDAwMDAwMDAwfSwic2NoZW1hX3ZlcnNpb24iOiIxIn0=",
          "dependencies": [
            "module.vpc-app.aws_vpc.vpc_master"
          ]
        }
      ]
    },
    {
      "module": "module.subnet_private_1",
      "mode": "managed",
      "type": "aws_subnet",
      "name": "subnet_public",
      "provider": "provider[\"registry.terraform.io/hashicorp/aws\"].region-master",
      "instances": [
        {
          "schema_version": 1,
          "attributes": {
            "arn": "arn:aws:ec2:ap-southeast-1:160885258086:subnet/subnet-0413f2155d87f2f52",
            "assign_ipv6_address_on_creation": false,
            "availability_zone": "ap-southeast-1a",
            "availability_zone_id": "apse1-az2",
            "cidr_block": "10.0.2.0/24",
            "customer_owned_ipv4_pool": "",
            "enable_dns64": false,
            "enable_lni_at_device_index": 0,
            "enable_resource_name_dns_a_record_on_launch": false,
            "enable_resource_name_dns_aaaa_record_on_launch": false,
            "id": "subnet-0413f2155d87f2f52",
            "ipv6_cidr_block": "",
            "ipv6_cidr_block_association_id": "",
            "ipv6_native": false,
            "map_customer_owned_ip_on_launch": false,
            "map_public_ip_on_launch": false,
            "outpost_arn": "",
            "owner_id": "160885258086",
            "private_dns_hostname_type_on_launch": "ip-name",
            "tags": {
              "Name": "private-subnet-az-1"
            },
            "tags_all": {
              "Name": "private-subnet-az-1"
            },
            "timeouts": null,
            "vpc_id": "vpc-0e04611ab8c2db8a3"
          },
          "sensitive_attributes": [],
          "private": "eyJlMmJmYjczMC1lY2FhLTExZTYtOGY4OC0zNDM2M2JjN2M0YzAiOnsiY3JlYXRlIjo2MDAwMDAwMDAwMDAsImRlbGV0ZSI6MTIwMDAwMDAwMDAwMH0sInNjaGVtYV92ZXJzaW9uIjoiMSJ9",
          "dependencies": [
            "module.region-az.data.aws_availability_zones.available",
            "module.vpc-app.aws_vpc.vpc_master"
          ]
        }
      ]
    },
    {
      "module": "module.subnet_private_2",
      "mode": "managed",
      "type": "aws_subnet",
      "name": "subnet_public",
      "provider": "provider[\"registry.terraform.io/hashicorp/aws\"].region-master",
      "instances": [
        {
          "schema_version": 1,
          "attributes": {
            "arn": "arn:aws:ec2:ap-southeast-1:160885258086:subnet/subnet-072ade009d734ca22",
            "assign_ipv6_address_on_creation": false,
            "availability_zone": "ap-southeast-1b",
            "availability_zone_id": "apse1-az1",
            "cidr_block": "10.0.3.0/24",
            "customer_owned_ipv4_pool": "",
            "enable_dns64": false,
            "enable_lni_at_device_index": 0,
            "enable_resource_name_dns_a_record_on_launch": false,
            "enable_resource_name_dns_aaaa_record_on_launch": false,
            "id": "subnet-072ade009d734ca22",
            "ipv6_cidr_block": "",
            "ipv6_cidr_block_association_id": "",
            "ipv6_native": false,
            "map_customer_owned_ip_on_launch": false,
            "map_public_ip_on_launch": false,
            "outpost_arn": "",
            "owner_id": "160885258086",
            "private_dns_hostname_type_on_launch": "ip-name",
            "tags": {
              "Name": "private-subnet-az-1"
            },
            "tags_all": {
              "Name": "private-subnet-az-1"
            },
            "timeouts": null,
            "vpc_id": "vpc-0e04611ab8c2db8a3"
          },
          "sensitive_attributes": [],
          "private": "eyJlMmJmYjczMC1lY2FhLTExZTYtOGY4OC0zNDM2M2JjN2M0YzAiOnsiY3JlYXRlIjo2MDAwMDAwMDAwMDAsImRlbGV0ZSI6MTIwMDAwMDAwMDAwMH0sInNjaGVtYV92ZXJzaW9uIjoiMSJ9",
          "dependencies": [
            "module.region-az.data.aws_availability_zones.available",
            "module.vpc-app.aws_vpc.vpc_master"
          ]
        }
      ]
    },
    {
      "module": "module.subnet_private_3",
      "mode": "managed",
      "type": "aws_subnet",
      "name": "subnet_public",
      "provider": "provider[\"registry.terraform.io/hashicorp/aws\"].region-master",
      "instances": [
        {
          "schema_version": 1,
          "attributes": {
            "arn": "arn:aws:ec2:ap-southeast-1:160885258086:subnet/subnet-0bf006d3f74ae95c6",
            "assign_ipv6_address_on_creation": false,
            "availability_zone": "ap-southeast-1a",
            "availability_zone_id": "apse1-az2",
            "cidr_block": "10.0.4.0/24",
            "customer_owned_ipv4_pool": "",
            "enable_dns64": false,
            "enable_lni_at_device_index": 0,
            "enable_resource_name_dns_a_record_on_launch": false,
            "enable_resource_name_dns_aaaa_record_on_launch": false,
            "id": "subnet-0bf006d3f74ae95c6",
            "ipv6_cidr_block": "",
            "ipv6_cidr_block_association_id": "",
            "ipv6_native": false,
            "map_customer_owned_ip_on_launch": false,
            "map_public_ip_on_launch": false,
            "outpost_arn": "",
            "owner_id": "160885258086",
            "private_dns_hostname_type_on_launch": "ip-name",
            "tags": {
              "Name": "private-subnet-az-1"
            },
            "tags_all": {
              "Name": "private-subnet-az-1"
            },
            "timeouts": null,
            "vpc_id": "vpc-0e04611ab8c2db8a3"
          },
          "sensitive_attributes": [],
          "private": "eyJlMmJmYjczMC1lY2FhLTExZTYtOGY4OC0zNDM2M2JjN2M0YzAiOnsiY3JlYXRlIjo2MDAwMDAwMDAwMDAsImRlbGV0ZSI6MTIwMDAwMDAwMDAwMH0sInNjaGVtYV92ZXJzaW9uIjoiMSJ9",
          "dependencies": [
            "module.region-az.data.aws_availability_zones.available",
            "module.vpc-app.aws_vpc.vpc_master"
          ]
        }
      ]
    },
    {
      "module": "module.subnet_private_4",
      "mode": "managed",
      "type": "aws_subnet",
      "name": "subnet_public",
      "provider": "provider[\"registry.terraform.io/hashicorp/aws\"].region-master",
      "instances": [
        {
          "schema_version": 1,
          "attributes": {
            "arn": "arn:aws:ec2:ap-southeast-1:160885258086:subnet/subnet-04815b1b32aaf3ad7",
            "assign_ipv6_address_on_creation": false,
            "availability_zone": "ap-southeast-1b",
            "availability_zone_id": "apse1-az1",
            "cidr_block": "10.0.5.0/24",
            "customer_owned_ipv4_pool": "",
            "enable_dns64": false,
            "enable_lni_at_device_index": 0,
            "enable_resource_name_dns_a_record_on_launch": false,
            "enable_resource_name_dns_aaaa_record_on_launch": false,
            "id": "subnet-04815b1b32aaf3ad7",
            "ipv6_cidr_block": "",
            "ipv6_cidr_block_association_id": "",
            "ipv6_native": false,
            "map_customer_owned_ip_on_launch": false,
            "map_public_ip_on_launch": false,
            "outpost_arn": "",
            "owner_id": "160885258086",
            "private_dns_hostname_type_on_launch": "ip-name",
            "tags": {
              "Name": "private-subnet-az-1"
            },
            "tags_all": {
              "Name": "private-subnet-az-1"
            },
            "timeouts": null,
            "vpc_id": "vpc-0e04611ab8c2db8a3"
          },
          "sensitive_attributes": [],
          "private": "eyJlMmJmYjczMC1lY2FhLTExZTYtOGY4OC0zNDM2M2JjN2M0YzAiOnsiY3JlYXRlIjo2MDAwMDAwMDAwMDAsImRlbGV0ZSI6MTIwMDAwMDAwMDAwMH0sInNjaGVtYV92ZXJzaW9uIjoiMSJ9",
          "dependencies": [
            "module.region-az.data.aws_availability_zones.available",
            "module.vpc-app.aws_vpc.vpc_master"
          ]
        }
      ]
    },
    {
      "module": "module.subnet_public_1",
      "mode": "managed",
      "type": "aws_subnet",
      "name": "subnet_public",
      "provider": "provider[\"registry.terraform.io/hashicorp/aws\"].region-master",
      "instances": [
        {
          "schema_version": 1,
          "attributes": {
            "arn": "arn:aws:ec2:ap-southeast-1:160885258086:subnet/subnet-0f6db4b990acf80ba",
            "assign_ipv6_address_on_creation": false,
            "availability_zone": "ap-southeast-1a",
            "availability_zone_id": "apse1-az2",
            "cidr_block": "10.0.0.0/24",
            "customer_owned_ipv4_pool": "",
            "enable_dns64": false,
            "enable_lni_at_device_index": 0,
            "enable_resource_name_dns_a_record_on_launch": false,
            "enable_resource_name_dns_aaaa_record_on_launch": false,
            "id": "subnet-0f6db4b990acf80ba",
            "ipv6_cidr_block": "",
            "ipv6_cidr_block_association_id": "",
            "ipv6_native": false,
            "map_customer_owned_ip_on_launch": false,
            "map_public_ip_on_launch": false,
            "outpost_arn": "",
            "owner_id": "160885258086",
            "private_dns_hostname_type_on_launch": "ip-name",
            "tags": {
              "Name": "public-subnet-az-1"
            },
            "tags_all": {
              "Name": "public-subnet-az-1"
            },
            "timeouts": null,
            "vpc_id": "vpc-0e04611ab8c2db8a3"
          },
          "sensitive_attributes": [],
          "private": "eyJlMmJmYjczMC1lY2FhLTExZTYtOGY4OC0zNDM2M2JjN2M0YzAiOnsiY3JlYXRlIjo2MDAwMDAwMDAwMDAsImRlbGV0ZSI6MTIwMDAwMDAwMDAwMH0sInNjaGVtYV92ZXJzaW9uIjoiMSJ9",
          "dependencies": [
            "module.region-az.data.aws_availability_zones.available",
            "module.vpc-app.aws_vpc.vpc_master"
          ]
        }
      ]
    },
    {
      "module": "module.subnet_public_2",
      "mode": "managed",
      "type": "aws_subnet",
      "name": "subnet_public",
      "provider": "provider[\"registry.terraform.io/hashicorp/aws\"].region-master",
      "instances": [
        {
          "schema_version": 1,
          "attributes": {
            "arn": "arn:aws:ec2:ap-southeast-1:160885258086:subnet/subnet-0b10572ab85ded85c",
            "assign_ipv6_address_on_creation": false,
            "availability_zone": "ap-southeast-1b",
            "availability_zone_id": "apse1-az1",
            "cidr_block": "10.0.1.0/24",
            "customer_owned_ipv4_pool": "",
            "enable_dns64": false,
            "enable_lni_at_device_index": 0,
            "enable_resource_name_dns_a_record_on_launch": false,
            "enable_resource_name_dns_aaaa_record_on_launch": false,
            "id": "subnet-0b10572ab85ded85c",
            "ipv6_cidr_block": "",
            "ipv6_cidr_block_association_id": "",
            "ipv6_native": false,
            "map_customer_owned_ip_on_launch": false,
            "map_public_ip_on_launch": false,
            "outpost_arn": "",
            "owner_id": "160885258086",
            "private_dns_hostname_type_on_launch": "ip-name",
            "tags": {
              "Name": "public-subnet-az-2"
            },
            "tags_all": {
              "Name": "public-subnet-az-2"
            },
            "timeouts": null,
            "vpc_id": "vpc-0e04611ab8c2db8a3"
          },
          "sensitive_attributes": [],
          "private": "eyJlMmJmYjczMC1lY2FhLTExZTYtOGY4OC0zNDM2M2JjN2M0YzAiOnsiY3JlYXRlIjo2MDAwMDAwMDAwMDAsImRlbGV0ZSI6MTIwMDAwMDAwMDAwMH0sInNjaGVtYV92ZXJzaW9uIjoiMSJ9",
          "dependencies": [
            "module.region-az.data.aws_availability_zones.available",
            "module.vpc-app.aws_vpc.vpc_master"
          ]
        }
      ]
    },
    {
      "module": "module.vpc-app",
      "mode": "managed",
      "type": "aws_vpc",
      "name": "vpc_master",
      "provider": "provider[\"registry.terraform.io/hashicorp/aws\"].region-master",
      "instances": [
        {
          "schema_version": 1,
          "attributes": {
            "arn": "arn:aws:ec2:ap-southeast-1:160885258086:vpc/vpc-0e04611ab8c2db8a3",
            "assign_generated_ipv6_cidr_block": false,
            "cidr_block": "10.0.0.0/16",
            "default_network_acl_id": "acl-077f8b413366f7e6e",
            "default_route_table_id": "rtb-074a9b61361735520",
            "default_security_group_id": "sg-05a21e945fabea858",
            "dhcp_options_id": "dopt-01767abecb0dde5c1",
            "enable_dns_hostnames": true,
            "enable_dns_support": true,
            "enable_network_address_usage_metrics": false,
            "id": "vpc-0e04611ab8c2db8a3",
            "instance_tenancy": "default",
            "ipv4_ipam_pool_id": null,
            "ipv4_netmask_length": null,
            "ipv6_association_id": "",
            "ipv6_cidr_block": "",
            "ipv6_cidr_block_network_border_group": "",
            "ipv6_ipam_pool_id": "",
            "ipv6_netmask_length": 0,
            "main_route_table_id": "rtb-074a9b61361735520",
            "owner_id": "160885258086",
            "tags": {
              "Name": "lab01-vpc"
            },
            "tags_all": {
              "Name": "lab01-vpc"
            }
          },
          "sensitive_attributes": [],
          "private": "eyJzY2hlbWFfdmVyc2lvbiI6IjEifQ=="
        }
      ]
    }
  ],
  "check_results": null
}
